{"argv":["/home/evidence-user/.rustup/toolchains/1.97.1-x86_64-unknown-linux-gnu/bin/rustc","--crate-name","httpdate","--edition=2021","/home/evidence-user/.local/state/evidence-campaign-20261002/receipts/manager/package-identity-979/current-source-011a7709-preparation/prepared-current-source/package/vendor/httpdate-1.0.3/src/lib.rs","--error-format=json","--json=diagnostic-rendered-ansi,artifacts,future-incompat","--crate-type","lib","--emit=dep-info,metadata,link","-C","opt-level=3","-C","embed-bitcode=no","--check-cfg","cfg(docsrs,test)","--check-cfg","cfg(feature, values())","-C","metadata=f624d7383ae69ae7","-C","extra-filename=-846f7e60f3ae1cd4","--out-dir","/home/evidence-user/.local/state/evidence-campaign-20261002/receipts/manager/package-identity-979/current-source-011a7709-preparation/prepared-current-source/final-target/release/deps","-C","strip=debuginfo","-L","dependency=/home/evidence-user/.local/state/evidence-campaign-20261002/receipts/manager/package-identity-979/current-source-011a7709-preparation/prepared-current-source/final-target/release/deps","--cap-lints","allow"],"attempt":"58b8329842764d4cf97b173c2a981978","capsule":"6ed1c73bb233f465150939b36d06bdf750c3bb5e3011bdaee780491f16252abd","compiler_unit":"85b91ea5e5cf07d4c40745d444649e5d8d2e894abc5e9a39bbdd78b7d47aa4f6","input_seal":"0969952082d12b700f69cb89dcb3df6cb8bc79b36518e9509eb0bbbfbc89312c","package":"httpdate@1.0.3:registry+https://github.com/rust-lang/crates.io-index","process":{"cmdline_sha256":"d930ad1e1b2d69d899c00bc459888b3bbb07e8851862cc7eb603d4e8922ceec8","pid":825575,"start":"87566657"},"products":["/home/evidence-user/.local/state/evidence-campaign-20261002/receipts/manager/package-identity-979/current-source-011a7709-preparation/prepared-current-source/final-target/release/deps/libhttpdate-846f7e60f3ae1cd4.rlib","/home/evidence-user/.local/state/evidence-campaign-20261002/receipts/manager/package-identity-979/current-source-011a7709-preparation/prepared-current-source/final-target/release/deps/libhttpdate-846f7e60f3ae1cd4.rmeta"],"role":"8748ac83f56dd830ddc7f79f778bc8407e95ccc99f2b1091fdbbd6ee0b493cc9","schema":"memra-active-producer-v1","seal":"2448df8b60aced7041cd880db32143059fe8771231039e14f55160ad8985956e"}
