{"argv":["/home/evidence-user/.rustup/toolchains/1.97.1-x86_64-unknown-linux-gnu/bin/rustc","--crate-name","equivalent","--edition=2015","/home/evidence-user/.local/state/evidence-campaign-20261002/receipts/manager/package-identity-979/current-source-011a7709-preparation/prepared-current-source/package/vendor/equivalent-1.0.2/src/lib.rs","--error-format=json","--json=diagnostic-rendered-ansi,artifacts,future-incompat","--crate-type","lib","--emit=dep-info,metadata,link","-C","embed-bitcode=no","-C","debug-assertions=off","--check-cfg","cfg(docsrs,test)","--check-cfg","cfg(feature, values())","-C","metadata=85587af9a3d7e12e","-C","extra-filename=-32b5525b369d87bf","--out-dir","/home/evidence-user/.local/state/evidence-campaign-20261002/receipts/manager/package-identity-979/current-source-011a7709-preparation/prepared-current-source/final-target/release/deps","-C","strip=debuginfo","-L","dependency=/home/evidence-user/.local/state/evidence-campaign-20261002/receipts/manager/package-identity-979/current-source-011a7709-preparation/prepared-current-source/final-target/release/deps","--cap-lints","allow"],"attempt":"63943ea489355f46e157fb3a60859133","capsule":"6ed1c73bb233f465150939b36d06bdf750c3bb5e3011bdaee780491f16252abd","compiler_unit":"92d393c3a422d8d8c0a48e756790f59c5746dab900b13d4d34b22fbffad30647","input_seal":"de9ce455781a93604bf3943acf47605c730cf38f3e7dbc04861e606acbeccd10","package":"equivalent@1.0.2:registry+https://github.com/rust-lang/crates.io-index","process":{"cmdline_sha256":"c70c8c315d53ac3fa6d0dd186627c9bc11bd0c7001d32c4a3a6cd8d468a3f115","pid":805574,"start":"87556450"},"products":["/home/evidence-user/.local/state/evidence-campaign-20261002/receipts/manager/package-identity-979/current-source-011a7709-preparation/prepared-current-source/final-target/release/deps/libequivalent-32b5525b369d87bf.rlib","/home/evidence-user/.local/state/evidence-campaign-20261002/receipts/manager/package-identity-979/current-source-011a7709-preparation/prepared-current-source/final-target/release/deps/libequivalent-32b5525b369d87bf.rmeta"],"role":"89815031c2e29386e1e77f16290b8b6f2a09808758789c4540bee06e5f742b4a","schema":"memra-active-producer-v1","seal":"3b0cad58d73086d4b441a9b134907866ab74f7f40f282522d03191f8619b888c"}
