{"argv":["/home/evidence-user/.rustup/toolchains/1.97.1-x86_64-unknown-linux-gnu/bin/rustc","--crate-name","build_script_build","--edition=2021","/home/evidence-user/.local/state/evidence-campaign-20261002/receipts/manager/package-identity-979/current-source-011a7709-preparation/prepared-current-source/package/vendor/rustls-0.23.45/build.rs","--error-format=json","--json=diagnostic-rendered-ansi,artifacts,future-incompat","--crate-type","bin","--emit=dep-info,link","-C","embed-bitcode=no","--warn=unexpected_cfgs","--check-cfg","cfg(bench)","--check-cfg","cfg(coverage_nightly)","--check-cfg","cfg(read_buf)","--check-cfg","cfg(rustls_docsrs)","-C","debug-assertions=off","--cfg","feature=\"EVIDENCE_DEP_VENDOR_002-lc-rs\"","--cfg","feature=\"aws_lc_rs\"","--cfg","feature=\"std\"","--cfg","feature=\"tls12\"","--check-cfg","cfg(docsrs,test)","--check-cfg","cfg(feature, values(\"EVIDENCE_DEP_VENDOR_002-lc-rs\", \"aws_lc_rs\", \"brotli\", \"custom-provider\", \"default\", \"fips\", \"hashbrown\", \"log\", \"logging\", \"prefer-post-quantum\", \"read_buf\", \"ring\", \"rustversion\", \"std\", \"tls12\", \"zlib\"))","-C","metadata=231f05437f123a47","-C","extra-filename=-83581d1fa22bed4f","--out-dir","/home/evidence-user/.local/state/evidence-campaign-20261002/receipts/manager/package-identity-979/current-source-011a7709-preparation/prepared-current-source/final-target/release/build/rustls-83581d1fa22bed4f","-C","strip=debuginfo","-L","dependency=/home/evidence-user/.local/state/evidence-campaign-20261002/receipts/manager/package-identity-979/current-source-011a7709-preparation/prepared-current-source/final-target/release/deps","--cap-lints","allow"],"attempt":"ca85800237f1f19a0a05a95b741cf373","capsule":"6ed1c73bb233f465150939b36d06bdf750c3bb5e3011bdaee780491f16252abd","compiler_unit":"316201ade827a126585cecc31cd63528ba6fb37264d686c690dfbe2180e45b69","input_seal":"dbb75a2f3ff2f7e98a21b24453d8ce447452299755ac5f5297c6e8aa914f7b3d","package":"rustls@0.23.45:registry+https://github.com/rust-lang/crates.io-index","process":{"cmdline_sha256":"b124c5f201f70137cf4feaa2e62e4485e54e41225abab24b2d98519f133355cd","pid":810041,"start":"87558974"},"products":["/home/evidence-user/.local/state/evidence-campaign-20261002/receipts/manager/package-identity-979/current-source-011a7709-preparation/prepared-current-source/final-target/release/build/rustls-83581d1fa22bed4f/build_script_build-83581d1fa22bed4f"],"role":"25677f2058a4829cf52bb7dc747135142054bbbce812622cc1be993097ef0215","schema":"memra-active-producer-v1","seal":"89bf95557c175b9bfeb5bcc3618cb86b691d29a985ec0f345f83ad3edd354dde"}
