{"argv":["/home/evidence-user/.rustup/toolchains/1.97.1-x86_64-unknown-linux-gnu/bin/rustc","--crate-name","cpufeatures","--edition=2018","/home/evidence-user/.local/state/evidence-campaign-20261002/receipts/manager/package-identity-979/current-source-011a7709-preparation/prepared-current-source/package/vendor/cpufeatures-0.2.17/src/lib.rs","--error-format=json","--json=diagnostic-rendered-ansi,artifacts,future-incompat","--crate-type","lib","--emit=dep-info,metadata,link","-C","opt-level=3","-C","embed-bitcode=no","--check-cfg","cfg(docsrs,test)","--check-cfg","cfg(feature, values())","-C","metadata=cae844585e844885","-C","extra-filename=-817d1c5fb26e2b99","--out-dir","/home/evidence-user/.local/state/evidence-campaign-20261002/receipts/manager/package-identity-979/current-source-011a7709-preparation/prepared-current-source/final-target/release/deps","-C","strip=debuginfo","-L","dependency=/home/evidence-user/.local/state/evidence-campaign-20261002/receipts/manager/package-identity-979/current-source-011a7709-preparation/prepared-current-source/final-target/release/deps","--cap-lints","allow"],"attempt":"7d4f1c928ce4b17041baf71cdb2ad67b","capsule":"6ed1c73bb233f465150939b36d06bdf750c3bb5e3011bdaee780491f16252abd","compiler_unit":"5b38898d32ff0fb2d337a05a3151f68c161f1ccc83acdf5b4c7b12a1dbd2c25c","input_seal":"cfd9503546aaf3ca396f3f8383a419f907ffe0de82b9464d7be64227fa6bd124","package":"cpufeatures@0.2.17:registry+https://github.com/rust-lang/crates.io-index","process":{"cmdline_sha256":"efba53c192c171a5b05342e8ac61e19f56ca92371f97034fba3468caa6fba50a","pid":797274,"start":"87551207"},"products":["/home/evidence-user/.local/state/evidence-campaign-20261002/receipts/manager/package-identity-979/current-source-011a7709-preparation/prepared-current-source/final-target/release/deps/libcpufeatures-817d1c5fb26e2b99.rlib","/home/evidence-user/.local/state/evidence-campaign-20261002/receipts/manager/package-identity-979/current-source-011a7709-preparation/prepared-current-source/final-target/release/deps/libcpufeatures-817d1c5fb26e2b99.rmeta"],"role":"038702b98ed0aed5d8047cb2803fff538e93ab0bedee47d9b95fa1bf2b3b59c9","schema":"memra-active-producer-v1","seal":"7417aa5f58b41a47b107f3212acda12d9d9f4f0b8c2a7afeae97fbf215f2161d"}
