{"argv":["/home/evidence-user/.rustup/toolchains/1.97.1-x86_64-unknown-linux-gnu/bin/rustc","--crate-name","pkg_config","--edition=2021","/home/evidence-user/.local/state/evidence-campaign-20261002/receipts/manager/package-identity-979/current-source-011a7709-preparation/prepared-current-source/package/vendor/pkg-config-0.3.34/src/lib.rs","--error-format=json","--json=diagnostic-rendered-ansi,artifacts,future-incompat","--crate-type","lib","--emit=dep-info,metadata,link","-C","embed-bitcode=no","-C","debug-assertions=off","--check-cfg","cfg(docsrs,test)","--check-cfg","cfg(feature, values())","-C","metadata=5e9130742e23656d","-C","extra-filename=-0852d799084a3a0e","--out-dir","/home/evidence-user/.local/state/evidence-campaign-20261002/receipts/manager/package-identity-979/current-source-011a7709-preparation/prepared-current-source/final-target/release/deps","-C","strip=debuginfo","-L","dependency=/home/evidence-user/.local/state/evidence-campaign-20261002/receipts/manager/package-identity-979/current-source-011a7709-preparation/prepared-current-source/final-target/release/deps","--cap-lints","allow"],"attempt":"ac7108a17fee656b2a453d2d141d7175","capsule":"6ed1c73bb233f465150939b36d06bdf750c3bb5e3011bdaee780491f16252abd","compiler_unit":"18789eda2ec8b90d9c6c79f2e2da31e7c7e7251d63094315cb1b139606853baa","input_seal":"ce87ddb416d185fcfb6cf0a408c7ccc2ba9fdc077a907317f0d393dda5216829","package":"pkg-config@0.3.34:registry+https://github.com/rust-lang/crates.io-index","process":{"cmdline_sha256":"40fd3e6f356970b156832883789c6e71ecfbc29d8834849b1b158f0d6d6d010b","pid":777129,"start":"87538140"},"products":["/home/evidence-user/.local/state/evidence-campaign-20261002/receipts/manager/package-identity-979/current-source-011a7709-preparation/prepared-current-source/final-target/release/deps/libpkg_config-0852d799084a3a0e.rlib","/home/evidence-user/.local/state/evidence-campaign-20261002/receipts/manager/package-identity-979/current-source-011a7709-preparation/prepared-current-source/final-target/release/deps/libpkg_config-0852d799084a3a0e.rmeta"],"role":"6f90cb573f5abe1824edb15fcdf000afd61c9de86dd28738864dad6f88543686","schema":"memra-active-producer-v1","seal":"9308ba46623725da286875b8cbb6d52a28e47a1c150207b5df7cf6ad84e63fe6"}
