{"argv":["/home/evidence-user/.rustup/toolchains/1.97.1-x86_64-unknown-linux-gnu/bin/rustc","--crate-name","rustversion","--edition=2018","/home/evidence-user/.local/state/evidence-campaign-20261002/receipts/manager/package-identity-979/current-source-011a7709-preparation/prepared-current-source/package/vendor/rustversion-1.0.22/src/lib.rs","--error-format=json","--json=diagnostic-rendered-ansi,artifacts,future-incompat","--crate-type","proc-macro","--emit=dep-info,link","-C","prefer-dynamic","-C","embed-bitcode=no","-C","debug-assertions=off","--check-cfg","cfg(docsrs,test)","--check-cfg","cfg(feature, values())","-C","metadata=bfcd6a9c3e63c604","-C","extra-filename=-5af6d8fb941c8e64","--out-dir","/home/evidence-user/.local/state/evidence-campaign-20261002/receipts/manager/package-identity-979/current-source-011a7709-preparation/prepared-current-source/final-target/release/deps","-C","strip=debuginfo","-L","dependency=/home/evidence-user/.local/state/evidence-campaign-20261002/receipts/manager/package-identity-979/current-source-011a7709-preparation/prepared-current-source/final-target/release/deps","--extern","proc_macro","--cap-lints","allow","--check-cfg","cfg(cfg_macro_not_allowed)","--check-cfg","cfg(host_os, values(\"windows\"))"],"attempt":"18fe263bb275ed16a6f4f55ab1209aff","capsule":"6ed1c73bb233f465150939b36d06bdf750c3bb5e3011bdaee780491f16252abd","compiler_unit":"1eac21f404523f8293762251d8e2dfe357d5d233d3f87e00ed777431a90747d1","input_seal":"2b39ef21487e16555c0cd19eecb8c7ec05b4edbd4d4cc6a2b0ba077f31050a9a","package":"rustversion@1.0.22:registry+https://github.com/rust-lang/crates.io-index","process":{"cmdline_sha256":"c0b487b4ffcc94e87763dfd79020d27a90769a013a94cbd068a6b44c5f8d0e7b","pid":864481,"start":"87594247"},"products":["/home/evidence-user/.local/state/evidence-campaign-20261002/receipts/manager/package-identity-979/current-source-011a7709-preparation/prepared-current-source/final-target/release/deps/librustversion-5af6d8fb941c8e64.so"],"role":"c51f87be5215e531c1c1fdb6294a40067401363849d88c385e804f163d36ccc3","schema":"memra-active-producer-v1","seal":"3489d837da41555613dc61b3bb5188ff0cbc06ff38c18176c047a11253b31d2b"}
