{"argv":["/home/evidence-user/.rustup/toolchains/1.97.1-x86_64-unknown-linux-gnu/bin/rustc","--crate-name","serde_json","--edition=2021","/home/evidence-user/.local/state/evidence-campaign-20261002/receipts/manager/package-identity-979/current-source-011a7709-preparation/prepared-current-source/package/vendor/serde_json-1.0.150/src/lib.rs","--error-format=json","--json=diagnostic-rendered-ansi,artifacts,future-incompat","--crate-type","lib","--emit=dep-info,metadata,link","-C","embed-bitcode=no","-C","debug-assertions=off","--cfg","feature=\"default\"","--cfg","feature=\"std\"","--check-cfg","cfg(docsrs,test)","--check-cfg","cfg(feature, values(\"alloc\", \"arbitrary_precision\", \"default\", \"float_roundtrip\", \"indexmap\", \"preserve_order\", \"raw_value\", \"std\", \"unbounded_depth\"))","-C","metadata=7b7011509950fbbf","-C","extra-filename=-64e10af7fb98c868","--out-dir","/home/evidence-user/.local/state/evidence-campaign-20261002/receipts/manager/package-identity-979/current-source-011a7709-preparation/prepared-current-source/final-target/release/deps","-C","strip=debuginfo","-L","dependency=/home/evidence-user/.local/state/evidence-campaign-20261002/receipts/manager/package-identity-979/current-source-011a7709-preparation/prepared-current-source/final-target/release/deps","--extern","itoa=/home/evidence-user/.local/state/evidence-campaign-20261002/receipts/manager/package-identity-979/current-source-011a7709-preparation/prepared-current-source/final-target/release/deps/libitoa-69595fe94d506eb2.rmeta","--extern","memchr=/home/evidence-user/.local/state/evidence-campaign-20261002/receipts/manager/package-identity-979/current-source-011a7709-preparation/prepared-current-source/final-target/release/deps/libmemchr-5561613527f7db43.rmeta","--extern","serde_core=/home/evidence-user/.local/state/evidence-campaign-20261002/receipts/manager/package-identity-979/current-source-011a7709-preparation/prepared-current-source/final-target/release/deps/libserde_core-d41b078786fca0ef.rmeta","--extern","zmij=/home/evidence-user/.local/state/evidence-campaign-20261002/receipts/manager/package-identity-979/current-source-011a7709-preparation/prepared-current-source/final-target/release/deps/libzmij-b512b2df51cd719f.rmeta","--cap-lints","allow","--cfg","fast_arithmetic=\"64\"","--check-cfg","cfg(fast_arithmetic, values(\"32\", \"64\"))"],"attempt":"a31e522c2c899209323a5dccad35e1b4","capsule":"6ed1c73bb233f465150939b36d06bdf750c3bb5e3011bdaee780491f16252abd","compiler_unit":"a63eaa46613e8fb207f6dd7573b0be23494e19a1a60b04b26d7111de57fb1946","input_seal":"0eef8d270d9ba95f4407ce700452a88f7c3fdd197d4f84b4940609cdb60b1885","package":"serde_json@1.0.150:registry+https://github.com/rust-lang/crates.io-index","process":{"cmdline_sha256":"47f4b8cd3891d5e5e3c33b5bde4bb8fedc7f9453e177919f352786f3acc19a10","pid":842696,"start":"87579241"},"products":["/home/evidence-user/.local/state/evidence-campaign-20261002/receipts/manager/package-identity-979/current-source-011a7709-preparation/prepared-current-source/final-target/release/deps/libserde_json-64e10af7fb98c868.rlib","/home/evidence-user/.local/state/evidence-campaign-20261002/receipts/manager/package-identity-979/current-source-011a7709-preparation/prepared-current-source/final-target/release/deps/libserde_json-64e10af7fb98c868.rmeta"],"role":"d72b6bdec98e5dfefe358fce6ba89ad3f261fafb1edefde49028a72d9fd502af","schema":"memra-active-producer-v1","seal":"387aec3ddc574aec839a84556811b7523f67659407bc52e59290b44370afac0d"}
