{"argv":["/home/evidence-user/.rustup/toolchains/1.97.1-x86_64-unknown-linux-gnu/bin/rustc","--crate-name","digest","--edition=2018","/home/evidence-user/.local/state/evidence-campaign-20261002/receipts/manager/package-identity-979/current-source-011a7709-preparation/prepared-current-source/package/vendor/digest-0.10.7/src/lib.rs","--error-format=json","--json=diagnostic-rendered-ansi,artifacts,future-incompat","--crate-type","lib","--emit=dep-info,metadata,link","-C","embed-bitcode=no","-C","debug-assertions=off","--cfg","feature=\"alloc\"","--cfg","feature=\"block-buffer\"","--cfg","feature=\"core-api\"","--cfg","feature=\"default\"","--cfg","feature=\"std\"","--check-cfg","cfg(docsrs,test)","--check-cfg","cfg(feature, values(\"alloc\", \"blobby\", \"block-buffer\", \"const-oid\", \"core-api\", \"default\", \"dev\", \"mac\", \"oid\", \"rand_core\", \"std\", \"subtle\"))","-C","metadata=97243319499f9f4c","-C","extra-filename=-ea70b37638a3d36f","--out-dir","/home/evidence-user/.local/state/evidence-campaign-20261002/receipts/manager/package-identity-979/current-source-011a7709-preparation/prepared-current-source/final-target/release/deps","-C","strip=debuginfo","-L","dependency=/home/evidence-user/.local/state/evidence-campaign-20261002/receipts/manager/package-identity-979/current-source-011a7709-preparation/prepared-current-source/final-target/release/deps","--extern","block_buffer=/home/evidence-user/.local/state/evidence-campaign-20261002/receipts/manager/package-identity-979/current-source-011a7709-preparation/prepared-current-source/final-target/release/deps/libblock_buffer-fec3ceafd5988ec8.rmeta","--extern","crypto_common=/home/evidence-user/.local/state/evidence-campaign-20261002/receipts/manager/package-identity-979/current-source-011a7709-preparation/prepared-current-source/final-target/release/deps/libcrypto_common-1d72cc614dff521f.rmeta","--cap-lints","allow"],"attempt":"473fd99845bc760e01834080c819105e","capsule":"6ed1c73bb233f465150939b36d06bdf750c3bb5e3011bdaee780491f16252abd","compiler_unit":"895f9b66768af880eb5825d90655ab29b57843a56bd6a6513a6d0bba2a64d818","input_seal":"e70fcf38a953c25b65daef0aee23939253180ba0cb95ee38fc81edfab16910ee","package":"digest@0.10.7:registry+https://github.com/rust-lang/crates.io-index","process":{"cmdline_sha256":"8f3869817bc1197f32afdb84e1240533827d7f610d1e514d8d935724db39cb1a","pid":835423,"start":"87573583"},"products":["/home/evidence-user/.local/state/evidence-campaign-20261002/receipts/manager/package-identity-979/current-source-011a7709-preparation/prepared-current-source/final-target/release/deps/libdigest-ea70b37638a3d36f.rlib","/home/evidence-user/.local/state/evidence-campaign-20261002/receipts/manager/package-identity-979/current-source-011a7709-preparation/prepared-current-source/final-target/release/deps/libdigest-ea70b37638a3d36f.rmeta"],"role":"e76e10392959dcfc8eef6abaeabcf3c61583676c5ad4ddc560e3da227104d2a0","schema":"memra-active-producer-v1","seal":"b58c9651f8bc9ca0a047ec9eded06595b6960490ef90d3505bd9fe5dc01874e7"}
