{"argv":["/home/evidence-user/.rustup/toolchains/1.97.1-x86_64-unknown-linux-gnu/bin/rustc","--crate-name","memchr","--edition=2021","/home/evidence-user/.local/state/evidence-campaign-20261002/receipts/manager/package-identity-979/current-source-011a7709-preparation/prepared-current-source/package/vendor/memchr-2.8.2/src/lib.rs","--error-format=json","--json=diagnostic-rendered-ansi,artifacts,future-incompat","--crate-type","lib","--emit=dep-info,metadata,link","-C","opt-level=3","-C","embed-bitcode=no","--cfg","feature=\"alloc\"","--cfg","feature=\"default\"","--cfg","feature=\"std\"","--check-cfg","cfg(docsrs,test)","--check-cfg","cfg(feature, values(\"alloc\", \"core\", \"default\", \"libc\", \"logging\", \"rustc-dep-of-std\", \"std\", \"use_std\"))","-C","metadata=2f2870f2e839ebbe","-C","extra-filename=-6d96a013a4e247ce","--out-dir","/home/evidence-user/.local/state/evidence-campaign-20261002/receipts/manager/package-identity-979/current-source-011a7709-preparation/prepared-current-source/final-target/release/deps","-C","strip=debuginfo","-L","dependency=/home/evidence-user/.local/state/evidence-campaign-20261002/receipts/manager/package-identity-979/current-source-011a7709-preparation/prepared-current-source/final-target/release/deps","--cap-lints","allow"],"attempt":"e95de8b5bbabcfea735c27f51f72e9cf","capsule":"6ed1c73bb233f465150939b36d06bdf750c3bb5e3011bdaee780491f16252abd","compiler_unit":"105a7d553a36504dca40c382817470cc1ffb84a60715a13a918a0613a3fe3c9e","input_seal":"3e5c8979c9811eaa24a163993ccf54918b6dccb91e3f587b600836d73ed97db7","package":"memchr@2.8.2:registry+https://github.com/rust-lang/crates.io-index","process":{"cmdline_sha256":"4a8f5dfa7f3d8263803dd4c609ac418a06345bef20e5eabb94650be8fd5aa3e5","pid":775862,"start":"87536386"},"products":["/home/evidence-user/.local/state/evidence-campaign-20261002/receipts/manager/package-identity-979/current-source-011a7709-preparation/prepared-current-source/final-target/release/deps/libmemchr-6d96a013a4e247ce.rlib","/home/evidence-user/.local/state/evidence-campaign-20261002/receipts/manager/package-identity-979/current-source-011a7709-preparation/prepared-current-source/final-target/release/deps/libmemchr-6d96a013a4e247ce.rmeta"],"role":"90b3c16334483f04ed5d664f47322c17b94bbd97f4c575a8ac007754fdfbcf8e","schema":"memra-active-producer-v1","seal":"a1df5d9e184ec02f613b55e714bd201601e464b6a58c351fc3506d4483977267"}
