{"argv":["/home/evidence-user/.rustup/toolchains/1.97.1-x86_64-unknown-linux-gnu/bin/rustc","--crate-name","equivalent","--edition=2015","/home/evidence-user/.local/state/evidence-campaign-20261002/receipts/manager/package-identity-979/current-source-011a7709-preparation/prepared-current-source/package/vendor/equivalent-1.0.2/src/lib.rs","--error-format=json","--json=diagnostic-rendered-ansi,artifacts,future-incompat","--crate-type","lib","--emit=dep-info,metadata,link","-C","opt-level=3","-C","embed-bitcode=no","--check-cfg","cfg(docsrs,test)","--check-cfg","cfg(feature, values())","-C","metadata=c122d38757e0dca0","-C","extra-filename=-353038ae03d6b7c3","--out-dir","/home/evidence-user/.local/state/evidence-campaign-20261002/receipts/manager/package-identity-979/current-source-011a7709-preparation/prepared-current-source/final-target/release/deps","-C","strip=debuginfo","-L","dependency=/home/evidence-user/.local/state/evidence-campaign-20261002/receipts/manager/package-identity-979/current-source-011a7709-preparation/prepared-current-source/final-target/release/deps","--cap-lints","allow"],"attempt":"9b6b69c9941331a2160d80027c00e347","capsule":"6ed1c73bb233f465150939b36d06bdf750c3bb5e3011bdaee780491f16252abd","compiler_unit":"1d97b81f603eb05d1612fc5c8535c3e77aa1eb8911993a70947356db5f5df8b2","input_seal":"61d692885ff473776dfbf3c50ddb0e1eba9a405487b9ae9495483891a4321b1d","package":"equivalent@1.0.2:registry+https://github.com/rust-lang/crates.io-index","process":{"cmdline_sha256":"83a47c04c19f56df9da3594de9f4301cc5666d2927b60af1a199473e6127d5b1","pid":769569,"start":"87530066"},"products":["/home/evidence-user/.local/state/evidence-campaign-20261002/receipts/manager/package-identity-979/current-source-011a7709-preparation/prepared-current-source/final-target/release/deps/libequivalent-353038ae03d6b7c3.rlib","/home/evidence-user/.local/state/evidence-campaign-20261002/receipts/manager/package-identity-979/current-source-011a7709-preparation/prepared-current-source/final-target/release/deps/libequivalent-353038ae03d6b7c3.rmeta"],"role":"d0aeceb0eb61e435ee656ca887b22e1b22dcf1deef9cf6aea1b5b4f7da7b2846","schema":"memra-active-producer-v1","seal":"099489e23bcdaafaa5b8544fa8ad4605b905ce8a9106aa919f412d29c2e78592"}
