{"argv":["/home/evidence-user/.rustup/toolchains/1.97.1-x86_64-unknown-linux-gnu/bin/rustc","--crate-name","tower_layer","--edition=2018","/home/evidence-user/.local/state/evidence-campaign-20261002/receipts/manager/package-identity-979/current-source-011a7709-preparation/prepared-current-source/package/vendor/tower-layer-0.3.3/src/lib.rs","--error-format=json","--json=diagnostic-rendered-ansi,artifacts,future-incompat","--crate-type","lib","--emit=dep-info,metadata,link","-C","opt-level=3","-C","embed-bitcode=no","--check-cfg","cfg(docsrs,test)","--check-cfg","cfg(feature, values())","-C","metadata=f6b40aefd09d0183","-C","extra-filename=-5084e37b6a1faf29","--out-dir","/home/evidence-user/.local/state/evidence-campaign-20261002/receipts/manager/package-identity-979/current-source-011a7709-preparation/prepared-current-source/final-target/release/deps","-C","strip=debuginfo","-L","dependency=/home/evidence-user/.local/state/evidence-campaign-20261002/receipts/manager/package-identity-979/current-source-011a7709-preparation/prepared-current-source/final-target/release/deps","--cap-lints","allow"],"attempt":"d26462c6e9de01cd9aefb3d0733f1f7d","capsule":"6ed1c73bb233f465150939b36d06bdf750c3bb5e3011bdaee780491f16252abd","compiler_unit":"4dbc7b353043fba3541a2764a9d4632be53917bb6689962796584a042b92e4fd","input_seal":"60d62200a324c2114f3d1cb1c04c03266c47631158d5716a16e53d81b9a30146","package":"tower-layer@0.3.3:registry+https://github.com/rust-lang/crates.io-index","process":{"cmdline_sha256":"d957f0d9ac2784fb182d10b92e6405e6e5b3c40ef27ea2a2a5a7edb89af0c59e","pid":831627,"start":"87569963"},"products":["/home/evidence-user/.local/state/evidence-campaign-20261002/receipts/manager/package-identity-979/current-source-011a7709-preparation/prepared-current-source/final-target/release/deps/libtower_layer-5084e37b6a1faf29.rlib","/home/evidence-user/.local/state/evidence-campaign-20261002/receipts/manager/package-identity-979/current-source-011a7709-preparation/prepared-current-source/final-target/release/deps/libtower_layer-5084e37b6a1faf29.rmeta"],"role":"795f3470675d599283e44d09fadee37a365386b724a08d5dfc353358bbf0830c","schema":"memra-active-producer-v1","seal":"5c42b42322ba2ace4565e8da34b7a0164635baab43cc5de68b0b8f4e3b94b66d"}
