{"argv":["/home/evidence-user/.rustup/toolchains/1.97.1-x86_64-unknown-linux-gnu/bin/rustc","--crate-name","referencing","--edition=2021","/home/evidence-user/.local/state/evidence-campaign-20261002/receipts/manager/package-identity-979/current-source-011a7709-preparation/prepared-current-source/package/vendor/referencing-0.29.1/src/lib.rs","--error-format=json","--json=diagnostic-rendered-ansi,artifacts,future-incompat","--crate-type","lib","--emit=dep-info,metadata,link","-C","opt-level=3","-C","embed-bitcode=no","--warn=clippy::pedantic","--warn=unsafe_code","--warn=unreachable_pub","--allow=clippy::too_many_lines","--allow=clippy::too_many_arguments","--allow=clippy::similar_names","--warn=clippy::rest_pat_in_fully_bound_structs","--warn=clippy::rc_mutex","--warn=clippy::rc_buffer","--warn=clippy::print_stdout","--warn=clippy::print_stderr","--allow=clippy::module_name_repetitions","--warn=clippy::get_unwrap","--warn=clippy::exit","--warn=clippy::empty_structs_with_brackets","--warn=clippy::empty_drop","--warn=clippy::dbg_macro","--cfg","feature=\"default\"","--check-cfg","cfg(docsrs,test)","--check-cfg","cfg(feature, values(\"default\", \"retrieve-async\"))","-C","metadata=6e1df9ef0fcd6d2c","-C","extra-filename=-cac864711113f280","--out-dir","/home/evidence-user/.local/state/evidence-campaign-20261002/receipts/manager/package-identity-979/current-source-011a7709-preparation/prepared-current-source/final-target/release/deps","-C","strip=debuginfo","-L","dependency=/home/evidence-user/.local/state/evidence-campaign-20261002/receipts/manager/package-identity-979/current-source-011a7709-preparation/prepared-current-source/final-target/release/deps","--extern","ahash=/home/evidence-user/.local/state/evidence-campaign-20261002/receipts/manager/package-identity-979/current-source-011a7709-preparation/prepared-current-source/final-target/release/deps/libahash-ba2d13af730a4e23.rmeta","--extern","fluent_uri=/home/evidence-user/.local/state/evidence-campaign-20261002/receipts/manager/package-identity-979/current-source-011a7709-preparation/prepared-current-source/final-target/release/deps/libfluent_uri-6a974c5269ad8e7a.rmeta","--extern","once_cell=/home/evidence-user/.local/state/evidence-campaign-20261002/receipts/manager/package-identity-979/current-source-011a7709-preparation/prepared-current-source/final-target/release/deps/libonce_cell-6af55020c7787484.rmeta","--extern","parking_lot=/home/evidence-user/.local/state/evidence-campaign-20261002/receipts/manager/package-identity-979/current-source-011a7709-preparation/prepared-current-source/final-target/release/deps/libparking_lot-3fe6ae49a5a05793.rmeta","--extern","percent_encoding=/home/evidence-user/.local/state/evidence-campaign-20261002/receipts/manager/package-identity-979/current-source-011a7709-preparation/prepared-current-source/final-target/release/deps/libpercent_encoding-b24007d854632340.rmeta","--extern","serde_json=/home/evidence-user/.local/state/evidence-campaign-20261002/receipts/manager/package-identity-979/current-source-011a7709-preparation/prepared-current-source/final-target/release/deps/libserde_json-2b2a426766cf1678.rmeta","--cap-lints","allow"],"attempt":"dadcf3590d2c0407a0efaf617655dfc3","capsule":"6ed1c73bb233f465150939b36d06bdf750c3bb5e3011bdaee780491f16252abd","compiler_unit":"b0964ce78e18c5dd42f6c8deb4e82f8c262f439832c288590a36c405d3143ba4","input_seal":"7716a9a466882e62f0554d416cbfbdb2eafc9964a2fae976ab11b06f396d8831","package":"referencing@0.29.1:registry+https://github.com/rust-lang/crates.io-index","process":{"cmdline_sha256":"55584a4f6e55cf93ccfd485895f988a21c6974d50bfe4baceb1baf11cba40a9d","pid":874741,"start":"87601544"},"products":["/home/evidence-user/.local/state/evidence-campaign-20261002/receipts/manager/package-identity-979/current-source-011a7709-preparation/prepared-current-source/final-target/release/deps/libreferencing-cac864711113f280.rlib","/home/evidence-user/.local/state/evidence-campaign-20261002/receipts/manager/package-identity-979/current-source-011a7709-preparation/prepared-current-source/final-target/release/deps/libreferencing-cac864711113f280.rmeta"],"role":"82302e78cbcd42ea512dcef920ce19c8d1a2162b874e71b5808560327509fb0b","schema":"memra-active-producer-v1","seal":"91141cbee2d457cdc18fdeeed33782a8e1e965bb9c9494f89a3346459859e19e"}
