{"argv":["/home/evidence-user/.rustup/toolchains/1.97.1-x86_64-unknown-linux-gnu/bin/rustc","--crate-name","zerofrom","--edition=2021","/home/evidence-user/.local/state/evidence-campaign-20261002/receipts/manager/package-identity-979/current-source-011a7709-preparation/prepared-current-source/package/vendor/zerofrom-0.1.8/src/lib.rs","--error-format=json","--json=diagnostic-rendered-ansi,artifacts,future-incompat","--crate-type","lib","--emit=dep-info,metadata,link","-C","opt-level=3","-C","embed-bitcode=no","--warn=clippy::wildcard_dependencies","--warn=clippy::useless_transmute","--warn=unused_qualifications","--warn=unused_macro_rules","--warn=unused_lifetimes","--warn=clippy::unnecessary-wraps","--warn=unexpected_cfgs","--deny=clippy::trivially_copy_pass_by_ref","--deny=trivial_numeric_casts","--warn=clippy::transmutes_expressible_as_ptr_casts","--warn=clippy::transmute_undefined_repr","--warn=clippy::transmute_ptr_to_ref","--warn=clippy::transmute_ptr_to_ptr","--warn=clippy::transmute_int_to_non_zero","--warn=clippy::transmute_int_to_bool","--warn=clippy::transmute_bytes_to_str","--warn=clippy::todo","--warn=clippy::same_functions_in_if_condition","--warn=clippy::or-fun-call","--warn=clippy::negative_feature_names","--warn=clippy::missing_transmute_annotations","--warn=clippy::missing_fields_in_debug","--deny=missing_debug_implementations","--warn=clippy::mismatching_type_param_order","--warn=clippy::large_stack_arrays","--warn=clippy::infinite_loop","--warn=clippy::fn_to_numeric_cast_any","--deny=clippy::exhaustive_structs","--deny=clippy::exhaustive_enums","--warn=clippy::doc_markdown","--warn=clippy::debug_assert_with_mut_call","--warn=clippy::dbg_macro","--warn=clippy::crosspointer_transmute","--warn=clippy::collection_is_never_read","--warn=clippy::branches-sharing-code","--allow=clippy::bool-assert-comparison","--warn=clippy::alloc-instead-of-core","--check-cfg","cfg(icu4c_enable_renaming)","--check-cfg","cfg(needs_alloc_error_handler)","--check-cfg","cfg(icu4x_run_size_tests)","--check-cfg","cfg(icu4x_unstable_fast_trie_only)","--cfg","feature=\"derive\"","--check-cfg","cfg(docsrs,test)","--check-cfg","cfg(feature, values(\"alloc\", \"default\", \"derive\"))","-C","metadata=90e930bc1469f0e8","-C","extra-filename=-23797421f6030ab4","--out-dir","/home/evidence-user/.local/state/evidence-campaign-20261002/receipts/manager/package-identity-979/current-source-011a7709-preparation/prepared-current-source/final-target/release/deps","-C","strip=debuginfo","-L","dependency=/home/evidence-user/.local/state/evidence-campaign-20261002/receipts/manager/package-identity-979/current-source-011a7709-preparation/prepared-current-source/final-target/release/deps","--extern","zerofrom_derive=/home/evidence-user/.local/state/evidence-campaign-20261002/receipts/manager/package-identity-979/current-source-011a7709-preparation/prepared-current-source/final-target/release/deps/libzerofrom_derive-b718a3f350417f86.so","--cap-lints","allow"],"attempt":"ee2dbc53c3669a2642f4fb349aaa99b2","capsule":"6ed1c73bb233f465150939b36d06bdf750c3bb5e3011bdaee780491f16252abd","compiler_unit":"3d9c1ccd3a0e53c46c3c1a5a969923a37345ae10fa407646fc4b31bc91afe690","input_seal":"e4bd67ac681382091f2e74ffa52827f2ef71981d8fee84e3cad4d1e3fea842f4","package":"zerofrom@0.1.8:registry+https://github.com/rust-lang/crates.io-index","process":{"cmdline_sha256":"649920243deaa8410a4132c2832a02a45a7a8a00f47ae2f470027c3f7a05f64d","pid":771207,"start":"87532861"},"products":["/home/evidence-user/.local/state/evidence-campaign-20261002/receipts/manager/package-identity-979/current-source-011a7709-preparation/prepared-current-source/final-target/release/deps/libzerofrom-23797421f6030ab4.rlib","/home/evidence-user/.local/state/evidence-campaign-20261002/receipts/manager/package-identity-979/current-source-011a7709-preparation/prepared-current-source/final-target/release/deps/libzerofrom-23797421f6030ab4.rmeta"],"role":"63fcb7eaaca98d3ec7091d16d8036fec2b01e8b18f2b820f495d1c59bcff93b2","schema":"memra-active-producer-v1","seal":"f6dd2a7a40038d176903b85b629906eab1edb604c50d10c1a828a277a5b4cd23"}
