{"argv":["/home/evidence-user/.rustup/toolchains/1.97.1-x86_64-unknown-linux-gnu/bin/rustc","--crate-name","rayon_core","--edition=2021","/home/evidence-user/.local/state/evidence-campaign-20261002/receipts/manager/package-identity-979/current-source-011a7709-preparation/prepared-current-source/package/vendor/rayon-core-1.13.0/src/lib.rs","--error-format=json","--json=diagnostic-rendered-ansi,artifacts,future-incompat","--crate-type","lib","--emit=dep-info,metadata,link","-C","opt-level=3","-C","embed-bitcode=no","--check-cfg","cfg(docsrs,test)","--check-cfg","cfg(feature, values(\"web_spin_lock\"))","-C","metadata=fdef4654b78db624","-C","extra-filename=-67e40f0a0bf2d470","--out-dir","/home/evidence-user/.local/state/evidence-campaign-20261002/receipts/manager/package-identity-979/current-source-011a7709-preparation/prepared-current-source/final-target/release/deps","-C","strip=debuginfo","-L","dependency=/home/evidence-user/.local/state/evidence-campaign-20261002/receipts/manager/package-identity-979/current-source-011a7709-preparation/prepared-current-source/final-target/release/deps","--extern","crossbeam_deque=/home/evidence-user/.local/state/evidence-campaign-20261002/receipts/manager/package-identity-979/current-source-011a7709-preparation/prepared-current-source/final-target/release/deps/libcrossbeam_deque-81421d41d6480008.rmeta","--extern","crossbeam_utils=/home/evidence-user/.local/state/evidence-campaign-20261002/receipts/manager/package-identity-979/current-source-011a7709-preparation/prepared-current-source/final-target/release/deps/libcrossbeam_utils-8ad3e5a58bc404ed.rmeta","--cap-lints","allow"],"attempt":"4e09a8532580ddc416366ca46286e78b","capsule":"6ed1c73bb233f465150939b36d06bdf750c3bb5e3011bdaee780491f16252abd","compiler_unit":"3ccac8cec1c807066e5e22e6a1eab7eaebfdc7f7d9a9d229665b815f0b9ed8c6","input_seal":"b2c96aaf2d2e5d3624748c0dfc99a40fcedf4aec0c03a26236d17548e74234ed","package":"rayon-core@1.13.0:registry+https://github.com/rust-lang/crates.io-index","process":{"cmdline_sha256":"cf30b666c650e799c18d911e83605c15487f191bd24c2be1eaaa09d312334606","pid":862934,"start":"87593086"},"products":["/home/evidence-user/.local/state/evidence-campaign-20261002/receipts/manager/package-identity-979/current-source-011a7709-preparation/prepared-current-source/final-target/release/deps/librayon_core-67e40f0a0bf2d470.rlib","/home/evidence-user/.local/state/evidence-campaign-20261002/receipts/manager/package-identity-979/current-source-011a7709-preparation/prepared-current-source/final-target/release/deps/librayon_core-67e40f0a0bf2d470.rmeta"],"role":"4afe53f2f784a75b1d103ca054e552aeb6a3a526dc565163b04ac04b5519f224","schema":"memra-active-producer-v1","seal":"370ceba8820b87c368d2d6a964363fb9799d79729554dd81eff32163a911c26e"}
