{"argv":["/home/evidence-user/.rustup/toolchains/1.97.1-x86_64-unknown-linux-gnu/bin/rustc","--crate-name","typenum","--edition=2018","/home/evidence-user/.local/state/evidence-campaign-20261002/receipts/manager/package-identity-979/current-source-011a7709-preparation/prepared-current-source/package/vendor/typenum-1.20.1/src/lib.rs","--error-format=json","--json=diagnostic-rendered-ansi,artifacts,future-incompat","--crate-type","lib","--emit=dep-info,metadata,link","-C","embed-bitcode=no","-C","debug-assertions=off","--check-cfg","cfg(docsrs,test)","--check-cfg","cfg(feature, values(\"const-generics\", \"i128\", \"scale-info\", \"scale_info\", \"strict\"))","-C","metadata=ee2fa1b5fd4953d3","-C","extra-filename=-e8b123994e7fe0a9","--out-dir","/home/evidence-user/.local/state/evidence-campaign-20261002/receipts/manager/package-identity-979/current-source-011a7709-preparation/prepared-current-source/final-target/release/deps","-C","strip=debuginfo","-L","dependency=/home/evidence-user/.local/state/evidence-campaign-20261002/receipts/manager/package-identity-979/current-source-011a7709-preparation/prepared-current-source/final-target/release/deps","--cap-lints","allow"],"attempt":"f76549e16e9ca8c538a8959a43097b68","capsule":"6ed1c73bb233f465150939b36d06bdf750c3bb5e3011bdaee780491f16252abd","compiler_unit":"6a588ded13ffe9c2cc3da48c3870127e70205aa4b07dbaa2eeff4dc4892d6015","input_seal":"4f14eee1d3b886506cfe9cf38cceb81d0c345c4bacfc371c529232b06b4f694e","package":"typenum@1.20.1:registry+https://github.com/rust-lang/crates.io-index","process":{"cmdline_sha256":"1e28d2cf0a8c2529d7f7ddf0c2745c06493f39600db13d33815ac5c16165c75c","pid":795949,"start":"87549982"},"products":["/home/evidence-user/.local/state/evidence-campaign-20261002/receipts/manager/package-identity-979/current-source-011a7709-preparation/prepared-current-source/final-target/release/deps/libtypenum-e8b123994e7fe0a9.rlib","/home/evidence-user/.local/state/evidence-campaign-20261002/receipts/manager/package-identity-979/current-source-011a7709-preparation/prepared-current-source/final-target/release/deps/libtypenum-e8b123994e7fe0a9.rmeta"],"role":"1e76088713ddf2ffdfa96d316945b8bded941861b7912f9259dcc2b561096908","schema":"memra-active-producer-v1","seal":"3e64b45d521291e365561ba0c87aaa52639e88007482d6d5a1a9d21b76edcbe1"}
