{"argv":["/home/evidence-user/.rustup/toolchains/1.97.1-x86_64-unknown-linux-gnu/bin/rustc","--crate-name","h2","--edition=2021","/home/evidence-user/.local/state/evidence-campaign-20261002/receipts/manager/package-identity-979/current-source-011a7709-preparation/prepared-current-source/package/vendor/h2-0.4.19/src/lib.rs","--error-format=json","--json=diagnostic-rendered-ansi,artifacts,future-incompat","--crate-type","lib","--emit=dep-info,metadata,link","-C","opt-level=3","-C","embed-bitcode=no","--warn=unexpected_cfgs","--check-cfg","cfg(fuzzing)","--check-cfg","cfg(docsrs,test)","--check-cfg","cfg(feature, values(\"stream\", \"unstable\"))","-C","metadata=ed1affcc655d0eda","-C","extra-filename=-d0c1a049a157a6e4","--out-dir","/home/evidence-user/.local/state/evidence-campaign-20261002/receipts/manager/package-identity-979/current-source-011a7709-preparation/prepared-current-source/final-target/release/deps","-C","strip=debuginfo","-L","dependency=/home/evidence-user/.local/state/evidence-campaign-20261002/receipts/manager/package-identity-979/current-source-011a7709-preparation/prepared-current-source/final-target/release/deps","--extern","atomic_waker=/home/evidence-user/.local/state/evidence-campaign-20261002/receipts/manager/package-identity-979/current-source-011a7709-preparation/prepared-current-source/final-target/release/deps/libatomic_waker-cea420c7ab5bbedd.rmeta","--extern","bytes=/home/evidence-user/.local/state/evidence-campaign-20261002/receipts/manager/package-identity-979/current-source-011a7709-preparation/prepared-current-source/final-target/release/deps/libbytes-88e92bfdbfbc6f7b.rmeta","--extern","fnv=/home/evidence-user/.local/state/evidence-campaign-20261002/receipts/manager/package-identity-979/current-source-011a7709-preparation/prepared-current-source/final-target/release/deps/libfnv-76efe918727cca2f.rmeta","--extern","futures_core=/home/evidence-user/.local/state/evidence-campaign-20261002/receipts/manager/package-identity-979/current-source-011a7709-preparation/prepared-current-source/final-target/release/deps/libfutures_core-31d290d2b3f04591.rmeta","--extern","futures_sink=/home/evidence-user/.local/state/evidence-campaign-20261002/receipts/manager/package-identity-979/current-source-011a7709-preparation/prepared-current-source/final-target/release/deps/libfutures_sink-efe4c27af9e9bc14.rmeta","--extern","http=/home/evidence-user/.local/state/evidence-campaign-20261002/receipts/manager/package-identity-979/current-source-011a7709-preparation/prepared-current-source/final-target/release/deps/libhttp-7fc0314bd0c6240b.rmeta","--extern","indexmap=/home/evidence-user/.local/state/evidence-campaign-20261002/receipts/manager/package-identity-979/current-source-011a7709-preparation/prepared-current-source/final-target/release/deps/libindexmap-74aaa3c6bdb3c25d.rmeta","--extern","slab=/home/evidence-user/.local/state/evidence-campaign-20261002/receipts/manager/package-identity-979/current-source-011a7709-preparation/prepared-current-source/final-target/release/deps/libslab-41953251c1c8b155.rmeta","--extern","tokio=/home/evidence-user/.local/state/evidence-campaign-20261002/receipts/manager/package-identity-979/current-source-011a7709-preparation/prepared-current-source/final-target/release/deps/libtokio-757fbac24fb91318.rmeta","--extern","tokio_util=/home/evidence-user/.local/state/evidence-campaign-20261002/receipts/manager/package-identity-979/current-source-011a7709-preparation/prepared-current-source/final-target/release/deps/libtokio_util-38dc3eb2be365585.rmeta","--extern","tracing=/home/evidence-user/.local/state/evidence-campaign-20261002/receipts/manager/package-identity-979/current-source-011a7709-preparation/prepared-current-source/final-target/release/deps/libtracing-7ecd3ac576a0c68e.rmeta","--cap-lints","allow"],"attempt":"3a866de7bee3e31a22d08716d4bd9bc3","capsule":"6ed1c73bb233f465150939b36d06bdf750c3bb5e3011bdaee780491f16252abd","compiler_unit":"0bb12cd06e78518acc64663f77c3ecfa63bc65250cbe63e2dea82fb8c85bd325","input_seal":"6695619e52b1cbc72738913f9b3108ce7b20e4ae535508d5b453441738382d4a","package":"h2@0.4.19:registry+https://github.com/rust-lang/crates.io-index","process":{"cmdline_sha256":"ddcb60f32532e078820999a1092341029a9cb5010a92c4bd2819b3cd8d5113f9","pid":810669,"start":"87559608"},"products":["/home/evidence-user/.local/state/evidence-campaign-20261002/receipts/manager/package-identity-979/current-source-011a7709-preparation/prepared-current-source/final-target/release/deps/libh2-d0c1a049a157a6e4.rlib","/home/evidence-user/.local/state/evidence-campaign-20261002/receipts/manager/package-identity-979/current-source-011a7709-preparation/prepared-current-source/final-target/release/deps/libh2-d0c1a049a157a6e4.rmeta"],"role":"5e93a37725996f9c89c1bde154ef18a59dad2676c719c7d1663b5301d7cf790a","schema":"memra-active-producer-v1","seal":"2a25cc044efddd108ae82350c27d5e8db4a7844559334ec0f92a3e434c87a6a6"}
