{"argv":["/home/evidence-user/.rustup/toolchains/1.97.1-x86_64-unknown-linux-gnu/bin/rustc","--crate-name","synstructure","--edition=2018","/home/evidence-user/.local/state/evidence-campaign-20261002/receipts/manager/package-identity-979/current-source-011a7709-preparation/prepared-current-source/package/vendor/synstructure-0.14.0/src/lib.rs","--error-format=json","--json=diagnostic-rendered-ansi,artifacts,future-incompat","--crate-type","lib","--emit=dep-info,metadata,link","-C","embed-bitcode=no","-C","debug-assertions=off","--cfg","feature=\"default\"","--cfg","feature=\"proc-macro\"","--check-cfg","cfg(docsrs,test)","--check-cfg","cfg(feature, values(\"default\", \"proc-macro\"))","-C","metadata=1233557b9db57d4c","-C","extra-filename=-34bf7e436a70a578","--out-dir","/home/evidence-user/.local/state/evidence-campaign-20261002/receipts/manager/package-identity-979/current-source-011a7709-preparation/prepared-current-source/final-target/release/deps","-C","strip=debuginfo","-L","dependency=/home/evidence-user/.local/state/evidence-campaign-20261002/receipts/manager/package-identity-979/current-source-011a7709-preparation/prepared-current-source/final-target/release/deps","--extern","proc_macro2=/home/evidence-user/.local/state/evidence-campaign-20261002/receipts/manager/package-identity-979/current-source-011a7709-preparation/prepared-current-source/final-target/release/deps/libproc_macro2-dd944b81ef4e6c21.rmeta","--extern","quote=/home/evidence-user/.local/state/evidence-campaign-20261002/receipts/manager/package-identity-979/current-source-011a7709-preparation/prepared-current-source/final-target/release/deps/libquote-851c59042484f139.rmeta","--extern","syn=/home/evidence-user/.local/state/evidence-campaign-20261002/receipts/manager/package-identity-979/current-source-011a7709-preparation/prepared-current-source/final-target/release/deps/libsyn-5c282a3283a0af22.rmeta","--cap-lints","allow"],"attempt":"40251bed69047a6297ec7e8e13b3558e","capsule":"6ed1c73bb233f465150939b36d06bdf750c3bb5e3011bdaee780491f16252abd","compiler_unit":"fff151c41ad625ab17858dac418e4316bea40d85a4e4005c2cf40040b2428080","input_seal":"39cff64baba2952c12d1ddf959443af869e77b33bbf72f9711887f9103e1c20f","package":"synstructure@0.14.0:registry+https://github.com/rust-lang/crates.io-index","process":{"cmdline_sha256":"9e0fad979412a3a3da8ebb04dbbf0e969861211ce0634e207bec0bb021308807","pid":769964,"start":"87531226"},"products":["/home/evidence-user/.local/state/evidence-campaign-20261002/receipts/manager/package-identity-979/current-source-011a7709-preparation/prepared-current-source/final-target/release/deps/libsynstructure-34bf7e436a70a578.rlib","/home/evidence-user/.local/state/evidence-campaign-20261002/receipts/manager/package-identity-979/current-source-011a7709-preparation/prepared-current-source/final-target/release/deps/libsynstructure-34bf7e436a70a578.rmeta"],"role":"49a0fbeaf7ea2811d865b68f6e252621940a3b9be3ec1b6b025d0d802f74c4e4","schema":"memra-active-producer-v1","seal":"5806c878d6bbd26b698e9d05e0334638f01076b7a5fdf7904f4dc1874394e067"}
