{"argv":["/home/evidence-user/.rustup/toolchains/1.97.1-x86_64-unknown-linux-gnu/bin/rustc","--crate-name","bitflags","--edition=2021","/home/evidence-user/.local/state/evidence-campaign-20261002/receipts/manager/package-identity-979/current-source-011a7709-preparation/prepared-current-source/package/vendor/bitflags-2.13.1/src/lib.rs","--error-format=json","--json=diagnostic-rendered-ansi,artifacts,future-incompat","--crate-type","lib","--emit=dep-info,metadata,link","-C","opt-level=3","-C","embed-bitcode=no","--check-cfg","cfg(docsrs,test)","--check-cfg","cfg(feature, values(\"arbitrary\", \"bytemuck\", \"example_generated\", \"serde\", \"serde_core\", \"std\"))","-C","metadata=e2533523131b1e22","-C","extra-filename=-6638c9095989522c","--out-dir","/home/evidence-user/.local/state/evidence-campaign-20261002/receipts/manager/package-identity-979/current-source-011a7709-preparation/prepared-current-source/final-target/release/deps","-C","strip=debuginfo","-L","dependency=/home/evidence-user/.local/state/evidence-campaign-20261002/receipts/manager/package-identity-979/current-source-011a7709-preparation/prepared-current-source/final-target/release/deps","--cap-lints","allow"],"attempt":"8a702e1c279f9351bef7cfeb8aa082a3","capsule":"6ed1c73bb233f465150939b36d06bdf750c3bb5e3011bdaee780491f16252abd","compiler_unit":"40571e8b2307db64070679a34b25283d04a2f1b6ce10802317f80b3df306608c","input_seal":"72761113f6690796b2bd74c8ec8f4959ba081f0a40fe93b1d70cec772e6e917b","package":"bitflags@2.13.1:registry+https://github.com/rust-lang/crates.io-index","process":{"cmdline_sha256":"a3fcf5d69888d7be79966803c19b9b10b252e477b1bddff732a0354f48ed115c","pid":830132,"start":"87569081"},"products":["/home/evidence-user/.local/state/evidence-campaign-20261002/receipts/manager/package-identity-979/current-source-011a7709-preparation/prepared-current-source/final-target/release/deps/libbitflags-6638c9095989522c.rlib","/home/evidence-user/.local/state/evidence-campaign-20261002/receipts/manager/package-identity-979/current-source-011a7709-preparation/prepared-current-source/final-target/release/deps/libbitflags-6638c9095989522c.rmeta"],"role":"4e1569dc4462c95b07a81c6e8bcedc4ef3b2c0c5a551da42b5c9fee8dc93df5a","schema":"memra-active-producer-v1","seal":"f444ba9a9b5a4c43cfc954ac3807799077e61882e8a82a71906e1ff06cf30891"}
