{"argv":["/home/evidence-user/.rustup/toolchains/1.97.1-x86_64-unknown-linux-gnu/bin/rustc","--crate-name","ahash","--edition=2018","/home/evidence-user/.local/state/evidence-campaign-20261002/receipts/manager/package-identity-979/current-source-011a7709-preparation/prepared-current-source/package/vendor/ahash-0.8.12/src/lib.rs","--error-format=json","--json=diagnostic-rendered-ansi,artifacts,future-incompat","--crate-type","lib","--emit=dep-info,metadata,link","-C","opt-level=3","-C","embed-bitcode=no","--cfg","feature=\"default\"","--cfg","feature=\"getrandom\"","--cfg","feature=\"runtime-rng\"","--cfg","feature=\"serde\"","--cfg","feature=\"std\"","--check-cfg","cfg(docsrs,test)","--check-cfg","cfg(feature, values(\"atomic-polyfill\", \"compile-time-rng\", \"const-random\", \"default\", \"getrandom\", \"nightly-arm-aes\", \"no-rng\", \"runtime-rng\", \"serde\", \"std\"))","-C","metadata=40d3e4dc3d004c07","-C","extra-filename=-ba2d13af730a4e23","--out-dir","/home/evidence-user/.local/state/evidence-campaign-20261002/receipts/manager/package-identity-979/current-source-011a7709-preparation/prepared-current-source/final-target/release/deps","-C","strip=debuginfo","-L","dependency=/home/evidence-user/.local/state/evidence-campaign-20261002/receipts/manager/package-identity-979/current-source-011a7709-preparation/prepared-current-source/final-target/release/deps","--extern","cfg_if=/home/evidence-user/.local/state/evidence-campaign-20261002/receipts/manager/package-identity-979/current-source-011a7709-preparation/prepared-current-source/final-target/release/deps/libcfg_if-e0048ef2e6fafb0c.rmeta","--extern","getrandom=/home/evidence-user/.local/state/evidence-campaign-20261002/receipts/manager/package-identity-979/current-source-011a7709-preparation/prepared-current-source/final-target/release/deps/libgetrandom-01b8510651c2c1c1.rmeta","--extern","once_cell=/home/evidence-user/.local/state/evidence-campaign-20261002/receipts/manager/package-identity-979/current-source-011a7709-preparation/prepared-current-source/final-target/release/deps/libonce_cell-6af55020c7787484.rmeta","--extern","serde=/home/evidence-user/.local/state/evidence-campaign-20261002/receipts/manager/package-identity-979/current-source-011a7709-preparation/prepared-current-source/final-target/release/deps/libserde-36c2ed6a9d64e815.rmeta","--extern","zerocopy=/home/evidence-user/.local/state/evidence-campaign-20261002/receipts/manager/package-identity-979/current-source-011a7709-preparation/prepared-current-source/final-target/release/deps/libzerocopy-bd96da140a3d42ba.rmeta","--cap-lints","allow","--cfg","folded_multiply","--check-cfg","cfg(specialize)","--check-cfg","cfg(folded_multiply)"],"attempt":"0a698129edfc1a7e5e593e6a821a363e","capsule":"6ed1c73bb233f465150939b36d06bdf750c3bb5e3011bdaee780491f16252abd","compiler_unit":"269f8b05aeadebf621ac8e18c7e6efedb48013834e98782442203b201656ccbf","input_seal":"5b62461747c94894ddb334c3ea4942a8d4e1b229fd95b31f4dbfa02da85d5e83","package":"ahash@0.8.12:registry+https://github.com/rust-lang/crates.io-index","process":{"cmdline_sha256":"796dbbd72e0f1ebfaedc381ac491523929b32a03b5534dd0038e93b76abcdd24","pid":845670,"start":"87581229"},"products":["/home/evidence-user/.local/state/evidence-campaign-20261002/receipts/manager/package-identity-979/current-source-011a7709-preparation/prepared-current-source/final-target/release/deps/libahash-ba2d13af730a4e23.rlib","/home/evidence-user/.local/state/evidence-campaign-20261002/receipts/manager/package-identity-979/current-source-011a7709-preparation/prepared-current-source/final-target/release/deps/libahash-ba2d13af730a4e23.rmeta"],"role":"0982644edb9758a24cc4095c9a235437ea26114fa14dae801016534197388bde","schema":"memra-active-producer-v1","seal":"e3eb50d601a4dd804e30c82aed9c6df4dee057323c1c211d5d00d63ac4846aae"}
