{"argv":["/home/evidence-user/.rustup/toolchains/1.97.1-x86_64-unknown-linux-gnu/bin/rustc","--crate-name","getrandom","--edition=2021","/home/evidence-user/.local/state/evidence-campaign-20261002/receipts/manager/package-identity-979/current-source-011a7709-preparation/prepared-current-source/package/vendor/getrandom-0.3.4/src/lib.rs","--error-format=json","--json=diagnostic-rendered-ansi,artifacts,future-incompat","--crate-type","lib","--emit=dep-info,metadata,link","-C","opt-level=3","-C","embed-bitcode=no","--warn=unexpected_cfgs","--check-cfg","cfg(getrandom_backend, values(\"custom\", \"efi_rng\", \"rdrand\", \"rndr\", \"linux_getrandom\", \"linux_raw\", \"wasm_js\", \"windows_legacy\", \"unsupported\"))","--check-cfg","cfg(getrandom_msan)","--check-cfg","cfg(getrandom_test_linux_fallback)","--check-cfg","cfg(getrandom_test_linux_without_fallback)","--check-cfg","cfg(getrandom_test_netbsd_fallback)","--check-cfg","cfg(target_os, values(\"cygwin\"))","--check-cfg","cfg(docsrs,test)","--check-cfg","cfg(feature, values(\"std\", \"wasm_js\"))","-C","metadata=2784dd1245c0c004","-C","extra-filename=-01b8510651c2c1c1","--out-dir","/home/evidence-user/.local/state/evidence-campaign-20261002/receipts/manager/package-identity-979/current-source-011a7709-preparation/prepared-current-source/final-target/release/deps","-C","strip=debuginfo","-L","dependency=/home/evidence-user/.local/state/evidence-campaign-20261002/receipts/manager/package-identity-979/current-source-011a7709-preparation/prepared-current-source/final-target/release/deps","--extern","cfg_if=/home/evidence-user/.local/state/evidence-campaign-20261002/receipts/manager/package-identity-979/current-source-011a7709-preparation/prepared-current-source/final-target/release/deps/libcfg_if-e0048ef2e6fafb0c.rmeta","--extern","libc=/home/evidence-user/.local/state/evidence-campaign-20261002/receipts/manager/package-identity-979/current-source-011a7709-preparation/prepared-current-source/final-target/release/deps/liblibc-436a9c23a73f2f62.rmeta","--cap-lints","allow"],"attempt":"fab7c52470584a525e125f4cfe45e94a","capsule":"6ed1c73bb233f465150939b36d06bdf750c3bb5e3011bdaee780491f16252abd","compiler_unit":"d952c3ca2c1d0e7ea67e7da2e5f012111b955b19e637b4e5ed021e215f00e402","input_seal":"6f0227e206af519462f8691545ba4a276393e598e88c1633ede956ff9746c410","package":"getrandom@0.3.4:registry+https://github.com/rust-lang/crates.io-index","process":{"cmdline_sha256":"3b1a3bfac3aa2b2fe4dc6cb6fb7601b83060fc07d698711e64092a54e9c5d0d2","pid":836662,"start":"87574904"},"products":["/home/evidence-user/.local/state/evidence-campaign-20261002/receipts/manager/package-identity-979/current-source-011a7709-preparation/prepared-current-source/final-target/release/deps/libgetrandom-01b8510651c2c1c1.rlib","/home/evidence-user/.local/state/evidence-campaign-20261002/receipts/manager/package-identity-979/current-source-011a7709-preparation/prepared-current-source/final-target/release/deps/libgetrandom-01b8510651c2c1c1.rmeta"],"role":"778d7fa70d4db52c7ecf0e5c8dd4aafb87fa526091645615372d5e1d0f1eaa68","schema":"memra-active-producer-v1","seal":"c96f6b129f1c92fa572abc50a8709fe94f45be358f01e4f3be3f73f4b808a950"}
