{"argv":["/home/evidence-user/.rustup/toolchains/1.97.1-x86_64-unknown-linux-gnu/bin/rustc","--crate-name","rayon","--edition=2021","/home/evidence-user/.local/state/evidence-campaign-20261002/receipts/manager/package-identity-979/current-source-011a7709-preparation/prepared-current-source/package/vendor/rayon-1.12.0/src/lib.rs","--error-format=json","--json=diagnostic-rendered-ansi,artifacts,future-incompat","--crate-type","lib","--emit=dep-info,metadata,link","-C","opt-level=3","-C","embed-bitcode=no","--check-cfg","cfg(docsrs,test)","--check-cfg","cfg(feature, values(\"web_spin_lock\"))","-C","metadata=3db5fa2ff5ccf566","-C","extra-filename=-68575c357ce1fb86","--out-dir","/home/evidence-user/.local/state/evidence-campaign-20261002/receipts/manager/package-identity-979/current-source-011a7709-preparation/prepared-current-source/final-target/release/deps","-C","strip=debuginfo","-L","dependency=/home/evidence-user/.local/state/evidence-campaign-20261002/receipts/manager/package-identity-979/current-source-011a7709-preparation/prepared-current-source/final-target/release/deps","--extern","either=/home/evidence-user/.local/state/evidence-campaign-20261002/receipts/manager/package-identity-979/current-source-011a7709-preparation/prepared-current-source/final-target/release/deps/libeither-1489085e397e02c9.rmeta","--extern","rayon_core=/home/evidence-user/.local/state/evidence-campaign-20261002/receipts/manager/package-identity-979/current-source-011a7709-preparation/prepared-current-source/final-target/release/deps/librayon_core-67e40f0a0bf2d470.rmeta","--cap-lints","allow"],"attempt":"97790722ae743964ccb6ebb45b44b694","capsule":"6ed1c73bb233f465150939b36d06bdf750c3bb5e3011bdaee780491f16252abd","compiler_unit":"8dd213f5539aab8fcb61332df18ba94e46e7585f70ecc13bcb20b0f3ca961376","input_seal":"e786091b4d42f8c1941bc943922129ed4bb91d946fd75b3998241ebec8ce754e","package":"rayon@1.12.0:registry+https://github.com/rust-lang/crates.io-index","process":{"cmdline_sha256":"57e28de04f6b4f956b5af7dc6c84c0677ba25ca7a2ffa335a0502f7927596446","pid":868973,"start":"87598571"},"products":["/home/evidence-user/.local/state/evidence-campaign-20261002/receipts/manager/package-identity-979/current-source-011a7709-preparation/prepared-current-source/final-target/release/deps/librayon-68575c357ce1fb86.rlib","/home/evidence-user/.local/state/evidence-campaign-20261002/receipts/manager/package-identity-979/current-source-011a7709-preparation/prepared-current-source/final-target/release/deps/librayon-68575c357ce1fb86.rmeta"],"role":"2d9081579d4a3147e6dbb62d6e4a9a0d701ed57675e55ddc6ffa8da20bbb524f","schema":"memra-active-producer-v1","seal":"6f51076e22713e4657a724e03fcb8b36e898bf8e7aca7607db2a5ac8ecee0ef1"}
