{"argv":["/home/evidence-user/.rustup/toolchains/1.97.1-x86_64-unknown-linux-gnu/bin/rustc","--crate-name","tower_http","--edition=2018","/home/evidence-user/.local/state/evidence-campaign-20261002/receipts/manager/package-identity-979/current-source-011a7709-preparation/prepared-current-source/package/vendor/tower-http-0.6.11/src/lib.rs","--error-format=json","--json=diagnostic-rendered-ansi,artifacts,future-incompat","--crate-type","lib","--emit=dep-info,metadata,link","-C","opt-level=3","-C","embed-bitcode=no","--cfg","feature=\"follow-redirect\"","--cfg","feature=\"futures-util\"","--cfg","feature=\"tower\"","--check-cfg","cfg(docsrs,test)","--check-cfg","cfg(feature, values(\"add-extension\", \"async-compression\", \"auth\", \"base64\", \"catch-panic\", \"compression-br\", \"compression-deflate\", \"compression-full\", \"compression-gzip\", \"compression-zstd\", \"cors\", \"decompression-br\", \"decompression-deflate\", \"decompression-full\", \"decompression-gzip\", \"decompression-zstd\", \"default\", \"follow-redirect\", \"fs\", \"full\", \"futures-core\", \"futures-util\", \"httpdate\", \"limit\", \"map-request-body\", \"map-response-body\", \"metrics\", \"mime\", \"mime_guess\", \"normalize-path\", \"on-early-drop\", \"percent-encoding\", \"propagate-header\", \"redirect\", \"request-id\", \"sensitive-headers\", \"set-header\", \"set-status\", \"timeout\", \"tokio\", \"tokio-util\", \"tower\", \"trace\", \"tracing\", \"util\", \"uuid\", \"validate-request\"))","-C","metadata=fa65e406dfaca4d6","-C","extra-filename=-23dd503210dbf0b8","--out-dir","/home/evidence-user/.local/state/evidence-campaign-20261002/receipts/manager/package-identity-979/current-source-011a7709-preparation/prepared-current-source/final-target/release/deps","-C","strip=debuginfo","-L","dependency=/home/evidence-user/.local/state/evidence-campaign-20261002/receipts/manager/package-identity-979/current-source-011a7709-preparation/prepared-current-source/final-target/release/deps","--extern","bitflags=/home/evidence-user/.local/state/evidence-campaign-20261002/receipts/manager/package-identity-979/current-source-011a7709-preparation/prepared-current-source/final-target/release/deps/libbitflags-6638c9095989522c.rmeta","--extern","bytes=/home/evidence-user/.local/state/evidence-campaign-20261002/receipts/manager/package-identity-979/current-source-011a7709-preparation/prepared-current-source/final-target/release/deps/libbytes-88e92bfdbfbc6f7b.rmeta","--extern","futures_util=/home/evidence-user/.local/state/evidence-campaign-20261002/receipts/manager/package-identity-979/current-source-011a7709-preparation/prepared-current-source/final-target/release/deps/libfutures_util-250b9bad48833936.rmeta","--extern","http=/home/evidence-user/.local/state/evidence-campaign-20261002/receipts/manager/package-identity-979/current-source-011a7709-preparation/prepared-current-source/final-target/release/deps/libhttp-7fc0314bd0c6240b.rmeta","--extern","http_body=/home/evidence-user/.local/state/evidence-campaign-20261002/receipts/manager/package-identity-979/current-source-011a7709-preparation/prepared-current-source/final-target/release/deps/libhttp_body-29dc034a7d978e6c.rmeta","--extern","pin_project_lite=/home/evidence-user/.local/state/evidence-campaign-20261002/receipts/manager/package-identity-979/current-source-011a7709-preparation/prepared-current-source/final-target/release/deps/libpin_project_lite-8708f2f82bb68f5f.rmeta","--extern","tower=/home/evidence-user/.local/state/evidence-campaign-20261002/receipts/manager/package-identity-979/current-source-011a7709-preparation/prepared-current-source/final-target/release/deps/libtower-37b045af6d5e5a5e.rmeta","--extern","tower_layer=/home/evidence-user/.local/state/evidence-campaign-20261002/receipts/manager/package-identity-979/current-source-011a7709-preparation/prepared-current-source/final-target/release/deps/libtower_layer-5084e37b6a1faf29.rmeta","--extern","tower_service=/home/evidence-user/.local/state/evidence-campaign-20261002/receipts/manager/package-identity-979/current-source-011a7709-preparation/prepared-current-source/final-target/release/deps/libtower_service-39f565d9f01c7a97.rmeta","--extern","url=/home/evidence-user/.local/state/evidence-campaign-20261002/receipts/manager/package-identity-979/current-source-011a7709-preparation/prepared-current-source/final-target/release/deps/liburl-71d91f989b6ca633.rmeta","--cap-lints","allow"],"attempt":"4472ec75bccb01b257ff38940fa5c406","capsule":"6ed1c73bb233f465150939b36d06bdf750c3bb5e3011bdaee780491f16252abd","compiler_unit":"667f5acbdfe5921b864b0ade3e9791d1962aec73acf81f58c3e3c4ff9cdb3c78","input_seal":"5b270596fad4747b9baebfc37a32d2842abb13cd6402ce17c8f939dcd01e997b","package":"tower-http@0.6.11:registry+https://github.com/rust-lang/crates.io-index","process":{"cmdline_sha256":"3f033be9547537e10fc71841de97ffd0fe530d9708fc6315e5fab6cb50829ea8","pid":873320,"start":"87600926"},"products":["/home/evidence-user/.local/state/evidence-campaign-20261002/receipts/manager/package-identity-979/current-source-011a7709-preparation/prepared-current-source/final-target/release/deps/libtower_http-23dd503210dbf0b8.rlib","/home/evidence-user/.local/state/evidence-campaign-20261002/receipts/manager/package-identity-979/current-source-011a7709-preparation/prepared-current-source/final-target/release/deps/libtower_http-23dd503210dbf0b8.rmeta"],"role":"1ae5f512d5734bb3b70ae8d360bd61feb8f14225c34ab40fb9848eb14a1325b2","schema":"memra-active-producer-v1","seal":"a84bd5e66b29037a83a4ec4f4a5da8cd5b93380e4a73b60b99c636f379633caa"}
