{"argv":["/home/evidence-user/.rustup/toolchains/1.97.1-x86_64-unknown-linux-gnu/bin/rustc","--crate-name","memra_sampling","--edition=2021","/home/evidence-user/.local/state/evidence-campaign-20261002/receipts/manager/package-identity-979/current-source-011a7709-preparation/prepared-current-source/package/vendor/memra-sampling-0.138.0/src/lib.rs","--error-format=json","--json=diagnostic-rendered-ansi,artifacts,future-incompat","--crate-type","lib","--emit=dep-info,metadata,link","-C","opt-level=3","-C","embed-bitcode=no","--check-cfg","cfg(docsrs,test)","--check-cfg","cfg(feature, values())","-C","metadata=89b9c96a92219e7e","-C","extra-filename=-6c58bef0c60dbe49","--out-dir","/home/evidence-user/.local/state/evidence-campaign-20261002/receipts/manager/package-identity-979/current-source-011a7709-preparation/prepared-current-source/final-target/release/deps","-C","strip=debuginfo","-L","dependency=/home/evidence-user/.local/state/evidence-campaign-20261002/receipts/manager/package-identity-979/current-source-011a7709-preparation/prepared-current-source/final-target/release/deps","--cap-lints","allow"],"attempt":"b08d4b3e110dfa290bc673c633e7d98c","capsule":"6ed1c73bb233f465150939b36d06bdf750c3bb5e3011bdaee780491f16252abd","compiler_unit":"af45677620ce2bcbaa7c3b815ce5a26349f0854e634433ae96bce7de192e14e1","input_seal":"7cbd92fe74a1337362be70b755447a938db7420543b0f102b9ddc8f6a9755803","package":"memra-sampling@0.138.0:registry+https://github.com/rust-lang/crates.io-index","process":{"cmdline_sha256":"552dad6319c4ebfb2c4a14f6bc9ce14bfb464e8da955ee989ed489a929fc86a6","pid":893822,"start":"87607584"},"products":["/home/evidence-user/.local/state/evidence-campaign-20261002/receipts/manager/package-identity-979/current-source-011a7709-preparation/prepared-current-source/final-target/release/deps/libmemra_sampling-6c58bef0c60dbe49.rlib","/home/evidence-user/.local/state/evidence-campaign-20261002/receipts/manager/package-identity-979/current-source-011a7709-preparation/prepared-current-source/final-target/release/deps/libmemra_sampling-6c58bef0c60dbe49.rmeta"],"role":"4dd5905ab0fa6e47d295f9ac24e43c3c30ce7797fda97165764e0da85e0f7e88","schema":"memra-active-producer-v1","seal":"87f5e40aa14dff70b016746b58f2dd61e56af6bbd4618507b350f8c8cfb275a1"}
