{"argv":["/home/evidence-user/.rustup/toolchains/1.97.1-x86_64-unknown-linux-gnu/bin/rustc","--crate-name","serde","--edition=2021","/home/evidence-user/.local/state/evidence-campaign-20261002/receipts/manager/package-identity-979/current-source-011a7709-preparation/prepared-current-source/package/vendor/serde-1.0.228/src/lib.rs","--error-format=json","--json=diagnostic-rendered-ansi,artifacts,future-incompat","--crate-type","lib","--emit=dep-info,metadata,link","-C","embed-bitcode=no","-C","debug-assertions=off","--cfg","feature=\"default\"","--cfg","feature=\"std\"","--check-cfg","cfg(docsrs,test)","--check-cfg","cfg(feature, values(\"alloc\", \"default\", \"derive\", \"rc\", \"serde_derive\", \"std\", \"unstable\"))","-C","metadata=62436f648963341b","-C","extra-filename=-1b2c9ec884aa5ea8","--out-dir","/home/evidence-user/.local/state/evidence-campaign-20261002/receipts/manager/package-identity-979/current-source-011a7709-preparation/prepared-current-source/final-target/release/deps","-C","strip=debuginfo","-L","dependency=/home/evidence-user/.local/state/evidence-campaign-20261002/receipts/manager/package-identity-979/current-source-011a7709-preparation/prepared-current-source/final-target/release/deps","--extern","serde_core=/home/evidence-user/.local/state/evidence-campaign-20261002/receipts/manager/package-identity-979/current-source-011a7709-preparation/prepared-current-source/final-target/release/deps/libserde_core-d41b078786fca0ef.rmeta","--cap-lints","allow","--cfg","if_docsrs_then_no_serde_core","--check-cfg","cfg(feature, values(\"result\"))","--check-cfg","cfg(if_docsrs_then_no_serde_core)","--check-cfg","cfg(no_core_cstr)","--check-cfg","cfg(no_core_error)","--check-cfg","cfg(no_core_net)","--check-cfg","cfg(no_core_num_saturating)","--check-cfg","cfg(no_diagnostic_namespace)","--check-cfg","cfg(no_serde_derive)","--check-cfg","cfg(no_std_atomic)","--check-cfg","cfg(no_std_atomic64)","--check-cfg","cfg(no_target_has_atomic)"],"attempt":"847d7b5caf4f9d7f8b220c6b84f5dfe5","capsule":"6ed1c73bb233f465150939b36d06bdf750c3bb5e3011bdaee780491f16252abd","compiler_unit":"f31f234e5ee44d2f3672f169c30d32cacd5ce3d6def48328d906802f997a0e3b","input_seal":"3747dc101abe289c409f13eb49e5c970b7abe1a26680a1da41633ceb1b0092b3","package":"serde@1.0.228:registry+https://github.com/rust-lang/crates.io-index","process":{"cmdline_sha256":"b6d04940079b7234182d1db855e93d072f77ec4fd1a1dfd223074917fef7dd33","pid":801640,"start":"87552793"},"products":["/home/evidence-user/.local/state/evidence-campaign-20261002/receipts/manager/package-identity-979/current-source-011a7709-preparation/prepared-current-source/final-target/release/deps/libserde-1b2c9ec884aa5ea8.rlib","/home/evidence-user/.local/state/evidence-campaign-20261002/receipts/manager/package-identity-979/current-source-011a7709-preparation/prepared-current-source/final-target/release/deps/libserde-1b2c9ec884aa5ea8.rmeta"],"role":"bd1dc6e33c3453a7d92c525185ed60fcc006b80be818beab65e5e1bc2a62b84c","schema":"memra-active-producer-v1","seal":"dd6d0c578b1dd5f2ac2bf35a19884694ca5a30467f34ada8dad58e1ad11293ff"}
