{"argv":["/home/evidence-user/.rustup/toolchains/1.97.1-x86_64-unknown-linux-gnu/bin/rustc","--crate-name","typenum","--edition=2018","/home/evidence-user/.local/state/evidence-campaign-20261002/receipts/manager/package-identity-979/current-source-011a7709-preparation/prepared-current-source/package/vendor/typenum-1.20.1/src/lib.rs","--error-format=json","--json=diagnostic-rendered-ansi,artifacts,future-incompat","--crate-type","lib","--emit=dep-info,metadata,link","-C","opt-level=3","-C","embed-bitcode=no","--check-cfg","cfg(docsrs,test)","--check-cfg","cfg(feature, values(\"const-generics\", \"i128\", \"scale-info\", \"scale_info\", \"strict\"))","-C","metadata=5b2baa552dc0bfa1","-C","extra-filename=-3ddd1914380fe8d4","--out-dir","/home/evidence-user/.local/state/evidence-campaign-20261002/receipts/manager/package-identity-979/current-source-011a7709-preparation/prepared-current-source/final-target/release/deps","-C","strip=debuginfo","-L","dependency=/home/evidence-user/.local/state/evidence-campaign-20261002/receipts/manager/package-identity-979/current-source-011a7709-preparation/prepared-current-source/final-target/release/deps","--cap-lints","allow"],"attempt":"31c0aa8bce4536f338f431c53dc7eecb","capsule":"6ed1c73bb233f465150939b36d06bdf750c3bb5e3011bdaee780491f16252abd","compiler_unit":"33058a96e7cf06d97a63fa4dd2710420c1a075a949e7105315e66b70d784af42","input_seal":"4081b9a414c7ca75713ca1c0870647b96e91c6b151f0acaad754f33003838bdb","package":"typenum@1.20.1:registry+https://github.com/rust-lang/crates.io-index","process":{"cmdline_sha256":"fad41f84f753f68922e461769bd9f3932642210d62516cedbfe1dbbee1c326fc","pid":777119,"start":"87538099"},"products":["/home/evidence-user/.local/state/evidence-campaign-20261002/receipts/manager/package-identity-979/current-source-011a7709-preparation/prepared-current-source/final-target/release/deps/libtypenum-3ddd1914380fe8d4.rlib","/home/evidence-user/.local/state/evidence-campaign-20261002/receipts/manager/package-identity-979/current-source-011a7709-preparation/prepared-current-source/final-target/release/deps/libtypenum-3ddd1914380fe8d4.rmeta"],"role":"646684e02fdf8ec4a1bf7a5500ed2b1df02ff3c7e6a11898f7384815ba086e63","schema":"memra-active-producer-v1","seal":"015ecb3a773b286f118651f43255277a5952e783466ceca4f52c6262fd4e6497"}
