{"argv":["/home/evidence-user/.rustup/toolchains/1.97.1-x86_64-unknown-linux-gnu/bin/rustc","--crate-name","ryu","--edition=2021","/home/evidence-user/.local/state/evidence-campaign-20261002/receipts/manager/package-identity-979/current-source-011a7709-preparation/prepared-current-source/package/vendor/ryu-1.0.23/src/lib.rs","--error-format=json","--json=diagnostic-rendered-ansi,artifacts,future-incompat","--crate-type","lib","--emit=dep-info,metadata,link","-C","opt-level=3","-C","embed-bitcode=no","--check-cfg","cfg(docsrs,test)","--check-cfg","cfg(feature, values(\"no-panic\", \"small\"))","-C","metadata=cea4cad28cf83403","-C","extra-filename=-99af67541e722d0d","--out-dir","/home/evidence-user/.local/state/evidence-campaign-20261002/receipts/manager/package-identity-979/current-source-011a7709-preparation/prepared-current-source/final-target/release/deps","-C","strip=debuginfo","-L","dependency=/home/evidence-user/.local/state/evidence-campaign-20261002/receipts/manager/package-identity-979/current-source-011a7709-preparation/prepared-current-source/final-target/release/deps","--cap-lints","allow"],"attempt":"385b3a1a7deaec625ac46cd13300705e","capsule":"6ed1c73bb233f465150939b36d06bdf750c3bb5e3011bdaee780491f16252abd","compiler_unit":"8d416ad295a646ab43103ea236e48d00e4f452f12b7a4d75ca797a503c0923d7","input_seal":"095e56b12796d6c0160a836737f1eb2f2b0a8bf7fa712a7609b836c2b0865692","package":"ryu@1.0.23:registry+https://github.com/rust-lang/crates.io-index","process":{"cmdline_sha256":"848880941eab29a64262b45bcf7baa8ba8361929aea7f79c9098a052900c861f","pid":867461,"start":"87596960"},"products":["/home/evidence-user/.local/state/evidence-campaign-20261002/receipts/manager/package-identity-979/current-source-011a7709-preparation/prepared-current-source/final-target/release/deps/libryu-99af67541e722d0d.rlib","/home/evidence-user/.local/state/evidence-campaign-20261002/receipts/manager/package-identity-979/current-source-011a7709-preparation/prepared-current-source/final-target/release/deps/libryu-99af67541e722d0d.rmeta"],"role":"a23f629a728c07b8e898b0571144eeaeb45c8c18e081625e1444304e771adccf","schema":"memra-active-producer-v1","seal":"401a731b61b81c4e9d38832640d39a5bf81023b063cc49d51418b83013439be2"}
