{"argv":["/home/evidence-user/.rustup/toolchains/1.97.1-x86_64-unknown-linux-gnu/bin/rustc","--crate-name","cmake","--edition=2021","/home/evidence-user/.local/state/evidence-campaign-20261002/receipts/manager/package-identity-979/current-source-011a7709-preparation/prepared-current-source/package/vendor/cmake-0.1.58/src/lib.rs","--error-format=json","--json=diagnostic-rendered-ansi,artifacts,future-incompat","--crate-type","lib","--emit=dep-info,metadata,link","-C","embed-bitcode=no","-C","debug-assertions=off","--check-cfg","cfg(docsrs,test)","--check-cfg","cfg(feature, values())","-C","metadata=1f4a8429aa76f73e","-C","extra-filename=-b1f7a516a14ce837","--out-dir","/home/evidence-user/.local/state/evidence-campaign-20261002/receipts/manager/package-identity-979/current-source-011a7709-preparation/prepared-current-source/final-target/release/deps","-C","strip=debuginfo","-L","dependency=/home/evidence-user/.local/state/evidence-campaign-20261002/receipts/manager/package-identity-979/current-source-011a7709-preparation/prepared-current-source/final-target/release/deps","--extern","cc=/home/evidence-user/.local/state/evidence-campaign-20261002/receipts/manager/package-identity-979/current-source-011a7709-preparation/prepared-current-source/final-target/release/deps/libcc-293c89be170640b7.rmeta","--cap-lints","allow"],"attempt":"1001ea7cb74ab385f4e95a388e88ac93","capsule":"6ed1c73bb233f465150939b36d06bdf750c3bb5e3011bdaee780491f16252abd","compiler_unit":"0b77b7c418704a8e8fd989029f90fd7042ec433ccfaedb1ba2a487c08a10004c","input_seal":"bc809bf6ab50dcdca77031a712f84d57e547ea8936c4200fcab1b91194fed622","package":"cmake@0.1.58:registry+https://github.com/rust-lang/crates.io-index","process":{"cmdline_sha256":"55c283fb8df1c02615463554c31e972fffbe4397bca75a525185f7892374e311","pid":775877,"start":"87536454"},"products":["/home/evidence-user/.local/state/evidence-campaign-20261002/receipts/manager/package-identity-979/current-source-011a7709-preparation/prepared-current-source/final-target/release/deps/libcmake-b1f7a516a14ce837.rlib","/home/evidence-user/.local/state/evidence-campaign-20261002/receipts/manager/package-identity-979/current-source-011a7709-preparation/prepared-current-source/final-target/release/deps/libcmake-b1f7a516a14ce837.rmeta"],"role":"57dbb37684b6d568e4c3b8d74b74d724737949e434d06b74aa0c7de19d6b28e8","schema":"memra-active-producer-v1","seal":"ba249bfa08769a52b46de712eb3cdab6cdd5ec2f35c3329d3d9d3cb255b73521"}
