{"argv":["/home/evidence-user/.rustup/toolchains/1.97.1-x86_64-unknown-linux-gnu/bin/rustc","--crate-name","build_script_build","--edition=2021","/home/evidence-user/.local/state/evidence-campaign-20261002/receipts/manager/package-identity-979/current-source-011a7709-preparation/prepared-current-source/package/vendor/serde-1.0.228/build.rs","--error-format=json","--json=diagnostic-rendered-ansi,artifacts,future-incompat","--crate-type","bin","--emit=dep-info,link","-C","embed-bitcode=no","-C","debug-assertions=off","--cfg","feature=\"default\"","--cfg","feature=\"derive\"","--cfg","feature=\"serde_derive\"","--cfg","feature=\"std\"","--check-cfg","cfg(docsrs,test)","--check-cfg","cfg(feature, values(\"alloc\", \"default\", \"derive\", \"rc\", \"serde_derive\", \"std\", \"unstable\"))","-C","metadata=ecb69cf892b2bdc3","-C","extra-filename=-b1025b5154d99c0c","--out-dir","/home/evidence-user/.local/state/evidence-campaign-20261002/receipts/manager/package-identity-979/current-source-011a7709-preparation/prepared-current-source/final-target/release/build/serde-b1025b5154d99c0c","-C","strip=debuginfo","-L","dependency=/home/evidence-user/.local/state/evidence-campaign-20261002/receipts/manager/package-identity-979/current-source-011a7709-preparation/prepared-current-source/final-target/release/deps","--cap-lints","allow"],"attempt":"6a4d084848840563db68f3a1b37c1401","capsule":"6ed1c73bb233f465150939b36d06bdf750c3bb5e3011bdaee780491f16252abd","compiler_unit":"14514348c49b07cd41e8df5df63c60ba4c11859f2cf1b04ca89e0bbafbfe4673","input_seal":"f49f34ad05ea6d370cc958686ad26e7f1a351ff49d1be43ea8e51e8aeb567d30","package":"serde@1.0.228:registry+https://github.com/rust-lang/crates.io-index","process":{"cmdline_sha256":"a9db82a5e4e18488c61950450773b94075b51ebc0af04a238fcf572ae846e3bb","pid":768594,"start":"87528153"},"products":["/home/evidence-user/.local/state/evidence-campaign-20261002/receipts/manager/package-identity-979/current-source-011a7709-preparation/prepared-current-source/final-target/release/build/serde-b1025b5154d99c0c/build_script_build-b1025b5154d99c0c"],"role":"454de27c35ac333a4418256adaaaba4b587017ec50bfbcc024d735068f652a38","schema":"memra-active-producer-v1","seal":"73ace3a44bd61fce86ff34574c602a4ff2bdbac977622484c97c45d03d98f3a5"}
