{"argv":["/home/evidence-user/.rustup/toolchains/1.97.1-x86_64-unknown-linux-gnu/bin/rustc","--crate-name","build_script_build","--edition=2021","/home/evidence-user/.local/state/evidence-campaign-20261002/receipts/manager/package-identity-979/current-source-011a7709-preparation/prepared-current-source/package/vendor/ref-cast-1.0.26/build.rs","--error-format=json","--json=diagnostic-rendered-ansi,artifacts,future-incompat","--crate-type","bin","--emit=dep-info,link","-C","embed-bitcode=no","-C","debug-assertions=off","--check-cfg","cfg(docsrs,test)","--check-cfg","cfg(feature, values())","-C","metadata=6c98d2159f8e6554","-C","extra-filename=-f1fc429a9c9dd7fb","--out-dir","/home/evidence-user/.local/state/evidence-campaign-20261002/receipts/manager/package-identity-979/current-source-011a7709-preparation/prepared-current-source/final-target/release/build/ref-cast-f1fc429a9c9dd7fb","-C","strip=debuginfo","-L","dependency=/home/evidence-user/.local/state/evidence-campaign-20261002/receipts/manager/package-identity-979/current-source-011a7709-preparation/prepared-current-source/final-target/release/deps","--cap-lints","allow"],"attempt":"94744ee8d9306b39498faa85c28e5a7f","capsule":"6ed1c73bb233f465150939b36d06bdf750c3bb5e3011bdaee780491f16252abd","compiler_unit":"a9b0adaa6e11920a411ad73e067efba9f27077740a35ac43c81f662eac919b8a","input_seal":"a12325c3c0614d71af6dab36fc33742cc5296f3761c2015067003a19e2cd6dc6","package":"ref-cast@1.0.26:registry+https://github.com/rust-lang/crates.io-index","process":{"cmdline_sha256":"eb53746889d6bda8328bb74a66e4f7d2a952c1ac20e2e5ab4c13c6dc26b69fad","pid":826329,"start":"87566983"},"products":["/home/evidence-user/.local/state/evidence-campaign-20261002/receipts/manager/package-identity-979/current-source-011a7709-preparation/prepared-current-source/final-target/release/build/ref-cast-f1fc429a9c9dd7fb/build_script_build-f1fc429a9c9dd7fb"],"role":"54eb5821b35ab99aa184f1882844877d1edc0dcc6c4c93000b2b9c2e4fef09b2","schema":"memra-active-producer-v1","seal":"5c476a4d15ec3400a1c1fe6469926a19f4ab6900292236c1ab1953ae889b58a5"}
