{"argv":["/home/evidence-user/.rustup/toolchains/1.97.1-x86_64-unknown-linux-gnu/bin/rustc","--crate-name","idna_adapter","--edition=2024","/home/evidence-user/.local/state/evidence-campaign-20261002/receipts/manager/package-identity-979/current-source-011a7709-preparation/prepared-current-source/package/vendor/idna_adapter-1.2.2/src/lib.rs","--error-format=json","--json=diagnostic-rendered-ansi,artifacts,future-incompat","--crate-type","lib","--emit=dep-info,metadata,link","-C","opt-level=3","-C","embed-bitcode=no","--cfg","feature=\"compiled_data\"","--check-cfg","cfg(docsrs,test)","--check-cfg","cfg(feature, values(\"compiled_data\"))","-C","metadata=e17e89e5f549bce2","-C","extra-filename=-640fa35b82cc5a9d","--out-dir","/home/evidence-user/.local/state/evidence-campaign-20261002/receipts/manager/package-identity-979/current-source-011a7709-preparation/prepared-current-source/final-target/release/deps","-C","strip=debuginfo","-L","dependency=/home/evidence-user/.local/state/evidence-campaign-20261002/receipts/manager/package-identity-979/current-source-011a7709-preparation/prepared-current-source/final-target/release/deps","--extern","icu_normalizer=/home/evidence-user/.local/state/evidence-campaign-20261002/receipts/manager/package-identity-979/current-source-011a7709-preparation/prepared-current-source/final-target/release/deps/libicu_normalizer-b8da1132ac2936ca.rmeta","--extern","icu_properties=/home/evidence-user/.local/state/evidence-campaign-20261002/receipts/manager/package-identity-979/current-source-011a7709-preparation/prepared-current-source/final-target/release/deps/libicu_properties-a199a43322bd8e8d.rmeta","--cap-lints","allow"],"attempt":"b0ee1dfd1134832b54cb4d12bf639764","capsule":"6ed1c73bb233f465150939b36d06bdf750c3bb5e3011bdaee780491f16252abd","compiler_unit":"dd0db9f24e6e823565c13401d988af381d53ebaaba364f47c031ae5047512c67","input_seal":"a2d6c97a583be899a1137175715a86e07f43badcb0f0f86871a5f11b054ad4a6","package":"idna_adapter@1.2.2:registry+https://github.com/rust-lang/crates.io-index","process":{"cmdline_sha256":"ac6a569e98345a40c31064b7522b4ab2bf4b23299e4e77656fc97b43cb6370e6","pid":836014,"start":"87574126"},"products":["/home/evidence-user/.local/state/evidence-campaign-20261002/receipts/manager/package-identity-979/current-source-011a7709-preparation/prepared-current-source/final-target/release/deps/libidna_adapter-640fa35b82cc5a9d.rlib","/home/evidence-user/.local/state/evidence-campaign-20261002/receipts/manager/package-identity-979/current-source-011a7709-preparation/prepared-current-source/final-target/release/deps/libidna_adapter-640fa35b82cc5a9d.rmeta"],"role":"a45b1e3243e3741ae25ae6bdb308e8198490aac1df417328f57264d37aaf6731","schema":"memra-active-producer-v1","seal":"5095e4ba4aa47ce1d8a4f9cbb6e24be9f8240e1f3685d5a1c1190266aa9ed2d9"}
