{"argv":["/home/evidence-user/.rustup/toolchains/1.97.1-x86_64-unknown-linux-gnu/bin/rustc","--crate-name","sha2","--edition=2018","/home/evidence-user/.local/state/evidence-campaign-20261002/receipts/manager/package-identity-979/current-source-011a7709-preparation/prepared-current-source/package/vendor/sha2-0.10.9/src/lib.rs","--error-format=json","--json=diagnostic-rendered-ansi,artifacts,future-incompat","--crate-type","lib","--emit=dep-info,metadata,link","-C","embed-bitcode=no","-C","debug-assertions=off","--cfg","feature=\"default\"","--cfg","feature=\"std\"","--check-cfg","cfg(docsrs,test)","--check-cfg","cfg(feature, values(\"asm\", \"asm-aarch64\", \"compress\", \"default\", \"force-soft\", \"force-soft-compact\", \"loongarch64_asm\", \"oid\", \"sha2-asm\", \"std\"))","-C","metadata=9d853a7d721bdfcf","-C","extra-filename=-e951f60332f7409f","--out-dir","/home/evidence-user/.local/state/evidence-campaign-20261002/receipts/manager/package-identity-979/current-source-011a7709-preparation/prepared-current-source/final-target/release/deps","-C","strip=debuginfo","-L","dependency=/home/evidence-user/.local/state/evidence-campaign-20261002/receipts/manager/package-identity-979/current-source-011a7709-preparation/prepared-current-source/final-target/release/deps","--extern","cfg_if=/home/evidence-user/.local/state/evidence-campaign-20261002/receipts/manager/package-identity-979/current-source-011a7709-preparation/prepared-current-source/final-target/release/deps/libcfg_if-cb6a80fc4e3b850d.rmeta","--extern","cpufeatures=/home/evidence-user/.local/state/evidence-campaign-20261002/receipts/manager/package-identity-979/current-source-011a7709-preparation/prepared-current-source/final-target/release/deps/libcpufeatures-3e2cc47c7de3dc5f.rmeta","--extern","digest=/home/evidence-user/.local/state/evidence-campaign-20261002/receipts/manager/package-identity-979/current-source-011a7709-preparation/prepared-current-source/final-target/release/deps/libdigest-ea70b37638a3d36f.rmeta","--cap-lints","allow"],"attempt":"f00b7ca767568b3f12c14d9413624058","capsule":"6ed1c73bb233f465150939b36d06bdf750c3bb5e3011bdaee780491f16252abd","compiler_unit":"394709274e9f0b8a8e64fb9a71062c76a588792f65df483a97bfba904cddf064","input_seal":"77215dd9c974fc6b84f0f616b966a180d270085c4884ae293a565a15ab4c5251","package":"sha2@0.10.9:registry+https://github.com/rust-lang/crates.io-index","process":{"cmdline_sha256":"766723099a631de3a6141c824f0df9823ec6e0ab717aebb019a5642052a6e3d3","pid":844366,"start":"87579928"},"products":["/home/evidence-user/.local/state/evidence-campaign-20261002/receipts/manager/package-identity-979/current-source-011a7709-preparation/prepared-current-source/final-target/release/deps/libsha2-e951f60332f7409f.rlib","/home/evidence-user/.local/state/evidence-campaign-20261002/receipts/manager/package-identity-979/current-source-011a7709-preparation/prepared-current-source/final-target/release/deps/libsha2-e951f60332f7409f.rmeta"],"role":"1f2846e27853314af6a4c73f81eb008cf344e05d1b5a544c95fcfc1747bc9e36","schema":"memra-active-producer-v1","seal":"a90c0c4a59c82dc911117180b224bff5c9415906d410e2408e7a90fac152f934"}
