{"argv":["/home/evidence-user/.rustup/toolchains/1.97.1-x86_64-unknown-linux-gnu/bin/rustc","--crate-name","autocfg","--edition=2015","/home/evidence-user/.local/state/evidence-campaign-20261002/receipts/manager/package-identity-979/current-source-011a7709-preparation/prepared-current-source/package/vendor/autocfg-1.5.1/src/lib.rs","--error-format=json","--json=diagnostic-rendered-ansi,artifacts,future-incompat","--crate-type","lib","--emit=dep-info,metadata,link","-C","embed-bitcode=no","-C","debug-assertions=off","--check-cfg","cfg(docsrs,test)","--check-cfg","cfg(feature, values())","-C","metadata=b7008df454607959","-C","extra-filename=-50400cceec3529a6","--out-dir","/home/evidence-user/.local/state/evidence-campaign-20261002/receipts/manager/package-identity-979/current-source-011a7709-preparation/prepared-current-source/final-target/release/deps","-C","strip=debuginfo","-L","dependency=/home/evidence-user/.local/state/evidence-campaign-20261002/receipts/manager/package-identity-979/current-source-011a7709-preparation/prepared-current-source/final-target/release/deps","--cap-lints","allow"],"attempt":"e31d225d3771411c0e33c2b56515a45b","capsule":"6ed1c73bb233f465150939b36d06bdf750c3bb5e3011bdaee780491f16252abd","compiler_unit":"c3550d5374aca4d30ae4fa79b9cbe649d2f54cab8ebb917796a308034de26024","input_seal":"82e92f82aa1940868ac31bd1a55360c1be874e45e17b5411ede4b6f0f1065751","package":"autocfg@1.5.1:registry+https://github.com/rust-lang/crates.io-index","process":{"cmdline_sha256":"ce11f16e2482fe28fbcb2114ec147d03d09bc3afc72754064b970aedb85a8296","pid":809536,"start":"87558575"},"products":["/home/evidence-user/.local/state/evidence-campaign-20261002/receipts/manager/package-identity-979/current-source-011a7709-preparation/prepared-current-source/final-target/release/deps/libautocfg-50400cceec3529a6.rlib","/home/evidence-user/.local/state/evidence-campaign-20261002/receipts/manager/package-identity-979/current-source-011a7709-preparation/prepared-current-source/final-target/release/deps/libautocfg-50400cceec3529a6.rmeta"],"role":"6b0e7a352e75ecd657faaffa1fbe39b248e30affc47021c6aeb6e16eb45a9f09","schema":"memra-active-producer-v1","seal":"6304c3645189a560538e87e986d2a7cb3ec094b1843f89bdb20b6b7f495ce7da"}
