{"argv":["/home/evidence-user/.rustup/toolchains/1.97.1-x86_64-unknown-linux-gnu/bin/rustc","--crate-name","base64","--edition=2021","/home/evidence-user/.local/state/evidence-campaign-20261002/receipts/manager/package-identity-979/current-source-011a7709-preparation/prepared-current-source/package/vendor/base64-0.23.1/src/lib.rs","--error-format=json","--json=diagnostic-rendered-ansi,artifacts,future-incompat","--crate-type","lib","--emit=dep-info,metadata,link","-C","opt-level=3","-C","embed-bitcode=no","--cfg","feature=\"alloc\"","--cfg","feature=\"default\"","--cfg","feature=\"simd-unsafe\"","--cfg","feature=\"std\"","--check-cfg","cfg(docsrs,test)","--check-cfg","cfg(feature, values(\"alloc\", \"default\", \"simd-unsafe\", \"std\"))","-C","metadata=04da2b216507011b","-C","extra-filename=-13f12a1d7f390e70","--out-dir","/home/evidence-user/.local/state/evidence-campaign-20261002/receipts/manager/package-identity-979/current-source-011a7709-preparation/prepared-current-source/final-target/release/deps","-C","strip=debuginfo","-L","dependency=/home/evidence-user/.local/state/evidence-campaign-20261002/receipts/manager/package-identity-979/current-source-011a7709-preparation/prepared-current-source/final-target/release/deps","--cap-lints","allow"],"attempt":"8c3b068424d3f8c89b3a7b72ca30267d","capsule":"6ed1c73bb233f465150939b36d06bdf750c3bb5e3011bdaee780491f16252abd","compiler_unit":"8dc601a3231e6237bb1e2914f9b7c2c161adb5401d05784141dbd0bc52f523ba","input_seal":"b7adb701a12b821d04e82ddafd7d069f3e270725039501155b03f4453abfef76","package":"base64@0.23.1:registry+https://github.com/rust-lang/crates.io-index","process":{"cmdline_sha256":"f780e76263bb3d78a91bcc08ce67098d5cff3b4188353e8236b5250a2bb07f21","pid":892623,"start":"87606982"},"products":["/home/evidence-user/.local/state/evidence-campaign-20261002/receipts/manager/package-identity-979/current-source-011a7709-preparation/prepared-current-source/final-target/release/deps/libbase64-13f12a1d7f390e70.rlib","/home/evidence-user/.local/state/evidence-campaign-20261002/receipts/manager/package-identity-979/current-source-011a7709-preparation/prepared-current-source/final-target/release/deps/libbase64-13f12a1d7f390e70.rmeta"],"role":"a573a1a502db9ca9fcd77bffa9cfbdd55929e9ce98319073a1a21abe9ed201ed","schema":"memra-active-producer-v1","seal":"bbc3ee06ed72740f04ba450e64cb34cb1b0ec0d07ed48117130cda4717ff1f98"}
