{"argv":["/home/evidence-user/.rustup/toolchains/1.97.1-x86_64-unknown-linux-gnu/bin/rustc","--crate-name","zmij","--edition=2021","/home/evidence-user/.local/state/evidence-campaign-20261002/receipts/manager/package-identity-979/current-source-011a7709-preparation/prepared-current-source/package/vendor/zmij-1.0.21/src/lib.rs","--error-format=json","--json=diagnostic-rendered-ansi,artifacts,future-incompat","--crate-type","lib","--emit=dep-info,metadata,link","-C","opt-level=3","-C","embed-bitcode=no","--check-cfg","cfg(docsrs,test)","--check-cfg","cfg(feature, values(\"no-panic\"))","-C","metadata=9d0a3c0c20bf8cbf","-C","extra-filename=-2331bdea43d4e764","--out-dir","/home/evidence-user/.local/state/evidence-campaign-20261002/receipts/manager/package-identity-979/current-source-011a7709-preparation/prepared-current-source/final-target/release/deps","-C","strip=debuginfo","-L","dependency=/home/evidence-user/.local/state/evidence-campaign-20261002/receipts/manager/package-identity-979/current-source-011a7709-preparation/prepared-current-source/final-target/release/deps","--cap-lints","allow","--check-cfg","cfg(exhaustive)","--check-cfg","cfg(zmij_no_select_unpredictable)"],"attempt":"d1e15ba96a991411353e7608714afbee","capsule":"6ed1c73bb233f465150939b36d06bdf750c3bb5e3011bdaee780491f16252abd","compiler_unit":"909f8a2700132dde80751e2a9186d1ee272f134055e00192de94cf398d23a210","input_seal":"5be22949f7038259a8f59bbd6c22e0669a20e1ebe5d48ea72e2633f1933c31a0","package":"zmij@1.0.21:registry+https://github.com/rust-lang/crates.io-index","process":{"cmdline_sha256":"3141a995d0ef0318be589aaf6af76c15d276afb04689b6e54369df182e520f26","pid":776369,"start":"87537055"},"products":["/home/evidence-user/.local/state/evidence-campaign-20261002/receipts/manager/package-identity-979/current-source-011a7709-preparation/prepared-current-source/final-target/release/deps/libzmij-2331bdea43d4e764.rlib","/home/evidence-user/.local/state/evidence-campaign-20261002/receipts/manager/package-identity-979/current-source-011a7709-preparation/prepared-current-source/final-target/release/deps/libzmij-2331bdea43d4e764.rmeta"],"role":"69403f585fb31d857f938d557d678259253ec76607070d1afe9bd30e77bc8c43","schema":"memra-active-producer-v1","seal":"24be52e752397ad828b11b23745e4ab9d6d81fb384bd024a6585c335fedea243"}
