{"argv":["/home/evidence-user/.rustup/toolchains/1.97.1-x86_64-unknown-linux-gnu/bin/rustc","--crate-name","generic_array","--edition=2015","/home/evidence-user/.local/state/evidence-campaign-20261002/receipts/manager/package-identity-979/current-source-011a7709-preparation/prepared-current-source/package/vendor/generic-array-0.14.7/src/lib.rs","--error-format=json","--json=diagnostic-rendered-ansi,artifacts,future-incompat","--crate-type","lib","--emit=dep-info,metadata,link","-C","embed-bitcode=no","-C","debug-assertions=off","--cfg","feature=\"more_lengths\"","--check-cfg","cfg(docsrs,test)","--check-cfg","cfg(feature, values(\"more_lengths\", \"serde\", \"zeroize\"))","-C","metadata=db9add46bb43931b","-C","extra-filename=-799c6d6922f08a39","--out-dir","/home/evidence-user/.local/state/evidence-campaign-20261002/receipts/manager/package-identity-979/current-source-011a7709-preparation/prepared-current-source/final-target/release/deps","-C","strip=debuginfo","-L","dependency=/home/evidence-user/.local/state/evidence-campaign-20261002/receipts/manager/package-identity-979/current-source-011a7709-preparation/prepared-current-source/final-target/release/deps","--extern","typenum=/home/evidence-user/.local/state/evidence-campaign-20261002/receipts/manager/package-identity-979/current-source-011a7709-preparation/prepared-current-source/final-target/release/deps/libtypenum-e8b123994e7fe0a9.rmeta","--cap-lints","allow","--cfg","relaxed_coherence"],"attempt":"c007cdfedc9557da6ba2286f518ff8e9","capsule":"6ed1c73bb233f465150939b36d06bdf750c3bb5e3011bdaee780491f16252abd","compiler_unit":"90ff892f4860e6bbe53f41bcd6d7087769831b28597fb65e87de4267c17efc65","input_seal":"1608289a942cc997439c00ad7ed2dd855a22ea25d60d7a2b6cf3818fc1c7601c","package":"generic-array@0.14.7:registry+https://github.com/rust-lang/crates.io-index","process":{"cmdline_sha256":"56eb9606d06a280e746f351f2eba846c8ce9a8c0903b5641844914c8504d2d69","pid":799343,"start":"87552271"},"products":["/home/evidence-user/.local/state/evidence-campaign-20261002/receipts/manager/package-identity-979/current-source-011a7709-preparation/prepared-current-source/final-target/release/deps/libgeneric_array-799c6d6922f08a39.rlib","/home/evidence-user/.local/state/evidence-campaign-20261002/receipts/manager/package-identity-979/current-source-011a7709-preparation/prepared-current-source/final-target/release/deps/libgeneric_array-799c6d6922f08a39.rmeta"],"role":"215a503477cf4df4672de4406995110698a84f56aa076269676326006bc039de","schema":"memra-active-producer-v1","seal":"ac8102ae452288249b5ec06d783d8c68c54b4ac6fb5a0ad66aa4dd6d68a34d5b"}
