{"argv":["/home/evidence-user/.rustup/toolchains/1.97.1-x86_64-unknown-linux-gnu/bin/rustc","--crate-name","fdeflate","--edition=2021","/home/evidence-user/.local/state/evidence-campaign-20261002/receipts/manager/package-identity-979/current-source-011a7709-preparation/prepared-current-source/package/vendor/fdeflate-0.3.7/src/lib.rs","--error-format=json","--json=diagnostic-rendered-ansi,artifacts,future-incompat","--crate-type","lib","--emit=dep-info,metadata,link","-C","opt-level=3","-C","embed-bitcode=no","--allow=unexpected_cfgs","--check-cfg","cfg(fuzzing)","--check-cfg","cfg(docsrs,test)","--check-cfg","cfg(feature, values())","-C","metadata=c595b46145665fcb","-C","extra-filename=-f24ec5f876c7b188","--out-dir","/home/evidence-user/.local/state/evidence-campaign-20261002/receipts/manager/package-identity-979/current-source-011a7709-preparation/prepared-current-source/final-target/release/deps","-C","strip=debuginfo","-L","dependency=/home/evidence-user/.local/state/evidence-campaign-20261002/receipts/manager/package-identity-979/current-source-011a7709-preparation/prepared-current-source/final-target/release/deps","--extern","simd_adler32=/home/evidence-user/.local/state/evidence-campaign-20261002/receipts/manager/package-identity-979/current-source-011a7709-preparation/prepared-current-source/final-target/release/deps/libsimd_adler32-a70bb882b549688c.rmeta","--cap-lints","allow"],"attempt":"4e424da42510e54ac724282db06d84a3","capsule":"6ed1c73bb233f465150939b36d06bdf750c3bb5e3011bdaee780491f16252abd","compiler_unit":"013d1003ab29f23dabdf232cccf362f273386173f9ae4f9538e3ceb08381c317","input_seal":"0b4110b7bc5c45d3fb96a6d7dc1a0e9a3cfef8429e4d2b7794c14647fec3c5aa","package":"fdeflate@0.3.7:registry+https://github.com/rust-lang/crates.io-index","process":{"cmdline_sha256":"a7bfb2ee13410774fd8cbe820dc2b9b2d1873449ce72c7582f452b5920d59507","pid":848799,"start":"87584270"},"products":["/home/evidence-user/.local/state/evidence-campaign-20261002/receipts/manager/package-identity-979/current-source-011a7709-preparation/prepared-current-source/final-target/release/deps/libfdeflate-f24ec5f876c7b188.rlib","/home/evidence-user/.local/state/evidence-campaign-20261002/receipts/manager/package-identity-979/current-source-011a7709-preparation/prepared-current-source/final-target/release/deps/libfdeflate-f24ec5f876c7b188.rmeta"],"role":"9c82012d7d2ca0a95fa651fcf39967f3c23c490650ab611cf298e94b692b8695","schema":"memra-active-producer-v1","seal":"40b43d1750912a017a76d5592bbfa83c76bb96b2141baeb4c319f2d7e616e860"}
