{"argv":["/home/evidence-user/.rustup/toolchains/1.97.1-x86_64-unknown-linux-gnu/bin/rustc","--crate-name","utf8_iter","--edition=2021","/home/evidence-user/.local/state/evidence-campaign-20261002/receipts/manager/package-identity-979/current-source-011a7709-preparation/prepared-current-source/package/vendor/utf8_iter-1.0.4/src/lib.rs","--error-format=json","--json=diagnostic-rendered-ansi,artifacts,future-incompat","--crate-type","lib","--emit=dep-info,metadata,link","-C","opt-level=3","-C","embed-bitcode=no","--check-cfg","cfg(docsrs,test)","--check-cfg","cfg(feature, values())","-C","metadata=96e18052c4ffa746","-C","extra-filename=-0e77fdebd971814f","--out-dir","/home/evidence-user/.local/state/evidence-campaign-20261002/receipts/manager/package-identity-979/current-source-011a7709-preparation/prepared-current-source/final-target/release/deps","-C","strip=debuginfo","-L","dependency=/home/evidence-user/.local/state/evidence-campaign-20261002/receipts/manager/package-identity-979/current-source-011a7709-preparation/prepared-current-source/final-target/release/deps","--cap-lints","allow"],"attempt":"6aacaa218c29eb7ad3cf75f921dbad77","capsule":"6ed1c73bb233f465150939b36d06bdf750c3bb5e3011bdaee780491f16252abd","compiler_unit":"1bad49c7b86bf37cef432ce3402d4ed4e5f9fa6b4f6e5bbe7a603303c8c2ba2f","input_seal":"e82a381b503ee54368c58eba2535d2b3da7427003de1ce65463c8dea49cfa823","package":"utf8_iter@1.0.4:registry+https://github.com/rust-lang/crates.io-index","process":{"cmdline_sha256":"0ebd5335cfcb0dc9a0912924a7579882aec6f2bd629df79253dc8c124af1c0fb","pid":796206,"start":"87550248"},"products":["/home/evidence-user/.local/state/evidence-campaign-20261002/receipts/manager/package-identity-979/current-source-011a7709-preparation/prepared-current-source/final-target/release/deps/libutf8_iter-0e77fdebd971814f.rlib","/home/evidence-user/.local/state/evidence-campaign-20261002/receipts/manager/package-identity-979/current-source-011a7709-preparation/prepared-current-source/final-target/release/deps/libutf8_iter-0e77fdebd971814f.rmeta"],"role":"f629eeeb765bb575a71077f633dcf4c3647e67f6c92e54a4d732ef8b9cf1dd2c","schema":"memra-active-producer-v1","seal":"2d78a4a2e5aff4d7e905cf2b3122f7e2465fa803fd10f6f10e0585251526ea53"}
