{"argv":["/home/evidence-user/.rustup/toolchains/1.97.1-x86_64-unknown-linux-gnu/bin/rustc","--crate-name","gif","--edition=2021","/home/evidence-user/.local/state/evidence-campaign-20261002/receipts/manager/package-identity-979/current-source-011a7709-preparation/prepared-current-source/package/vendor/gif-0.14.2/src/lib.rs","--error-format=json","--json=diagnostic-rendered-ansi,artifacts,future-incompat","--crate-type","lib","--emit=dep-info,metadata,link","-C","opt-level=3","-C","embed-bitcode=no","--cfg","feature=\"color_quant\"","--cfg","feature=\"default\"","--cfg","feature=\"raii_no_panic\"","--cfg","feature=\"std\"","--check-cfg","cfg(docsrs,test)","--check-cfg","cfg(feature, values(\"color_quant\", \"default\", \"raii_no_panic\", \"std\"))","-C","metadata=818e4efc1e0e39cf","-C","extra-filename=-e4f8c8c7f3be3854","--out-dir","/home/evidence-user/.local/state/evidence-campaign-20261002/receipts/manager/package-identity-979/current-source-011a7709-preparation/prepared-current-source/final-target/release/deps","-C","strip=debuginfo","-L","dependency=/home/evidence-user/.local/state/evidence-campaign-20261002/receipts/manager/package-identity-979/current-source-011a7709-preparation/prepared-current-source/final-target/release/deps","--extern","color_quant=/home/evidence-user/.local/state/evidence-campaign-20261002/receipts/manager/package-identity-979/current-source-011a7709-preparation/prepared-current-source/final-target/release/deps/libcolor_quant-6a685bdae14afa45.rmeta","--extern","weezl=/home/evidence-user/.local/state/evidence-campaign-20261002/receipts/manager/package-identity-979/current-source-011a7709-preparation/prepared-current-source/final-target/release/deps/libweezl-75f941ea436e1439.rmeta","--cap-lints","allow"],"attempt":"4637f68d1f901788a70e33542c71acb5","capsule":"6ed1c73bb233f465150939b36d06bdf750c3bb5e3011bdaee780491f16252abd","compiler_unit":"9f826a9979944c82d6a2d259880bc5aaec97e14ca63ad2c3205a90d0fb44cc87","input_seal":"016440ad267899ee8c26411d5bee7f6cf6fe4e0487a7f8fc528fa4d053359fc4","package":"gif@0.14.2:registry+https://github.com/rust-lang/crates.io-index","process":{"cmdline_sha256":"920e6536963cf0f93c26fff2748791f9639ee046faa83e0c4859de355dfb7225","pid":857031,"start":"87589158"},"products":["/home/evidence-user/.local/state/evidence-campaign-20261002/receipts/manager/package-identity-979/current-source-011a7709-preparation/prepared-current-source/final-target/release/deps/libgif-e4f8c8c7f3be3854.rlib","/home/evidence-user/.local/state/evidence-campaign-20261002/receipts/manager/package-identity-979/current-source-011a7709-preparation/prepared-current-source/final-target/release/deps/libgif-e4f8c8c7f3be3854.rmeta"],"role":"a7e6a33ed3a3743271a283fd25c2dcc4b117bce25d02591265deaee0bbcb57e9","schema":"memra-active-producer-v1","seal":"22e77353ab81f22e1d804bbf742eaa133a1be316d1f3bac789204e962e0502cf"}
