{"argv":["/home/evidence-user/.rustup/toolchains/1.97.1-x86_64-unknown-linux-gnu/bin/rustc","--crate-name","hashbrown","--edition=2024","/home/evidence-user/.local/state/evidence-campaign-20261002/receipts/manager/package-identity-979/current-source-011a7709-preparation/prepared-current-source/package/vendor/hashbrown-0.17.1/src/lib.rs","--error-format=json","--json=diagnostic-rendered-ansi,artifacts,future-incompat","--crate-type","lib","--emit=dep-info,metadata,link","-C","opt-level=3","-C","embed-bitcode=no","--warn=unused_extern_crates","--warn=unsafe_op_in_unsafe_fn","--warn=unreachable_pub","--warn=clippy::str_to_string","--warn=clippy::semicolon_if_nothing_returned","--warn=clippy::ref_as_ptr","--warn=clippy::redundant_else","--warn=clippy::ptr_cast_constness","--warn=clippy::ptr_as_ptr","--allow=clippy::option_if_let_else","--warn=clippy::needless_continue","--allow=clippy::must_use_candidate","--allow=clippy::module_name_repetitions","--allow=clippy::missing_safety_doc","--allow=clippy::missing_errors_doc","--warn=missing_docs","--allow=clippy::manual_map","--warn=clippy::manual_let_else","--warn=explicit_outlives_requirements","--warn=ellipsis_inclusive_range_patterns","--warn=elided_lifetimes_in_paths","--allow=clippy::doc_markdown","--warn=clippy::borrow_as_ptr","--warn=bare_trait_objects","--check-cfg","cfg(docsrs,test)","--check-cfg","cfg(feature, values(\"alloc\", \"allocator-api2\", \"core\", \"default\", \"default-hasher\", \"equivalent\", \"inline-more\", \"nightly\", \"raw-entry\", \"rayon\", \"rustc-dep-of-std\", \"rustc-internal-api\", \"serde\"))","-C","metadata=0fcd51589d9d0f2c","-C","extra-filename=-4c47210f067f5c53","--out-dir","/home/evidence-user/.local/state/evidence-campaign-20261002/receipts/manager/package-identity-979/current-source-011a7709-preparation/prepared-current-source/final-target/release/deps","-C","strip=debuginfo","-L","dependency=/home/evidence-user/.local/state/evidence-campaign-20261002/receipts/manager/package-identity-979/current-source-011a7709-preparation/prepared-current-source/final-target/release/deps","--cap-lints","allow"],"attempt":"66c9962fb66c5e3dcb1b746c6b5ebf75","capsule":"6ed1c73bb233f465150939b36d06bdf750c3bb5e3011bdaee780491f16252abd","compiler_unit":"58aaf184838ec8de61aaef7854f5ea212d6b6eba2344af4dadab067a364c712b","input_seal":"5b0acd27b77925ec9676a956f9d51628f675747a0d79faf3a409158afd758b9c","package":"hashbrown@0.17.1:registry+https://github.com/rust-lang/crates.io-index","process":{"cmdline_sha256":"292c2ac8b2d696a0d04832a0cab9fa0c7a173c0241fdd433ffca76d934da775c","pid":769318,"start":"87529394"},"products":["/home/evidence-user/.local/state/evidence-campaign-20261002/receipts/manager/package-identity-979/current-source-011a7709-preparation/prepared-current-source/final-target/release/deps/libhashbrown-4c47210f067f5c53.rlib","/home/evidence-user/.local/state/evidence-campaign-20261002/receipts/manager/package-identity-979/current-source-011a7709-preparation/prepared-current-source/final-target/release/deps/libhashbrown-4c47210f067f5c53.rmeta"],"role":"4f06088cc03391bdbbf16ebfd2e5f4b2d3997ed635fc14f2e1ca23d960373c5c","schema":"memra-active-producer-v1","seal":"dd0010b67d465d5e680afd4f8a6a006db8c3a6a57e358b20e616bc5acb15412e"}
