{"argv":["/home/evidence-user/.rustup/toolchains/1.97.1-x86_64-unknown-linux-gnu/bin/rustc","--crate-name","build_script_build","--edition=2021","/home/evidence-user/.local/state/evidence-campaign-20261002/receipts/manager/package-identity-979/current-source-011a7709-preparation/prepared-current-source/package/vendor/llguidance-1.7.6/build.rs","--error-format=json","--json=diagnostic-rendered-ansi,artifacts,future-incompat","--crate-type","bin","--emit=dep-info,link","-C","embed-bitcode=no","-C","debug-assertions=off","--cfg","feature=\"ahash\"","--cfg","feature=\"default\"","--cfg","feature=\"lark\"","--cfg","feature=\"rayon\"","--cfg","feature=\"referencing\"","--check-cfg","cfg(docsrs,test)","--check-cfg","cfg(feature, values(\"ahash\", \"default\", \"generate-header\", \"jsonschema_validation\", \"lark\", \"logging\", \"rayon\", \"referencing\", \"wasm\"))","-C","metadata=ceb085fa7e066f8d","-C","extra-filename=-366b7bd06c494401","--out-dir","/home/evidence-user/.local/state/evidence-campaign-20261002/receipts/manager/package-identity-979/current-source-011a7709-preparation/prepared-current-source/final-target/release/build/llguidance-366b7bd06c494401","-C","strip=debuginfo","-L","dependency=/home/evidence-user/.local/state/evidence-campaign-20261002/receipts/manager/package-identity-979/current-source-011a7709-preparation/prepared-current-source/final-target/release/deps","--cap-lints","allow"],"attempt":"edefe0014cf443e22ec52827419186ad","capsule":"6ed1c73bb233f465150939b36d06bdf750c3bb5e3011bdaee780491f16252abd","compiler_unit":"084d9f376e080e5da65867c4331e858b0a29f54e90beb723274371619c6d5730","input_seal":"29a1ad1b2f10e4835bdc50129b8383c2578598e3f8846e0d9413c1c020e9a8c6","package":"llguidance@1.7.6:registry+https://github.com/rust-lang/crates.io-index","process":{"cmdline_sha256":"ed73fd982fc99ee195a98040887a9e4fd5d1fe56496c4a8b0c24dea7c8c489e7","pid":867138,"start":"87596634"},"products":["/home/evidence-user/.local/state/evidence-campaign-20261002/receipts/manager/package-identity-979/current-source-011a7709-preparation/prepared-current-source/final-target/release/build/llguidance-366b7bd06c494401/build_script_build-366b7bd06c494401"],"role":"1f25fcf402f7a65520144cd3c0a3e99c4e7247cba5dc97ec47fcd16ad8aadda1","schema":"memra-active-producer-v1","seal":"2b36628ca251c35195fdf0e463c7a2539ea78482683dc147793255156cc02e5e"}
