{"argv":["/home/evidence-user/.rustup/toolchains/1.97.1-x86_64-unknown-linux-gnu/bin/rustc","--crate-name","zerovec_derive","--edition=2021","/home/evidence-user/.local/state/evidence-campaign-20261002/receipts/manager/package-identity-979/current-source-011a7709-preparation/prepared-current-source/package/vendor/zerovec-derive-0.11.6/src/lib.rs","--error-format=json","--json=diagnostic-rendered-ansi,artifacts,future-incompat","--crate-type","proc-macro","--emit=dep-info,link","-C","prefer-dynamic","-C","embed-bitcode=no","--warn=clippy::wildcard_dependencies","--warn=clippy::useless_transmute","--warn=unused_qualifications","--warn=unused_macro_rules","--warn=unused_lifetimes","--warn=clippy::unnecessary_wraps","--warn=unexpected_cfgs","--deny=clippy::trivially_copy_pass_by_ref","--deny=trivial_numeric_casts","--warn=clippy::transmutes_expressible_as_ptr_casts","--warn=clippy::transmute_undefined_repr","--warn=clippy::transmute_ptr_to_ref","--warn=clippy::transmute_ptr_to_ptr","--warn=clippy::transmute_int_to_non_zero","--warn=clippy::transmute_int_to_bool","--warn=clippy::transmute_bytes_to_str","--warn=clippy::todo","--warn=clippy::same_functions_in_if_condition","--warn=clippy::or_fun_call","--warn=clippy::negative_feature_names","--warn=clippy::missing_transmute_annotations","--warn=clippy::missing_fields_in_debug","--deny=missing_debug_implementations","--warn=clippy::mismatching_type_param_order","--warn=clippy::large_stack_arrays","--warn=clippy::infinite_loop","--warn=clippy::fn_to_numeric_cast_any","--deny=clippy::exhaustive_structs","--deny=clippy::exhaustive_enums","--warn=clippy::doc_markdown","--warn=clippy::debug_assert_with_mut_call","--warn=clippy::dbg_macro","--warn=clippy::crosspointer_transmute","--warn=clippy::collection_is_never_read","--warn=clippy::branches_sharing_code","--allow=clippy::bool_assert_comparison","--warn=clippy::alloc_instead_of_core","--check-cfg","cfg(icu4c_enable_renaming)","--check-cfg","cfg(needs_alloc_error_handler)","--check-cfg","cfg(icu4x_nightly_tests)","--check-cfg","cfg(icu4x_run_size_tests)","--check-cfg","cfg(icu4x_unstable_fast_trie_only)","-C","debug-assertions=off","--check-cfg","cfg(docsrs,test)","--check-cfg","cfg(feature, values())","-C","metadata=d4a89f26f3510a40","-C","extra-filename=-b19bf42cfeee8b68","--out-dir","/home/evidence-user/.local/state/evidence-campaign-20261002/receipts/manager/package-identity-979/current-source-011a7709-preparation/prepared-current-source/final-target/release/deps","-C","strip=debuginfo","-L","dependency=/home/evidence-user/.local/state/evidence-campaign-20261002/receipts/manager/package-identity-979/current-source-011a7709-preparation/prepared-current-source/final-target/release/deps","--extern","proc_macro2=/home/evidence-user/.local/state/evidence-campaign-20261002/receipts/manager/package-identity-979/current-source-011a7709-preparation/prepared-current-source/final-target/release/deps/libproc_macro2-dd944b81ef4e6c21.rlib","--extern","quote=/home/evidence-user/.local/state/evidence-campaign-20261002/receipts/manager/package-identity-979/current-source-011a7709-preparation/prepared-current-source/final-target/release/deps/libquote-851c59042484f139.rlib","--extern","syn=/home/evidence-user/.local/state/evidence-campaign-20261002/receipts/manager/package-identity-979/current-source-011a7709-preparation/prepared-current-source/final-target/release/deps/libsyn-5c282a3283a0af22.rlib","--extern","proc_macro","--cap-lints","allow"],"attempt":"8121924ebde2909f0063604c2db8a042","capsule":"6ed1c73bb233f465150939b36d06bdf750c3bb5e3011bdaee780491f16252abd","compiler_unit":"4b08a12431ccfc6f4ba7829d3e171736f7ccac01a1e7f1607027d4d6d1a12e80","input_seal":"49406e22fd915faf66fc98e016f9bb254e8f0efd56a8d45a6695d7b8352472de","package":"zerovec-derive@0.11.6:registry+https://github.com/rust-lang/crates.io-index","process":{"cmdline_sha256":"1e711fd7a1cb759668acb0bfd362ac8917c37a64bde2748fabb77458ec8b3e8b","pid":775284,"start":"87535352"},"products":["/home/evidence-user/.local/state/evidence-campaign-20261002/receipts/manager/package-identity-979/current-source-011a7709-preparation/prepared-current-source/final-target/release/deps/libzerovec_derive-b19bf42cfeee8b68.so"],"role":"feee91ee42fe6ccca5e2e2ad9cdd1c9a06516154b3fe539c4b05a94071ed0f07","schema":"memra-active-producer-v1","seal":"3cd8ae12a1334e0e90f884f6f32b353bb4c41f560bb941b22e7436f6d38645e5"}
