{"argv":["/home/evidence-user/.rustup/toolchains/1.97.1-x86_64-unknown-linux-gnu/bin/rustc","--crate-name","smallvec","--edition=2018","/home/evidence-user/.local/state/evidence-campaign-20261002/receipts/manager/package-identity-979/current-source-011a7709-preparation/prepared-current-source/package/vendor/smallvec-1.15.2/src/lib.rs","--error-format=json","--json=diagnostic-rendered-ansi,artifacts,future-incompat","--crate-type","lib","--emit=dep-info,metadata,link","-C","opt-level=3","-C","embed-bitcode=no","--cfg","feature=\"const_generics\"","--cfg","feature=\"const_new\"","--check-cfg","cfg(docsrs,test)","--check-cfg","cfg(feature, values(\"arbitrary\", \"bincode\", \"const_generics\", \"const_new\", \"debugger_visualizer\", \"drain_filter\", \"drain_keep_rest\", \"impl_bincode\", \"malloc_size_of\", \"may_dangle\", \"serde\", \"specialization\", \"union\", \"unty\", \"write\"))","-C","metadata=282a2d1b9f6d169d","-C","extra-filename=-b32376cdc63d7c2a","--out-dir","/home/evidence-user/.local/state/evidence-campaign-20261002/receipts/manager/package-identity-979/current-source-011a7709-preparation/prepared-current-source/final-target/release/deps","-C","strip=debuginfo","-L","dependency=/home/evidence-user/.local/state/evidence-campaign-20261002/receipts/manager/package-identity-979/current-source-011a7709-preparation/prepared-current-source/final-target/release/deps","--cap-lints","allow"],"attempt":"addcb098348360f56732bb546629a449","capsule":"6ed1c73bb233f465150939b36d06bdf750c3bb5e3011bdaee780491f16252abd","compiler_unit":"857cb619c671430f82d43dfc95146474ea2c4b376eb2384ace4cc4badff39d6a","input_seal":"4064ef88a4d0af0c4cc958a17f655a0f1c709f07142cacf62a4e5b3b39e987b1","package":"smallvec@1.15.2:registry+https://github.com/rust-lang/crates.io-index","process":{"cmdline_sha256":"8bb831a8ca53d3e4a775232f822ab1d7dc5d3c7013f6328929d6a7619a08afda","pid":770165,"start":"87531820"},"products":["/home/evidence-user/.local/state/evidence-campaign-20261002/receipts/manager/package-identity-979/current-source-011a7709-preparation/prepared-current-source/final-target/release/deps/libsmallvec-b32376cdc63d7c2a.rlib","/home/evidence-user/.local/state/evidence-campaign-20261002/receipts/manager/package-identity-979/current-source-011a7709-preparation/prepared-current-source/final-target/release/deps/libsmallvec-b32376cdc63d7c2a.rmeta"],"role":"36cd2b05d51c52ccde87f1220121fe1be37b31234136bee3de5054882496a696","schema":"memra-active-producer-v1","seal":"c21dbed9f82597d5320e77fe0a8956c6d9c1434e0daae72a604122fed4de2409"}
