{"argv":["/home/evidence-user/.rustup/toolchains/1.97.1-x86_64-unknown-linux-gnu/bin/rustc","--crate-name","shlex","--edition=2018","/home/evidence-user/.local/state/evidence-campaign-20261002/receipts/manager/package-identity-979/current-source-011a7709-preparation/prepared-current-source/package/vendor/shlex-2.0.1/src/lib.rs","--error-format=json","--json=diagnostic-rendered-ansi,artifacts,future-incompat","--crate-type","lib","--emit=dep-info,metadata,link","-C","embed-bitcode=no","--warn=unexpected_cfgs","--check-cfg","cfg(manual_codegen_check)","-C","debug-assertions=off","--cfg","feature=\"default\"","--cfg","feature=\"std\"","--check-cfg","cfg(docsrs,test)","--check-cfg","cfg(feature, values(\"default\", \"std\"))","-C","metadata=fed3122d7b1d936c","-C","extra-filename=-1619208bf445e570","--out-dir","/home/evidence-user/.local/state/evidence-campaign-20261002/receipts/manager/package-identity-979/current-source-011a7709-preparation/prepared-current-source/final-target/release/deps","-C","strip=debuginfo","-L","dependency=/home/evidence-user/.local/state/evidence-campaign-20261002/receipts/manager/package-identity-979/current-source-011a7709-preparation/prepared-current-source/final-target/release/deps","--cap-lints","allow"],"attempt":"2046a56cad0a4ef41fba60b2bbc290a2","capsule":"6ed1c73bb233f465150939b36d06bdf750c3bb5e3011bdaee780491f16252abd","compiler_unit":"7e5696b27cedfeba359095b3d5580cad2d6d38f5505df1a7f980b271665adad8","input_seal":"c1193903184855c5c7ad4dd7aa8e79ea886cde75cb1395d550597e5a0fc8d1c7","package":"shlex@2.0.1:registry+https://github.com/rust-lang/crates.io-index","process":{"cmdline_sha256":"bc788b1331529840d1377d8376336584bf4de4d91eb7b3bb6e559fceb1680024","pid":775198,"start":"87535133"},"products":["/home/evidence-user/.local/state/evidence-campaign-20261002/receipts/manager/package-identity-979/current-source-011a7709-preparation/prepared-current-source/final-target/release/deps/libshlex-1619208bf445e570.rlib","/home/evidence-user/.local/state/evidence-campaign-20261002/receipts/manager/package-identity-979/current-source-011a7709-preparation/prepared-current-source/final-target/release/deps/libshlex-1619208bf445e570.rmeta"],"role":"44e00d9583501ca4884f194c2e9197dd14472ba96a87ef07325f882b1724eb98","schema":"memra-active-producer-v1","seal":"d1ef53eed43581e216bb4cc6d8f6b4aa60bf3e661f85409de5dd9502ddf7efc3"}
