{"argv":["/home/evidence-user/.rustup/toolchains/1.97.1-x86_64-unknown-linux-gnu/bin/rustc","--crate-name","unicode_normalization_alignments","--edition=2015","/home/evidence-user/.local/state/evidence-campaign-20261002/receipts/manager/package-identity-979/current-source-011a7709-preparation/prepared-current-source/package/vendor/unicode-normalization-alignments-0.1.12/src/lib.rs","--error-format=json","--json=diagnostic-rendered-ansi,artifacts,future-incompat","--crate-type","lib","--emit=dep-info,metadata,link","-C","opt-level=3","-C","embed-bitcode=no","--check-cfg","cfg(docsrs,test)","--check-cfg","cfg(feature, values())","-C","metadata=aede745d1b0b2a47","-C","extra-filename=-20d093548d51190a","--out-dir","/home/evidence-user/.local/state/evidence-campaign-20261002/receipts/manager/package-identity-979/current-source-011a7709-preparation/prepared-current-source/final-target/release/deps","-C","strip=debuginfo","-L","dependency=/home/evidence-user/.local/state/evidence-campaign-20261002/receipts/manager/package-identity-979/current-source-011a7709-preparation/prepared-current-source/final-target/release/deps","--extern","smallvec=/home/evidence-user/.local/state/evidence-campaign-20261002/receipts/manager/package-identity-979/current-source-011a7709-preparation/prepared-current-source/final-target/release/deps/libsmallvec-b32376cdc63d7c2a.rmeta","--cap-lints","allow"],"attempt":"3a8948018c00d2b817ce52245a734e47","capsule":"6ed1c73bb233f465150939b36d06bdf750c3bb5e3011bdaee780491f16252abd","compiler_unit":"4c0286f8a04f9fc5809aaa5c969bf5e52c61df0019d28eb3fabad3093723ef3c","input_seal":"184f38ba09f0b10e8021ec8ce18a6386bac0738db81f9312933cb6a9cbcb4b7e","package":"unicode-normalization-alignments@0.1.12:registry+https://github.com/rust-lang/crates.io-index","process":{"cmdline_sha256":"56066aaba591bb566b51028cd9ff50c436adeef22743c0bd81d4020ad4aebfb0","pid":850836,"start":"87585430"},"products":["/home/evidence-user/.local/state/evidence-campaign-20261002/receipts/manager/package-identity-979/current-source-011a7709-preparation/prepared-current-source/final-target/release/deps/libunicode_normalization_alignments-20d093548d51190a.rlib","/home/evidence-user/.local/state/evidence-campaign-20261002/receipts/manager/package-identity-979/current-source-011a7709-preparation/prepared-current-source/final-target/release/deps/libunicode_normalization_alignments-20d093548d51190a.rmeta"],"role":"7472ccaf1913abb937344d16064e840e7805dcebffd87871da17ef9c453517d0","schema":"memra-active-producer-v1","seal":"33fd29c8b00e1865632f4b4b75bb804ee2ac9de71a4d51a42147e48ef77bacac"}
