{"argv":["/home/evidence-user/.rustup/toolchains/1.97.1-x86_64-unknown-linux-gnu/bin/rustc","--crate-name","crossbeam_deque","--edition=2021","/home/evidence-user/.local/state/evidence-campaign-20261002/receipts/manager/package-identity-979/current-source-011a7709-preparation/prepared-current-source/package/vendor/crossbeam-deque-0.8.7/src/lib.rs","--error-format=json","--json=diagnostic-rendered-ansi,artifacts,future-incompat","--crate-type","lib","--emit=dep-info,metadata,link","-C","opt-level=3","-C","embed-bitcode=no","--warn=unexpected_cfgs","--allow=clippy::lint_groups_priority","--allow=clippy::declare_interior_mutable_const","--check-cfg","cfg(crossbeam_loom)","--check-cfg","cfg(crossbeam_sanitize)","--cfg","feature=\"default\"","--cfg","feature=\"std\"","--check-cfg","cfg(docsrs,test)","--check-cfg","cfg(feature, values(\"default\", \"std\"))","-C","metadata=2cfc94be394d4375","-C","extra-filename=-81421d41d6480008","--out-dir","/home/evidence-user/.local/state/evidence-campaign-20261002/receipts/manager/package-identity-979/current-source-011a7709-preparation/prepared-current-source/final-target/release/deps","-C","strip=debuginfo","-L","dependency=/home/evidence-user/.local/state/evidence-campaign-20261002/receipts/manager/package-identity-979/current-source-011a7709-preparation/prepared-current-source/final-target/release/deps","--extern","crossbeam_epoch=/home/evidence-user/.local/state/evidence-campaign-20261002/receipts/manager/package-identity-979/current-source-011a7709-preparation/prepared-current-source/final-target/release/deps/libcrossbeam_epoch-892602cd319115fb.rmeta","--extern","crossbeam_utils=/home/evidence-user/.local/state/evidence-campaign-20261002/receipts/manager/package-identity-979/current-source-011a7709-preparation/prepared-current-source/final-target/release/deps/libcrossbeam_utils-8ad3e5a58bc404ed.rmeta","--cap-lints","allow","--check-cfg","cfg(crossbeam_sanitize_thread)"],"attempt":"8f47dbd806fbface5be57a9c6d2a0267","capsule":"6ed1c73bb233f465150939b36d06bdf750c3bb5e3011bdaee780491f16252abd","compiler_unit":"d20d158876a6e3b057c7a5942747ab0db282b45bb82b0c48d073d7ae7d2773ed","input_seal":"27f1b2a576d7d8bb645745652073bc9c27b92d6bf42119847b7a556676067c34","package":"crossbeam-deque@0.8.7:registry+https://github.com/rust-lang/crates.io-index","process":{"cmdline_sha256":"8bd168a7e268ec443c439c213a6c26f24744bad4bec1ace9c15025fb3b2938ac","pid":846453,"start":"87582039"},"products":["/home/evidence-user/.local/state/evidence-campaign-20261002/receipts/manager/package-identity-979/current-source-011a7709-preparation/prepared-current-source/final-target/release/deps/libcrossbeam_deque-81421d41d6480008.rlib","/home/evidence-user/.local/state/evidence-campaign-20261002/receipts/manager/package-identity-979/current-source-011a7709-preparation/prepared-current-source/final-target/release/deps/libcrossbeam_deque-81421d41d6480008.rmeta"],"role":"d606b04116d839395de4178bdad36ddaaf29fcdec7fed7c8b50da562ff4e131f","schema":"memra-active-producer-v1","seal":"3f0c0e524feea5de084a5f3a3fc3f0520a0ca52e670f8d50a357db5f134fa619"}
