{"argv":["/home/evidence-user/.rustup/toolchains/1.97.1-x86_64-unknown-linux-gnu/bin/rustc","--crate-name","fs_extra","--edition=2018","/home/evidence-user/.local/state/evidence-campaign-20261002/receipts/manager/package-identity-979/current-source-011a7709-preparation/prepared-current-source/package/vendor/fs_extra-1.3.0/src/lib.rs","--error-format=json","--json=diagnostic-rendered-ansi,artifacts,future-incompat","--crate-type","lib","--emit=dep-info,metadata,link","-C","embed-bitcode=no","-C","debug-assertions=off","--check-cfg","cfg(docsrs,test)","--check-cfg","cfg(feature, values())","-C","metadata=4fed02cc479091d3","-C","extra-filename=-8865ad63a4bef64d","--out-dir","/home/evidence-user/.local/state/evidence-campaign-20261002/receipts/manager/package-identity-979/current-source-011a7709-preparation/prepared-current-source/final-target/release/deps","-C","strip=debuginfo","-L","dependency=/home/evidence-user/.local/state/evidence-campaign-20261002/receipts/manager/package-identity-979/current-source-011a7709-preparation/prepared-current-source/final-target/release/deps","--cap-lints","allow"],"attempt":"d4348c2ab1c591424d21a0e11153516a","capsule":"6ed1c73bb233f465150939b36d06bdf750c3bb5e3011bdaee780491f16252abd","compiler_unit":"99332c569cf30b8c095bcc28f1a273a3b22a8f83d5c8b873b120c7eccf94aabe","input_seal":"d700b4680c1c84f9d21823f303f3f85cd9782bd69ad91812e7529015653a6a5c","package":"fs_extra@1.3.0:registry+https://github.com/rust-lang/crates.io-index","process":{"cmdline_sha256":"4e7823984b362905d36442ced28f8286f386fcc74fbc55253e3d5b23112a8489","pid":777280,"start":"87538615"},"products":["/home/evidence-user/.local/state/evidence-campaign-20261002/receipts/manager/package-identity-979/current-source-011a7709-preparation/prepared-current-source/final-target/release/deps/libfs_extra-8865ad63a4bef64d.rlib","/home/evidence-user/.local/state/evidence-campaign-20261002/receipts/manager/package-identity-979/current-source-011a7709-preparation/prepared-current-source/final-target/release/deps/libfs_extra-8865ad63a4bef64d.rmeta"],"role":"f8fe021c30faafa5899623985a4ee1a9beb7f4b56a143f69ac7d48164f8bac19","schema":"memra-active-producer-v1","seal":"7537a208e6c772f1f158d1005a3a97b499dc4fabb61722c28df062bf24714a62"}
