{"argv":["/home/evidence-user/.rustup/toolchains/1.97.1-x86_64-unknown-linux-gnu/bin/rustc","--crate-name","build_script_build","--edition=2021","/home/evidence-user/.local/state/evidence-campaign-20261002/receipts/manager/package-identity-979/current-source-011a7709-preparation/prepared-current-source/package/vendor/EVIDENCE_DEP_VENDOR_002-lc-rs-1.18.1/build.rs","--error-format=json","--json=diagnostic-rendered-ansi,artifacts,future-incompat","--crate-type","bin","--emit=dep-info,link","-C","embed-bitcode=no","-C","debug-assertions=off","--cfg","feature=\"EVIDENCE_DEP_VENDOR_002-lc-sys\"","--cfg","feature=\"prebuilt-nasm\"","--check-cfg","cfg(docsrs,test)","--check-cfg","cfg(feature, values(\"alloc\", \"asan\", \"EVIDENCE_DEP_VENDOR_002-lc-sys\", \"bindgen\", \"default\", \"dev-tests-only\", \"fips\", \"legacy-des\", \"non-fips\", \"prebuilt-nasm\", \"ring-io\", \"ring-sig-verify\", \"test_logging\", \"unstable\"))","-C","metadata=a10a52df3c1af605","-C","extra-filename=-a0abfc8604585b4f","--out-dir","/home/evidence-user/.local/state/evidence-campaign-20261002/receipts/manager/package-identity-979/current-source-011a7709-preparation/prepared-current-source/final-target/release/build/EVIDENCE_DEP_VENDOR_002-lc-rs-a0abfc8604585b4f","-C","strip=debuginfo","-L","dependency=/home/evidence-user/.local/state/evidence-campaign-20261002/receipts/manager/package-identity-979/current-source-011a7709-preparation/prepared-current-source/final-target/release/deps","--cap-lints","allow"],"attempt":"a203d52f32d3016d495eeed01fabe033","capsule":"6ed1c73bb233f465150939b36d06bdf750c3bb5e3011bdaee780491f16252abd","compiler_unit":"666aae6d0bc4c7a784b1437bb774907c5fd1951a882d9b1d4ccccdd57434008c","input_seal":"c76c2a2dfc5228d28ba382f46f3ecfd48a9b92e682377b1eb8e70c1a3f382b81","package":"EVIDENCE_DEP_VENDOR_002-lc-rs@1.18.1:registry+https://github.com/rust-lang/crates.io-index","process":{"cmdline_sha256":"773f3dd64d92b4f1d16a0d0b1b1f3f4ba4d14530adffef181e53486466772bcd","pid":793475,"start":"87547382"},"products":["/home/evidence-user/.local/state/evidence-campaign-20261002/receipts/manager/package-identity-979/current-source-011a7709-preparation/prepared-current-source/final-target/release/build/EVIDENCE_DEP_VENDOR_002-lc-rs-a0abfc8604585b4f/build_script_build-a0abfc8604585b4f"],"role":"97b0bb8708918efa28f5d9ba9931b5a1885e9f884701e49f97f276f126b0e713","schema":"memra-active-producer-v1","seal":"ac936b388a5b4c9050eda06fa6a39b78c33ef57ceba44c2706a5465ac4ac6005"}
