{"argv":["/home/evidence-user/.rustup/toolchains/1.97.1-x86_64-unknown-linux-gnu/bin/rustc","--crate-name","rustls_native_certs","--edition=2021","/home/evidence-user/.local/state/evidence-campaign-20261002/receipts/manager/package-identity-979/current-source-011a7709-preparation/prepared-current-source/package/vendor/rustls-native-certs-0.8.4/src/lib.rs","--error-format=json","--json=diagnostic-rendered-ansi,artifacts,future-incompat","--crate-type","lib","--emit=dep-info,metadata,link","-C","opt-level=3","-C","embed-bitcode=no","--warn=unexpected_cfgs","--check-cfg","cfg(rustls_native_certs_docsrs)","--check-cfg","cfg(docsrs,test)","--check-cfg","cfg(feature, values())","-C","metadata=4dec6841dceb39b6","-C","extra-filename=-47aee9d08b55f763","--out-dir","/home/evidence-user/.local/state/evidence-campaign-20261002/receipts/manager/package-identity-979/current-source-011a7709-preparation/prepared-current-source/final-target/release/deps","-C","strip=debuginfo","-L","dependency=/home/evidence-user/.local/state/evidence-campaign-20261002/receipts/manager/package-identity-979/current-source-011a7709-preparation/prepared-current-source/final-target/release/deps","--extern","openssl_probe=/home/evidence-user/.local/state/evidence-campaign-20261002/receipts/manager/package-identity-979/current-source-011a7709-preparation/prepared-current-source/final-target/release/deps/libopenssl_probe-29861fc1e5af1364.rmeta","--extern","pki_types=/home/evidence-user/.local/state/evidence-campaign-20261002/receipts/manager/package-identity-979/current-source-011a7709-preparation/prepared-current-source/final-target/release/deps/librustls_pki_types-16d02cf875a45411.rmeta","--cap-lints","allow"],"attempt":"d042c4a74580718c7b0ca03f4e91edf0","capsule":"6ed1c73bb233f465150939b36d06bdf750c3bb5e3011bdaee780491f16252abd","compiler_unit":"505e335b2be0a4fc3d11ca51c64022b8067c88a83ad6d0cdd44a2645cecd5bd2","input_seal":"72a57651e9d914a8e85082f9578213c0749c00c6e975540d169f5ceed3548e62","package":"rustls-native-certs@0.8.4:registry+https://github.com/rust-lang/crates.io-index","process":{"cmdline_sha256":"92f595d2759f5942f25971db9127d21b4b9cabd0ff2a5951e092e1f118a3b9f8","pid":858606,"start":"87589793"},"products":["/home/evidence-user/.local/state/evidence-campaign-20261002/receipts/manager/package-identity-979/current-source-011a7709-preparation/prepared-current-source/final-target/release/deps/librustls_native_certs-47aee9d08b55f763.rlib","/home/evidence-user/.local/state/evidence-campaign-20261002/receipts/manager/package-identity-979/current-source-011a7709-preparation/prepared-current-source/final-target/release/deps/librustls_native_certs-47aee9d08b55f763.rmeta"],"role":"0d95894f2c0a232391059f8de6844157aef64675475e6787b6f6274c2f6873a2","schema":"memra-active-producer-v1","seal":"862b52aa52163003227c45e58f13a37f305439d40f78bd404a91097e68654379"}
