{"argv":["/home/evidence-user/.rustup/toolchains/1.97.1-x86_64-unknown-linux-gnu/bin/rustc","--crate-name","mio","--edition=2021","/home/evidence-user/.local/state/evidence-campaign-20261002/receipts/manager/package-identity-979/current-source-011a7709-preparation/prepared-current-source/package/vendor/mio-1.2.1/src/lib.rs","--error-format=json","--json=diagnostic-rendered-ansi,artifacts,future-incompat","--crate-type","lib","--emit=dep-info,metadata,link","-C","opt-level=3","-C","embed-bitcode=no","--warn=unexpected_cfgs","--check-cfg","cfg(mio_unsupported_force_poll_poll)","--check-cfg","cfg(mio_unsupported_force_waker_pipe)","--cfg","feature=\"net\"","--cfg","feature=\"os-ext\"","--cfg","feature=\"os-poll\"","--check-cfg","cfg(docsrs,test)","--check-cfg","cfg(feature, values(\"default\", \"log\", \"net\", \"os-ext\", \"os-poll\"))","-C","metadata=5ee703af2d3332cf","-C","extra-filename=-815cedf1909bd467","--out-dir","/home/evidence-user/.local/state/evidence-campaign-20261002/receipts/manager/package-identity-979/current-source-011a7709-preparation/prepared-current-source/final-target/release/deps","-C","strip=debuginfo","-L","dependency=/home/evidence-user/.local/state/evidence-campaign-20261002/receipts/manager/package-identity-979/current-source-011a7709-preparation/prepared-current-source/final-target/release/deps","--extern","libc=/home/evidence-user/.local/state/evidence-campaign-20261002/receipts/manager/package-identity-979/current-source-011a7709-preparation/prepared-current-source/final-target/release/deps/liblibc-436a9c23a73f2f62.rmeta","--cap-lints","allow"],"attempt":"6f5bcb165da5f6b53045fd2e5a8ac11e","capsule":"6ed1c73bb233f465150939b36d06bdf750c3bb5e3011bdaee780491f16252abd","compiler_unit":"f025d340b55a953d37590001e012a7a03ee5a7dc0d9f21b606ba90afd373f6ca","input_seal":"ab9a2dc92b8d66a99edb6ebb35f1dd4eb5c07bdb17319753d49fed3c8a6c588d","package":"mio@1.2.1:registry+https://github.com/rust-lang/crates.io-index","process":{"cmdline_sha256":"688917f3bcf630a434f6526402f60bede452cb22a867d2509e6e3422f0a2cb8f","pid":778692,"start":"87540489"},"products":["/home/evidence-user/.local/state/evidence-campaign-20261002/receipts/manager/package-identity-979/current-source-011a7709-preparation/prepared-current-source/final-target/release/deps/libmio-815cedf1909bd467.rlib","/home/evidence-user/.local/state/evidence-campaign-20261002/receipts/manager/package-identity-979/current-source-011a7709-preparation/prepared-current-source/final-target/release/deps/libmio-815cedf1909bd467.rmeta"],"role":"6fd909baa4adff7603c91d6a224806b5e895b379413be41c2ab8616a924b4c10","schema":"memra-active-producer-v1","seal":"6e5137e717d8c1f3b6d299a38f2f217fa5a14ff32bdb9fe246df7e27cd443c94"}
