{"argv":["/home/evidence-user/.rustup/toolchains/1.97.1-x86_64-unknown-linux-gnu/bin/rustc","--crate-name","serde_derive","--edition=2021","/home/evidence-user/.local/state/evidence-campaign-20261002/receipts/manager/package-identity-979/current-source-011a7709-preparation/prepared-current-source/package/vendor/serde_derive-1.0.228/src/lib.rs","--error-format=json","--json=diagnostic-rendered-ansi,artifacts,future-incompat","--crate-type","proc-macro","--emit=dep-info,link","-C","prefer-dynamic","-C","embed-bitcode=no","-C","debug-assertions=off","--cfg","feature=\"default\"","--check-cfg","cfg(docsrs,test)","--check-cfg","cfg(feature, values(\"default\", \"deserialize_in_place\"))","-C","metadata=ea028cd3d94f46c9","-C","extra-filename=-57916b72d1c50421","--out-dir","/home/evidence-user/.local/state/evidence-campaign-20261002/receipts/manager/package-identity-979/current-source-011a7709-preparation/prepared-current-source/final-target/release/deps","-C","strip=debuginfo","-L","dependency=/home/evidence-user/.local/state/evidence-campaign-20261002/receipts/manager/package-identity-979/current-source-011a7709-preparation/prepared-current-source/final-target/release/deps","--extern","proc_macro2=/home/evidence-user/.local/state/evidence-campaign-20261002/receipts/manager/package-identity-979/current-source-011a7709-preparation/prepared-current-source/final-target/release/deps/libproc_macro2-dd944b81ef4e6c21.rlib","--extern","quote=/home/evidence-user/.local/state/evidence-campaign-20261002/receipts/manager/package-identity-979/current-source-011a7709-preparation/prepared-current-source/final-target/release/deps/libquote-851c59042484f139.rlib","--extern","syn=/home/evidence-user/.local/state/evidence-campaign-20261002/receipts/manager/package-identity-979/current-source-011a7709-preparation/prepared-current-source/final-target/release/deps/libsyn-295cc183d1f15161.rlib","--extern","proc_macro","--cap-lints","allow"],"attempt":"c13a5a0fa408ca9beaa05960526b3b6f","capsule":"6ed1c73bb233f465150939b36d06bdf750c3bb5e3011bdaee780491f16252abd","compiler_unit":"a76e07122bd60a753485de3af0a6742eae3fe97a0369ba1319a6ea2e878b3748","input_seal":"5388d4018ed6bbcbccb57dde50819c93475339f8432680fa883aefee221057e0","package":"serde_derive@1.0.228:registry+https://github.com/rust-lang/crates.io-index","process":{"cmdline_sha256":"51308e064391b7b15992fba33c2ceaba07a2cdef5e4775da730127290cf36799","pid":768978,"start":"87528713"},"products":["/home/evidence-user/.local/state/evidence-campaign-20261002/receipts/manager/package-identity-979/current-source-011a7709-preparation/prepared-current-source/final-target/release/deps/libserde_derive-57916b72d1c50421.so"],"role":"70facea222a1bf9c9882c589978964b4c144ad7055a6373edb4932cbed98e51d","schema":"memra-active-producer-v1","seal":"4aaae5aaf7e01bf49c7b135b189a74d755ec8843efc3b6168711abc3b6f88226"}
