{"argv":["/home/evidence-user/.rustup/toolchains/1.97.1-x86_64-unknown-linux-gnu/bin/rustc","--crate-name","matchit","--edition=2021","/home/evidence-user/.local/state/evidence-campaign-20261002/receipts/manager/package-identity-979/current-source-011a7709-preparation/prepared-current-source/package/vendor/matchit-0.7.3/src/lib.rs","--error-format=json","--json=diagnostic-rendered-ansi,artifacts,future-incompat","--crate-type","lib","--emit=dep-info,metadata,link","-C","opt-level=3","-C","embed-bitcode=no","--cfg","feature=\"default\"","--check-cfg","cfg(docsrs,test)","--check-cfg","cfg(feature, values(\"__test_helpers\", \"default\"))","-C","metadata=ec54303ca637eda6","-C","extra-filename=-71fb7ecdc4ac4459","--out-dir","/home/evidence-user/.local/state/evidence-campaign-20261002/receipts/manager/package-identity-979/current-source-011a7709-preparation/prepared-current-source/final-target/release/deps","-C","strip=debuginfo","-L","dependency=/home/evidence-user/.local/state/evidence-campaign-20261002/receipts/manager/package-identity-979/current-source-011a7709-preparation/prepared-current-source/final-target/release/deps","--cap-lints","allow"],"attempt":"a9b31f697f02937106b2788be7fd967d","capsule":"6ed1c73bb233f465150939b36d06bdf750c3bb5e3011bdaee780491f16252abd","compiler_unit":"70710a9d72254acf413452ad7972609c1d06b209da95a093b6667ee1f6b60430","input_seal":"2ca5d4043ce2e9c908cb1c2558ec6f88031dcb2b393ca9e62f7d7c30b11700b2","package":"matchit@0.7.3:registry+https://github.com/rust-lang/crates.io-index","process":{"cmdline_sha256":"820da38e50681ee134161d6ae5fcaf20d80bf112751b400d7bb81747ff5d37cf","pid":896366,"start":"87609482"},"products":["/home/evidence-user/.local/state/evidence-campaign-20261002/receipts/manager/package-identity-979/current-source-011a7709-preparation/prepared-current-source/final-target/release/deps/libmatchit-71fb7ecdc4ac4459.rlib","/home/evidence-user/.local/state/evidence-campaign-20261002/receipts/manager/package-identity-979/current-source-011a7709-preparation/prepared-current-source/final-target/release/deps/libmatchit-71fb7ecdc4ac4459.rmeta"],"role":"a8a066ffe270e0af73bb2ffbc91abfac20692cd9f13d887e40cee9238e5972cb","schema":"memra-active-producer-v1","seal":"ee505cb3ef721d8fe895053435c951ff56db82879e9a6b4e098753d2a99b4655"}
