{"argv":["/home/evidence-user/.rustup/toolchains/1.97.1-x86_64-unknown-linux-gnu/bin/rustc","--crate-name","weezl","--edition=2018","/home/evidence-user/.local/state/evidence-campaign-20261002/receipts/manager/package-identity-979/current-source-011a7709-preparation/prepared-current-source/package/vendor/weezl-0.1.12/src/lib.rs","--error-format=json","--json=diagnostic-rendered-ansi,artifacts,future-incompat","--crate-type","lib","--emit=dep-info,metadata,link","-C","opt-level=3","-C","embed-bitcode=no","--cfg","feature=\"alloc\"","--cfg","feature=\"default\"","--cfg","feature=\"std\"","--check-cfg","cfg(docsrs,test)","--check-cfg","cfg(feature, values(\"alloc\", \"async\", \"default\", \"futures\", \"std\"))","-C","metadata=7b12747c9f958a6a","-C","extra-filename=-75f941ea436e1439","--out-dir","/home/evidence-user/.local/state/evidence-campaign-20261002/receipts/manager/package-identity-979/current-source-011a7709-preparation/prepared-current-source/final-target/release/deps","-C","strip=debuginfo","-L","dependency=/home/evidence-user/.local/state/evidence-campaign-20261002/receipts/manager/package-identity-979/current-source-011a7709-preparation/prepared-current-source/final-target/release/deps","--cap-lints","allow"],"attempt":"1f5b17eff6065f1e71c59a90751be0b6","capsule":"6ed1c73bb233f465150939b36d06bdf750c3bb5e3011bdaee780491f16252abd","compiler_unit":"67bbdcaf7e846b9d4606b62324987364a5a2eadbdfa282599f358fd9516c1b63","input_seal":"937962d4d954bbadc969dcf1f197486d0840fe23b913c181147ada509c0a0756","package":"weezl@0.1.12:registry+https://github.com/rust-lang/crates.io-index","process":{"cmdline_sha256":"2ebd0323c00bc80e44284cdcd2c9a5fe42beacee9586dee7a0d369c6aa07d118","pid":855999,"start":"87588551"},"products":["/home/evidence-user/.local/state/evidence-campaign-20261002/receipts/manager/package-identity-979/current-source-011a7709-preparation/prepared-current-source/final-target/release/deps/libweezl-75f941ea436e1439.rlib","/home/evidence-user/.local/state/evidence-campaign-20261002/receipts/manager/package-identity-979/current-source-011a7709-preparation/prepared-current-source/final-target/release/deps/libweezl-75f941ea436e1439.rmeta"],"role":"a79faa49d548f1bc9b2173f1d31429fb1df44f534d8344c7e80ed2c94efaf9ed","schema":"memra-active-producer-v1","seal":"c4a1362d71cbeb00936fc933b0365a44bcb2b164f7f1c4c52bd1e344c14a26a8"}
