{"argv":["/home/evidence-user/.rustup/toolchains/1.97.1-x86_64-unknown-linux-gnu/bin/rustc","--crate-name","webpki","--edition=2021","/home/evidence-user/.local/state/evidence-campaign-20261002/receipts/manager/package-identity-979/current-source-011a7709-preparation/prepared-current-source/package/vendor/rustls-webpki-0.103.15/src/lib.rs","--error-format=json","--json=diagnostic-rendered-ansi,artifacts,future-incompat","--crate-type","lib","--emit=dep-info,metadata,link","-C","opt-level=3","-C","embed-bitcode=no","--warn=unexpected_cfgs","--check-cfg","cfg(webpki_docsrs)","--cfg","feature=\"alloc\"","--cfg","feature=\"EVIDENCE_DEP_VENDOR_002-lc-rs\"","--cfg","feature=\"std\"","--check-cfg","cfg(docsrs,test)","--check-cfg","cfg(feature, values(\"alloc\", \"EVIDENCE_DEP_VENDOR_002-lc-rs\", \"EVIDENCE_DEP_VENDOR_002-lc-rs-fips\", \"EVIDENCE_DEP_VENDOR_002-lc-rs-unstable\", \"default\", \"ring\", \"std\"))","-C","metadata=6b336d5d3959fd4a","-C","extra-filename=-fb117271581e20b6","--out-dir","/home/evidence-user/.local/state/evidence-campaign-20261002/receipts/manager/package-identity-979/current-source-011a7709-preparation/prepared-current-source/final-target/release/deps","-C","strip=debuginfo","-L","dependency=/home/evidence-user/.local/state/evidence-campaign-20261002/receipts/manager/package-identity-979/current-source-011a7709-preparation/prepared-current-source/final-target/release/deps","--extern","aws_lc_rs=/home/evidence-user/.local/state/evidence-campaign-20261002/receipts/manager/package-identity-979/current-source-011a7709-preparation/prepared-current-source/final-target/release/deps/libaws_lc_rs-e2a60b11b5745b11.rmeta","--extern","pki_types=/home/evidence-user/.local/state/evidence-campaign-20261002/receipts/manager/package-identity-979/current-source-011a7709-preparation/prepared-current-source/final-target/release/deps/librustls_pki_types-16d02cf875a45411.rmeta","--extern","untrusted=/home/evidence-user/.local/state/evidence-campaign-20261002/receipts/manager/package-identity-979/current-source-011a7709-preparation/prepared-current-source/final-target/release/deps/libuntrusted-64821ffabf260ae3.rmeta","--cap-lints","allow","-L","native=/home/evidence-user/.local/state/evidence-campaign-20261002/receipts/manager/package-identity-979/current-source-011a7709-preparation/prepared-current-source/final-target/release/build/EVIDENCE_DEP_VENDOR_002-lc-sys-a27d196fedaf566a/out"],"attempt":"60379cef67f6515cd3b4f4b1e6b41784","capsule":"6ed1c73bb233f465150939b36d06bdf750c3bb5e3011bdaee780491f16252abd","compiler_unit":"add1accc8afc2519a4380b98fca93ae3b7510f6b6fdd5ab625467945c341aae2","input_seal":"3f02aa2bd9357afe61cdf338319930b06fa4aa6c8f9ca9b4ee2ede7ddd1bb3ff","package":"rustls-webpki@0.103.15:registry+https://github.com/rust-lang/crates.io-index","process":{"cmdline_sha256":"0f06048223953da2df70da0917d18b1dc61747f68d3464c4fb62b4657c76fe0b","pid":813173,"start":"87560657"},"products":["/home/evidence-user/.local/state/evidence-campaign-20261002/receipts/manager/package-identity-979/current-source-011a7709-preparation/prepared-current-source/final-target/release/deps/libwebpki-fb117271581e20b6.rlib","/home/evidence-user/.local/state/evidence-campaign-20261002/receipts/manager/package-identity-979/current-source-011a7709-preparation/prepared-current-source/final-target/release/deps/libwebpki-fb117271581e20b6.rmeta"],"role":"810c110ae781bee08d580d85cd7b0048aea085bb89a9df7078272ee893159b23","schema":"memra-active-producer-v1","seal":"0377a8289475a3275607a4d58179608578ddf3142659ba5016c13aeda93fe16b"}
