{"argv":["/home/evidence-user/.rustup/toolchains/1.97.1-x86_64-unknown-linux-gnu/bin/rustc","--crate-name","stable_deref_trait","--edition=2015","/home/evidence-user/.local/state/evidence-campaign-20261002/receipts/manager/package-identity-979/current-source-011a7709-preparation/prepared-current-source/package/vendor/stable_deref_trait-1.2.1/src/lib.rs","--error-format=json","--json=diagnostic-rendered-ansi,artifacts,future-incompat","--crate-type","lib","--emit=dep-info,metadata,link","-C","opt-level=3","-C","embed-bitcode=no","--check-cfg","cfg(docsrs,test)","--check-cfg","cfg(feature, values(\"alloc\", \"default\", \"std\"))","-C","metadata=59d4c5b3ff3b1b56","-C","extra-filename=-113c886e5cf4eb90","--out-dir","/home/evidence-user/.local/state/evidence-campaign-20261002/receipts/manager/package-identity-979/current-source-011a7709-preparation/prepared-current-source/final-target/release/deps","-C","strip=debuginfo","-L","dependency=/home/evidence-user/.local/state/evidence-campaign-20261002/receipts/manager/package-identity-979/current-source-011a7709-preparation/prepared-current-source/final-target/release/deps","--cap-lints","allow"],"attempt":"1bd857efba0be4ccdff4c25c4d0e9387","capsule":"6ed1c73bb233f465150939b36d06bdf750c3bb5e3011bdaee780491f16252abd","compiler_unit":"929781ae41bd0ecb5eea46e8a4b2adc55a99be8f6b0fa1943c2470a4a6c5fc96","input_seal":"38c9034dc2f45bb1f0f3c8c70fe3e8a210008b5a9355bee57d91bb1ebcb4b7db","package":"stable_deref_trait@1.2.1:registry+https://github.com/rust-lang/crates.io-index","process":{"cmdline_sha256":"4d220af83c0e9a11a4d61b0e0b0cdc0cfa2a6150dbd4a02434880e06c55cc299","pid":773263,"start":"87534023"},"products":["/home/evidence-user/.local/state/evidence-campaign-20261002/receipts/manager/package-identity-979/current-source-011a7709-preparation/prepared-current-source/final-target/release/deps/libstable_deref_trait-113c886e5cf4eb90.rlib","/home/evidence-user/.local/state/evidence-campaign-20261002/receipts/manager/package-identity-979/current-source-011a7709-preparation/prepared-current-source/final-target/release/deps/libstable_deref_trait-113c886e5cf4eb90.rmeta"],"role":"88c309ab870c1798451cefdfede9e77b3ccd0076dcc46a78a368e7301aab385d","schema":"memra-active-producer-v1","seal":"dd6807a155ebef397e147dab1fda35f2b68d89ee3de701c774789431cbed5012"}
