{"argv":["/home/evidence-user/.rustup/toolchains/1.97.1-x86_64-unknown-linux-gnu/bin/rustc","--crate-name","png","--edition=2021","/home/evidence-user/.local/state/evidence-campaign-20261002/receipts/manager/package-identity-979/current-source-011a7709-preparation/prepared-current-source/package/vendor/png-0.18.1/src/lib.rs","--error-format=json","--json=diagnostic-rendered-ansi,artifacts,future-incompat","--crate-type","lib","--emit=dep-info,metadata,link","-C","opt-level=3","-C","embed-bitcode=no","--warn=unexpected_cfgs","--check-cfg","cfg(fuzzing)","--check-cfg","cfg(docsrs,test)","--check-cfg","cfg(feature, values(\"benchmarks\", \"unstable\", \"zlib-rs\"))","-C","metadata=9c1381b4b035174a","-C","extra-filename=-c70948b886eb95da","--out-dir","/home/evidence-user/.local/state/evidence-campaign-20261002/receipts/manager/package-identity-979/current-source-011a7709-preparation/prepared-current-source/final-target/release/deps","-C","strip=debuginfo","-L","dependency=/home/evidence-user/.local/state/evidence-campaign-20261002/receipts/manager/package-identity-979/current-source-011a7709-preparation/prepared-current-source/final-target/release/deps","--extern","bitflags=/home/evidence-user/.local/state/evidence-campaign-20261002/receipts/manager/package-identity-979/current-source-011a7709-preparation/prepared-current-source/final-target/release/deps/libbitflags-6638c9095989522c.rmeta","--extern","crc32fast=/home/evidence-user/.local/state/evidence-campaign-20261002/receipts/manager/package-identity-979/current-source-011a7709-preparation/prepared-current-source/final-target/release/deps/libcrc32fast-244324d43e273f1f.rmeta","--extern","fdeflate=/home/evidence-user/.local/state/evidence-campaign-20261002/receipts/manager/package-identity-979/current-source-011a7709-preparation/prepared-current-source/final-target/release/deps/libfdeflate-f24ec5f876c7b188.rmeta","--extern","flate2=/home/evidence-user/.local/state/evidence-campaign-20261002/receipts/manager/package-identity-979/current-source-011a7709-preparation/prepared-current-source/final-target/release/deps/libflate2-1344d1f0db391fbb.rmeta","--extern","miniz_oxide=/home/evidence-user/.local/state/evidence-campaign-20261002/receipts/manager/package-identity-979/current-source-011a7709-preparation/prepared-current-source/final-target/release/deps/libminiz_oxide-2bc29a1bc337290f.rmeta","--cap-lints","allow"],"attempt":"4f323d3cc580c952d3e1f01b9710b2c6","capsule":"6ed1c73bb233f465150939b36d06bdf750c3bb5e3011bdaee780491f16252abd","compiler_unit":"8220c69e06ef03b865445d9dfed523130f864048254fa83d749c6f15054636c2","input_seal":"22d1083ed523211aeab6e411daee3a0fe44e7f5457e18c974fa8a78660418263","package":"png@0.18.1:registry+https://github.com/rust-lang/crates.io-index","process":{"cmdline_sha256":"8f5327952bc15e56166cb0abab2f3167066d2324bc3e0b81723f2950ec8a748b","pid":862130,"start":"87592213"},"products":["/home/evidence-user/.local/state/evidence-campaign-20261002/receipts/manager/package-identity-979/current-source-011a7709-preparation/prepared-current-source/final-target/release/deps/libpng-c70948b886eb95da.rlib","/home/evidence-user/.local/state/evidence-campaign-20261002/receipts/manager/package-identity-979/current-source-011a7709-preparation/prepared-current-source/final-target/release/deps/libpng-c70948b886eb95da.rmeta"],"role":"7e7cf93f81a4a8dd1000b95a80b5194ab66964a813dbff9271c6407c516917b3","schema":"memra-active-producer-v1","seal":"73c2bd2ca5bfeecb4bba5e2e88ee16e165fb00bea3ad6c4e9489837ec31e69c8"}
