{"argv":["/home/evidence-user/.rustup/toolchains/1.97.1-x86_64-unknown-linux-gnu/bin/rustc","--crate-name","hyper","--edition=2021","/home/evidence-user/.local/state/evidence-campaign-20261002/receipts/manager/package-identity-979/current-source-011a7709-preparation/prepared-current-source/package/vendor/hyper-1.10.1/src/lib.rs","--error-format=json","--json=diagnostic-rendered-ansi,artifacts,future-incompat","--crate-type","lib","--emit=dep-info,metadata,link","-C","opt-level=3","-C","embed-bitcode=no","--warn=clippy::restriction","--warn=clippy::pedantic","--allow=clippy::wildcard_enum_match_arm","--allow=clippy::useless_borrows_in_formatting","--allow=clippy::used_underscore_items","--allow=clippy::unwrap_in_result","--allow=clippy::unused_trait_names","--allow=clippy::unused_async","--allow=clippy::unseparated_literal_suffix","--allow=clippy::unreachable","--allow=clippy::unnested_or_patterns","--allow=clippy::unnecessary_trailing_comma","--allow=clippy::unnecessary_semicolon","--allow=clippy::unnecessary_safety_comment","--allow=clippy::uninlined_format_args","--warn=unexpected_cfgs","--allow=clippy::undocumented_unsafe_blocks","--allow=clippy::type_complexity","--allow=clippy::trivially_copy_pass_by_ref","--allow=clippy::too_many_lines","--allow=clippy::struct_field_names","--allow=clippy::struct_excessive_bools","--allow=clippy::std_instead_of_core","--allow=clippy::std_instead_of_alloc","--allow=clippy::single_match_else","--allow=clippy::single_char_lifetime_names","--allow=clippy::single_call_fn","--allow=clippy::shadow_unrelated","--allow=clippy::shadow_same","--allow=clippy::shadow_reuse","--allow=clippy::semicolon_outside_block","--allow=clippy::semicolon_inside_block","--allow=clippy::semicolon_if_nothing_returned","--deny=clippy::self_named_module_files","--allow=clippy::same_name_method","--allow=clippy::renamed_function_params","--allow=clippy::ref_patterns","--allow=clippy::ref_option","--allow=clippy::redundant_else","--allow=clippy::redundant_closure_for_method_calls","--allow=clippy::question_mark_used","--allow=clippy::question_mark","--allow=clippy::pub_with_shorthand","--allow=clippy::pub_use","--allow=clippy::ptr_as_ptr","--allow=clippy::pattern_type_mismatch","--allow=clippy::panic_in_result_fn","--allow=clippy::panic","--allow=clippy::new_without_default","--allow=clippy::needless_pass_by_value","--allow=clippy::needless_continue","--allow=clippy::must_use_candidate","--allow=clippy::multiple_unsafe_ops_per_block","--allow=clippy::multiple_inherent_impl","--allow=clippy::module_name_repetitions","--allow=clippy::module_inception","--allow=clippy::mod_module_files","--allow=clippy::missing_trait_methods","--allow=clippy::missing_panics_doc","--allow=clippy::missing_inline_in_public_items","--allow=clippy::missing_fields_in_debug","--allow=clippy::missing_errors_doc","--allow=clippy::missing_docs_in_private_items","--allow=clippy::missing_assert_message","--allow=clippy::min_ident_chars","--allow=clippy::match_wild_err_arm","--allow=clippy::map_unwrap_or","--allow=clippy::map_err_ignore","--allow=clippy::manual_assert_eq","--allow=clippy::let_unit_value","--allow=clippy::let_underscore_untyped","--allow=clippy::let_underscore_must_use","--allow=clippy::large_enum_variant","--allow=clippy::items_after_statements","--allow=clippy::integer_division_remainder_used","--allow=clippy::integer_division","--allow=clippy::inline_trait_bounds","--allow=clippy::inline_modules","--allow=clippy::indexing_slicing","--allow=clippy::implicit_return","--allow=clippy::impl_trait_in_params","--allow=clippy::ignored_unit_patterns","--allow=clippy::if_then_some_else_none","--allow=clippy::if_not_else","--allow=clippy::float_arithmetic","--allow=clippy::field_scoped_visibility_modifiers","--allow=clippy::explicit_iter_loop","--allow=clippy::expect_used","--allow=clippy::error_impl_error","--allow=clippy::enum_glob_use","--allow=clippy::empty_structs_with_brackets","--allow=clippy::else_if_without_else","--allow=clippy::default_trait_access","--allow=clippy::default_numeric_fallback","--allow=clippy::decimal_literal_representation","--allow=clippy::collapsible_match","--allow=clippy::cognitive_complexity","--allow=clippy::clone_on_ref_ptr","--allow=clippy::checked_conversions","--allow=clippy::cast_precision_loss","--allow=clippy::cast_possible_truncation","--allow=clippy::cast_lossless","--allow=clippy::borrow_as_ptr","--allow=clippy::blanket_clippy_restriction_lints","--allow=clippy::as_conversions","--allow=clippy::arithmetic_side_effects","--allow=clippy::arbitrary_source_item_ordering","--allow=clippy::absolute_paths","--check-cfg","cfg(hyper_unstable_tracing)","--check-cfg","cfg(hyper_unstable_ffi)","--cfg","feature=\"client\"","--cfg","feature=\"default\"","--cfg","feature=\"http1\"","--cfg","feature=\"http2\"","--cfg","feature=\"server\"","--check-cfg","cfg(docsrs,test)","--check-cfg","cfg(feature, values(\"capi\", \"client\", \"default\", \"ffi\", \"full\", \"http1\", \"http2\", \"nightly\", \"server\", \"tracing\"))","-C","metadata=611ec3bc3311bfaa","-C","extra-filename=-8fe547907b24b8bc","--out-dir","/home/evidence-user/.local/state/evidence-campaign-20261002/receipts/manager/package-identity-979/current-source-011a7709-preparation/prepared-current-source/final-target/release/deps","-C","strip=debuginfo","-L","dependency=/home/evidence-user/.local/state/evidence-campaign-20261002/receipts/manager/package-identity-979/current-source-011a7709-preparation/prepared-current-source/final-target/release/deps","--extern","atomic_waker=/home/evidence-user/.local/state/evidence-campaign-20261002/receipts/manager/package-identity-979/current-source-011a7709-preparation/prepared-current-source/final-target/release/deps/libatomic_waker-cea420c7ab5bbedd.rmeta","--extern","bytes=/home/evidence-user/.local/state/evidence-campaign-20261002/receipts/manager/package-identity-979/current-source-011a7709-preparation/prepared-current-source/final-target/release/deps/libbytes-88e92bfdbfbc6f7b.rmeta","--extern","futures_channel=/home/evidence-user/.local/state/evidence-campaign-20261002/receipts/manager/package-identity-979/current-source-011a7709-preparation/prepared-current-source/final-target/release/deps/libfutures_channel-8846b447569ec507.rmeta","--extern","futures_core=/home/evidence-user/.local/state/evidence-campaign-20261002/receipts/manager/package-identity-979/current-source-011a7709-preparation/prepared-current-source/final-target/release/deps/libfutures_core-31d290d2b3f04591.rmeta","--extern","h2=/home/evidence-user/.local/state/evidence-campaign-20261002/receipts/manager/package-identity-979/current-source-011a7709-preparation/prepared-current-source/final-target/release/deps/libh2-d0c1a049a157a6e4.rmeta","--extern","http=/home/evidence-user/.local/state/evidence-campaign-20261002/receipts/manager/package-identity-979/current-source-011a7709-preparation/prepared-current-source/final-target/release/deps/libhttp-7fc0314bd0c6240b.rmeta","--extern","http_body=/home/evidence-user/.local/state/evidence-campaign-20261002/receipts/manager/package-identity-979/current-source-011a7709-preparation/prepared-current-source/final-target/release/deps/libhttp_body-29dc034a7d978e6c.rmeta","--extern","httparse=/home/evidence-user/.local/state/evidence-campaign-20261002/receipts/manager/package-identity-979/current-source-011a7709-preparation/prepared-current-source/final-target/release/deps/libhttparse-b5850795557bf70f.rmeta","--extern","httpdate=/home/evidence-user/.local/state/evidence-campaign-20261002/receipts/manager/package-identity-979/current-source-011a7709-preparation/prepared-current-source/final-target/release/deps/libhttpdate-846f7e60f3ae1cd4.rmeta","--extern","itoa=/home/evidence-user/.local/state/evidence-campaign-20261002/receipts/manager/package-identity-979/current-source-011a7709-preparation/prepared-current-source/final-target/release/deps/libitoa-afcbd245c2e4a1ef.rmeta","--extern","pin_project_lite=/home/evidence-user/.local/state/evidence-campaign-20261002/receipts/manager/package-identity-979/current-source-011a7709-preparation/prepared-current-source/final-target/release/deps/libpin_project_lite-8708f2f82bb68f5f.rmeta","--extern","smallvec=/home/evidence-user/.local/state/evidence-campaign-20261002/receipts/manager/package-identity-979/current-source-011a7709-preparation/prepared-current-source/final-target/release/deps/libsmallvec-b32376cdc63d7c2a.rmeta","--extern","tokio=/home/evidence-user/.local/state/evidence-campaign-20261002/receipts/manager/package-identity-979/current-source-011a7709-preparation/prepared-current-source/final-target/release/deps/libtokio-757fbac24fb91318.rmeta","--extern","want=/home/evidence-user/.local/state/evidence-campaign-20261002/receipts/manager/package-identity-979/current-source-011a7709-preparation/prepared-current-source/final-target/release/deps/libwant-12d2f039981d68e7.rmeta","--cap-lints","allow"],"attempt":"121c0099491232dc2b636aba8e6a3681","capsule":"6ed1c73bb233f465150939b36d06bdf750c3bb5e3011bdaee780491f16252abd","compiler_unit":"a05a33e89b1a02afcdb0aa5c2e2d02709c3c36366b353837b0b59350cb77b408","input_seal":"537d68360e98db85b156550fe1cbf6e551a68e18c17c5288cae5327f7764172d","package":"hyper@1.10.1:registry+https://github.com/rust-lang/crates.io-index","process":{"cmdline_sha256":"f92efb655f7fac8bf5f3b0aad3297d92a0a9c174b843dcca518db85ff890194d","pid":834557,"start":"87572749"},"products":["/home/evidence-user/.local/state/evidence-campaign-20261002/receipts/manager/package-identity-979/current-source-011a7709-preparation/prepared-current-source/final-target/release/deps/libhyper-8fe547907b24b8bc.rlib","/home/evidence-user/.local/state/evidence-campaign-20261002/receipts/manager/package-identity-979/current-source-011a7709-preparation/prepared-current-source/final-target/release/deps/libhyper-8fe547907b24b8bc.rmeta"],"role":"bc5de469fda651927e6b36239278c08a34c94d4274c596b02a9f2f38fb5370d2","schema":"memra-active-producer-v1","seal":"7db2b36c3b0878719557d22e8db4a8cc5717f6dbb193ef94e60294042338911d"}
