{"argv":["/home/evidence-user/.rustup/toolchains/1.97.1-x86_64-unknown-linux-gnu/bin/rustc","--crate-name","hashbrown","--edition=2024","/home/evidence-user/.local/state/evidence-campaign-20261002/receipts/manager/package-identity-979/current-source-011a7709-preparation/prepared-current-source/package/vendor/hashbrown-0.17.1/src/lib.rs","--error-format=json","--json=diagnostic-rendered-ansi,artifacts,future-incompat","--crate-type","lib","--emit=dep-info,metadata,link","-C","embed-bitcode=no","--warn=unused_extern_crates","--warn=unsafe_op_in_unsafe_fn","--warn=unreachable_pub","--warn=clippy::str_to_string","--warn=clippy::semicolon_if_nothing_returned","--warn=clippy::ref_as_ptr","--warn=clippy::redundant_else","--warn=clippy::ptr_cast_constness","--warn=clippy::ptr_as_ptr","--allow=clippy::option_if_let_else","--warn=clippy::needless_continue","--allow=clippy::must_use_candidate","--allow=clippy::module_name_repetitions","--allow=clippy::missing_safety_doc","--allow=clippy::missing_errors_doc","--warn=missing_docs","--allow=clippy::manual_map","--warn=clippy::manual_let_else","--warn=explicit_outlives_requirements","--warn=ellipsis_inclusive_range_patterns","--warn=elided_lifetimes_in_paths","--allow=clippy::doc_markdown","--warn=clippy::borrow_as_ptr","--warn=bare_trait_objects","-C","debug-assertions=off","--check-cfg","cfg(docsrs,test)","--check-cfg","cfg(feature, values(\"alloc\", \"allocator-api2\", \"core\", \"default\", \"default-hasher\", \"equivalent\", \"inline-more\", \"nightly\", \"raw-entry\", \"rayon\", \"rustc-dep-of-std\", \"rustc-internal-api\", \"serde\"))","-C","metadata=30b2b4686c3bdd4c","-C","extra-filename=-86451a594333a288","--out-dir","/home/evidence-user/.local/state/evidence-campaign-20261002/receipts/manager/package-identity-979/current-source-011a7709-preparation/prepared-current-source/final-target/release/deps","-C","strip=debuginfo","-L","dependency=/home/evidence-user/.local/state/evidence-campaign-20261002/receipts/manager/package-identity-979/current-source-011a7709-preparation/prepared-current-source/final-target/release/deps","--cap-lints","allow"],"attempt":"4b78b04c3f412a8276024cf6b42c0820","capsule":"6ed1c73bb233f465150939b36d06bdf750c3bb5e3011bdaee780491f16252abd","compiler_unit":"6299665733118117a197c95b1b042774360109e7f7550a6452bb67d46a67975d","input_seal":"98100153591c04e2564096c33b5d1ad3523fe6a3a8c4a059e1866f3513246881","package":"hashbrown@0.17.1:registry+https://github.com/rust-lang/crates.io-index","process":{"cmdline_sha256":"228718514cebadfd5a62ee98b0a484e02f0f7f2b2a3d8f5024efbbd23810f7dc","pid":808319,"start":"87557948"},"products":["/home/evidence-user/.local/state/evidence-campaign-20261002/receipts/manager/package-identity-979/current-source-011a7709-preparation/prepared-current-source/final-target/release/deps/libhashbrown-86451a594333a288.rlib","/home/evidence-user/.local/state/evidence-campaign-20261002/receipts/manager/package-identity-979/current-source-011a7709-preparation/prepared-current-source/final-target/release/deps/libhashbrown-86451a594333a288.rmeta"],"role":"4a1821d28200652c8a421cc0cd94c0ade8b4bea7d5eb83b39e5cdbdcdac6cb82","schema":"memra-active-producer-v1","seal":"0f4f5a8b738afbbdcfeea7f8ae7862f11b111ae97830c6c637643e449eb6d212"}
