{"argv":["/home/evidence-user/.rustup/toolchains/1.97.1-x86_64-unknown-linux-gnu/bin/rustc","--crate-name","memra_tokenizer","--edition=2024","/home/evidence-user/.local/state/evidence-campaign-20261002/receipts/manager/package-identity-979/current-source-011a7709-preparation/prepared-current-source/package/vendor/memra-tokenizer-0.138.0/src/lib.rs","--error-format=json","--json=diagnostic-rendered-ansi,artifacts,future-incompat","--crate-type","lib","--emit=dep-info,metadata,link","-C","opt-level=3","-C","embed-bitcode=no","--check-cfg","cfg(docsrs,test)","--check-cfg","cfg(feature, values())","-C","metadata=3f0401e559e19550","-C","extra-filename=-df8afb3a3ecad778","--out-dir","/home/evidence-user/.local/state/evidence-campaign-20261002/receipts/manager/package-identity-979/current-source-011a7709-preparation/prepared-current-source/final-target/release/deps","-C","strip=debuginfo","-L","dependency=/home/evidence-user/.local/state/evidence-campaign-20261002/receipts/manager/package-identity-979/current-source-011a7709-preparation/prepared-current-source/final-target/release/deps","--extern","aho_corasick=/home/evidence-user/.local/state/evidence-campaign-20261002/receipts/manager/package-identity-979/current-source-011a7709-preparation/prepared-current-source/final-target/release/deps/libaho_corasick-b947745323a64253.rmeta","--extern","memra_gguf=/home/evidence-user/.local/state/evidence-campaign-20261002/receipts/manager/package-identity-979/current-source-011a7709-preparation/prepared-current-source/final-target/release/deps/libmemra_gguf-0a9965206d1549c6.rmeta","--extern","regex_syntax=/home/evidence-user/.local/state/evidence-campaign-20261002/receipts/manager/package-identity-979/current-source-011a7709-preparation/prepared-current-source/final-target/release/deps/libregex_syntax-80b3feb0b73c8607.rmeta","--extern","sha2=/home/evidence-user/.local/state/evidence-campaign-20261002/receipts/manager/package-identity-979/current-source-011a7709-preparation/prepared-current-source/final-target/release/deps/libsha2-3c065f2583c984b2.rmeta","--extern","unicode_normalization_alignments=/home/evidence-user/.local/state/evidence-campaign-20261002/receipts/manager/package-identity-979/current-source-011a7709-preparation/prepared-current-source/final-target/release/deps/libunicode_normalization_alignments-20d093548d51190a.rmeta","--cap-lints","allow"],"attempt":"bcd8c97d6e5896c8656f20c75327f06f","capsule":"6ed1c73bb233f465150939b36d06bdf750c3bb5e3011bdaee780491f16252abd","compiler_unit":"8dc0557c95861868a8432339ddec276b13c53c1d7af5681fff2f063cccade782","input_seal":"35f4fa8dc7282addc015899c17c7550c7e94241872ea5d99f46236279e914cee","package":"memra-tokenizer@0.138.0:registry+https://github.com/rust-lang/crates.io-index","process":{"cmdline_sha256":"94129f8107df903e96fa5f264b08f554ab5a9cedd3c1d216e33f439086018bba","pid":861888,"start":"87591920"},"products":["/home/evidence-user/.local/state/evidence-campaign-20261002/receipts/manager/package-identity-979/current-source-011a7709-preparation/prepared-current-source/final-target/release/deps/libmemra_tokenizer-df8afb3a3ecad778.rlib","/home/evidence-user/.local/state/evidence-campaign-20261002/receipts/manager/package-identity-979/current-source-011a7709-preparation/prepared-current-source/final-target/release/deps/libmemra_tokenizer-df8afb3a3ecad778.rmeta"],"role":"fad32d23da76cf8649e968a347c0d8e8c9401e3130b19d48f03ea1074ad717cf","schema":"memra-active-producer-v1","seal":"886e62fab81f9ee92e44df60af2bf6b3dcfbffa98f4d5d7c2e0e58107a3dc79b"}
