{"argv":["/home/evidence-user/.rustup/toolchains/1.97.1-x86_64-unknown-linux-gnu/bin/rustc","--crate-name","memchr","--edition=2021","/home/evidence-user/.local/state/evidence-campaign-20261002/receipts/manager/package-identity-979/current-source-011a7709-preparation/prepared-current-source/package/vendor/memchr-2.8.2/src/lib.rs","--error-format=json","--json=diagnostic-rendered-ansi,artifacts,future-incompat","--crate-type","lib","--emit=dep-info,metadata,link","-C","embed-bitcode=no","-C","debug-assertions=off","--cfg","feature=\"alloc\"","--cfg","feature=\"std\"","--check-cfg","cfg(docsrs,test)","--check-cfg","cfg(feature, values(\"alloc\", \"core\", \"default\", \"libc\", \"logging\", \"rustc-dep-of-std\", \"std\", \"use_std\"))","-C","metadata=53078b1c0362f12f","-C","extra-filename=-5561613527f7db43","--out-dir","/home/evidence-user/.local/state/evidence-campaign-20261002/receipts/manager/package-identity-979/current-source-011a7709-preparation/prepared-current-source/final-target/release/deps","-C","strip=debuginfo","-L","dependency=/home/evidence-user/.local/state/evidence-campaign-20261002/receipts/manager/package-identity-979/current-source-011a7709-preparation/prepared-current-source/final-target/release/deps","--cap-lints","allow"],"attempt":"363135db0a6b28d8394d7ec3d6eefd0c","capsule":"6ed1c73bb233f465150939b36d06bdf750c3bb5e3011bdaee780491f16252abd","compiler_unit":"8426f34690c8469526c7c24d1d65536409edbb25feb942ee90f2d82389fef913","input_seal":"1c8fb485253092567c18f4364cc03c59bf6ae9cf1c1321e4fe9ffaa3af720c5a","package":"memchr@2.8.2:registry+https://github.com/rust-lang/crates.io-index","process":{"cmdline_sha256":"d18410398b2f353524fa848e5d34712e67fe3b3eb61935dc80d02c9a80897de0","pid":839137,"start":"87576952"},"products":["/home/evidence-user/.local/state/evidence-campaign-20261002/receipts/manager/package-identity-979/current-source-011a7709-preparation/prepared-current-source/final-target/release/deps/libmemchr-5561613527f7db43.rlib","/home/evidence-user/.local/state/evidence-campaign-20261002/receipts/manager/package-identity-979/current-source-011a7709-preparation/prepared-current-source/final-target/release/deps/libmemchr-5561613527f7db43.rmeta"],"role":"ae7870880f378144fb8e52bb997907fadca5713a29b278f49645a58d1c362b05","schema":"memra-active-producer-v1","seal":"4e0735181bb7a4e41dddda85678e46697a94f1cda6c0f12690901111d8441c93"}
