{"argv":["/home/evidence-user/.rustup/toolchains/1.97.1-x86_64-unknown-linux-gnu/bin/rustc","--crate-name","quick_error","--edition=2018","/home/evidence-user/.local/state/evidence-campaign-20261002/receipts/manager/package-identity-979/current-source-011a7709-preparation/prepared-current-source/package/vendor/quick-error-2.0.1/src/lib.rs","--error-format=json","--json=diagnostic-rendered-ansi,artifacts,future-incompat","--crate-type","lib","--emit=dep-info,metadata,link","-C","opt-level=3","-C","embed-bitcode=no","--check-cfg","cfg(docsrs,test)","--check-cfg","cfg(feature, values())","-C","metadata=c15f0bda90600b0f","-C","extra-filename=-c5b37404446cae06","--out-dir","/home/evidence-user/.local/state/evidence-campaign-20261002/receipts/manager/package-identity-979/current-source-011a7709-preparation/prepared-current-source/final-target/release/deps","-C","strip=debuginfo","-L","dependency=/home/evidence-user/.local/state/evidence-campaign-20261002/receipts/manager/package-identity-979/current-source-011a7709-preparation/prepared-current-source/final-target/release/deps","--cap-lints","allow"],"attempt":"75aed8c0f6bc4f7e26c82251bde7b85b","capsule":"6ed1c73bb233f465150939b36d06bdf750c3bb5e3011bdaee780491f16252abd","compiler_unit":"89620de61555173d048c4784ec0f38949a981956d48ccd88f56574ee8ea743d0","input_seal":"de6a8a413364fcf3c8738210184f6de6d3ebc5d183fed0745738eb6085e39fde","package":"quick-error@2.0.1:registry+https://github.com/rust-lang/crates.io-index","process":{"cmdline_sha256":"12527945ff82d97ae4b733bed7e2889cd7882c0d96b45a177bcf89aece7028c1","pid":854431,"start":"87587671"},"products":["/home/evidence-user/.local/state/evidence-campaign-20261002/receipts/manager/package-identity-979/current-source-011a7709-preparation/prepared-current-source/final-target/release/deps/libquick_error-c5b37404446cae06.rlib","/home/evidence-user/.local/state/evidence-campaign-20261002/receipts/manager/package-identity-979/current-source-011a7709-preparation/prepared-current-source/final-target/release/deps/libquick_error-c5b37404446cae06.rmeta"],"role":"7da744ea870010adf21f2aa4b272087544b12cc6e5a9408d82fe95211d27aa2f","schema":"memra-active-producer-v1","seal":"5d14ecfca5898d898321472d664d65d8f69b6129e12ce4ee4eba97901dcd5f2b"}
