{"argv":["/home/evidence-user/.rustup/toolchains/1.97.1-x86_64-unknown-linux-gnu/bin/rustc","--crate-name","build_script_build","--edition=2021","/home/evidence-user/.local/state/evidence-campaign-20261002/receipts/manager/package-identity-979/current-source-011a7709-preparation/prepared-current-source/package/vendor/serde_json-1.0.150/build.rs","--error-format=json","--json=diagnostic-rendered-ansi,artifacts,future-incompat","--crate-type","bin","--emit=dep-info,link","-C","embed-bitcode=no","-C","debug-assertions=off","--cfg","feature=\"default\"","--cfg","feature=\"std\"","--check-cfg","cfg(docsrs,test)","--check-cfg","cfg(feature, values(\"alloc\", \"arbitrary_precision\", \"default\", \"float_roundtrip\", \"indexmap\", \"preserve_order\", \"raw_value\", \"std\", \"unbounded_depth\"))","-C","metadata=afb97e6f82a65b91","-C","extra-filename=-42084f8f5db07556","--out-dir","/home/evidence-user/.local/state/evidence-campaign-20261002/receipts/manager/package-identity-979/current-source-011a7709-preparation/prepared-current-source/final-target/release/build/serde_json-42084f8f5db07556","-C","strip=debuginfo","-L","dependency=/home/evidence-user/.local/state/evidence-campaign-20261002/receipts/manager/package-identity-979/current-source-011a7709-preparation/prepared-current-source/final-target/release/deps","--cap-lints","allow"],"attempt":"4268f864d7a49da5e2d16952bd9208ee","capsule":"6ed1c73bb233f465150939b36d06bdf750c3bb5e3011bdaee780491f16252abd","compiler_unit":"32df12cbe81be27785f1f18030d846ce69c3b58480a5217fd9279dcdac319ad6","input_seal":"ba4b0d7a6d894e4f478b45ffccbf0ad1c4f22f7a82e83d7ebda46b098181fcd4","package":"serde_json@1.0.150:registry+https://github.com/rust-lang/crates.io-index","process":{"cmdline_sha256":"7957354bf78e951ef6a5ec2c27e303aab84d18404899508f132d1c85ddc5f79a","pid":829028,"start":"87568571"},"products":["/home/evidence-user/.local/state/evidence-campaign-20261002/receipts/manager/package-identity-979/current-source-011a7709-preparation/prepared-current-source/final-target/release/build/serde_json-42084f8f5db07556/build_script_build-42084f8f5db07556"],"role":"8056492039e3d571e2fbf3a6bf98fa8b1d1ee870fb618a93a0b8b4ebb222eac2","schema":"memra-active-producer-v1","seal":"d7420ca86f4c1c9ddfc7f9562b04261dfcb86dbe00d37c376c2c3edec9d63c7b"}
