{"argv":["/home/evidence-user/.rustup/toolchains/1.97.1-x86_64-unknown-linux-gnu/bin/rustc","--crate-name","bytes","--edition=2021","/home/evidence-user/.local/state/evidence-campaign-20261002/receipts/manager/package-identity-979/current-source-011a7709-preparation/prepared-current-source/package/vendor/bytes-1.12.0/src/lib.rs","--error-format=json","--json=diagnostic-rendered-ansi,artifacts,future-incompat","--crate-type","lib","--emit=dep-info,metadata,link","-C","opt-level=3","-C","embed-bitcode=no","--warn=unexpected_cfgs","--check-cfg","cfg(loom)","--cfg","feature=\"default\"","--cfg","feature=\"std\"","--check-cfg","cfg(docsrs,test)","--check-cfg","cfg(feature, values(\"default\", \"extra-platforms\", \"serde\", \"std\"))","-C","metadata=306e06df061e90fc","-C","extra-filename=-88e92bfdbfbc6f7b","--out-dir","/home/evidence-user/.local/state/evidence-campaign-20261002/receipts/manager/package-identity-979/current-source-011a7709-preparation/prepared-current-source/final-target/release/deps","-C","strip=debuginfo","-L","dependency=/home/evidence-user/.local/state/evidence-campaign-20261002/receipts/manager/package-identity-979/current-source-011a7709-preparation/prepared-current-source/final-target/release/deps","--cap-lints","allow"],"attempt":"1f6cb44239349cd4daa52405fd6b67bc","capsule":"6ed1c73bb233f465150939b36d06bdf750c3bb5e3011bdaee780491f16252abd","compiler_unit":"f1c0fccb64a04eb1bbe8a6cdc34e5b50439b68b72e1a35a361ab8bbc147f1c5e","input_seal":"f4cb4a41872dac4cb80d0b62f49560fdfd8cb6cc56dd410fb2d8185969be655d","package":"bytes@1.12.0:registry+https://github.com/rust-lang/crates.io-index","process":{"cmdline_sha256":"bf3e733887482fcd0217226dd0dfe2cf96c75bd147f79e13d2ec1c0d34cd6d63","pid":772448,"start":"87533445"},"products":["/home/evidence-user/.local/state/evidence-campaign-20261002/receipts/manager/package-identity-979/current-source-011a7709-preparation/prepared-current-source/final-target/release/deps/libbytes-88e92bfdbfbc6f7b.rlib","/home/evidence-user/.local/state/evidence-campaign-20261002/receipts/manager/package-identity-979/current-source-011a7709-preparation/prepared-current-source/final-target/release/deps/libbytes-88e92bfdbfbc6f7b.rmeta"],"role":"126d70d579fcad27eb0fe77d85bc8162d4907bbda6e4e1c664e7e6c44e4dc549","schema":"memra-active-producer-v1","seal":"a90e00d406a85ad990d99a4aaa3d8cea79217d248ada54536ce64d0dfe098779"}
