{"argv":["/home/evidence-user/.rustup/toolchains/1.97.1-x86_64-unknown-linux-gnu/bin/rustc","--crate-name","build_script_build","--edition=2021","/home/evidence-user/.local/state/evidence-campaign-20261002/receipts/manager/package-identity-979/current-source-011a7709-preparation/prepared-current-source/package/vendor/libc-0.2.186/build.rs","--error-format=json","--json=diagnostic-rendered-ansi,artifacts,future-incompat","--crate-type","bin","--emit=dep-info,link","-C","embed-bitcode=no","--allow=clippy::used_underscore_binding","--allow=unused_qualifications","--warn=clippy::unnecessary_semicolon","--allow=clippy::unnecessary_cast","--allow=clippy::uninlined_format_args","--warn=clippy::ptr_as_ptr","--allow=clippy::non_minimal_cfg","--allow=clippy::missing_safety_doc","--warn=clippy::map_unwrap_or","--warn=clippy::manual_assert","--allow=clippy::identity_op","--warn=clippy::explicit_iter_loop","--allow=clippy::expl_impl_clone_on_copy","-C","debug-assertions=off","--cfg","feature=\"default\"","--cfg","feature=\"std\"","--check-cfg","cfg(docsrs,test)","--check-cfg","cfg(feature, values(\"align\", \"const-extern-fn\", \"default\", \"extra_traits\", \"rustc-dep-of-std\", \"rustc-std-workspace-core\", \"std\", \"use_std\"))","-C","metadata=557b92ef17d41ae5","-C","extra-filename=-f2388ec34d863461","--out-dir","/home/evidence-user/.local/state/evidence-campaign-20261002/receipts/manager/package-identity-979/current-source-011a7709-preparation/prepared-current-source/final-target/release/build/libc-f2388ec34d863461","-C","strip=debuginfo","-L","dependency=/home/evidence-user/.local/state/evidence-campaign-20261002/receipts/manager/package-identity-979/current-source-011a7709-preparation/prepared-current-source/final-target/release/deps","--cap-lints","allow"],"attempt":"d4c603dadf7db28d2825a44cc93ac57e","capsule":"6ed1c73bb233f465150939b36d06bdf750c3bb5e3011bdaee780491f16252abd","compiler_unit":"83466dcec5bce8123aaff1bedd0234d0f831282009f949e901158d328e4c71e1","input_seal":"ae8dd87db882d1beae3e832adeca46d2715404f228577a48c06c96f79942724f","package":"libc@0.2.186:registry+https://github.com/rust-lang/crates.io-index","process":{"cmdline_sha256":"3277b04fdbd609e0eda4713d20b6218766acb47ac50ca694b7f3d54a9df408de","pid":762892,"start":"87524335"},"products":["/home/evidence-user/.local/state/evidence-campaign-20261002/receipts/manager/package-identity-979/current-source-011a7709-preparation/prepared-current-source/final-target/release/build/libc-f2388ec34d863461/build_script_build-f2388ec34d863461"],"role":"842cae6187c31171c75832868668525c30d23044e18be195c88c099f591eec56","schema":"memra-active-producer-v1","seal":"555e26204bdb6901e049b41b14fec895c0276b50cd7d40500d7bd266a3930ecc"}
