{"argv":["/home/evidence-user/.rustup/toolchains/1.97.1-x86_64-unknown-linux-gnu/bin/rustc","--crate-name","crossbeam_epoch","--edition=2021","/home/evidence-user/.local/state/evidence-campaign-20261002/receipts/manager/package-identity-979/current-source-011a7709-preparation/prepared-current-source/package/vendor/crossbeam-epoch-0.9.20/src/lib.rs","--error-format=json","--json=diagnostic-rendered-ansi,artifacts,future-incompat","--crate-type","lib","--emit=dep-info,metadata,link","-C","opt-level=3","-C","embed-bitcode=no","--warn=unexpected_cfgs","--allow=clippy::lint_groups_priority","--allow=clippy::declare_interior_mutable_const","--check-cfg","cfg(crossbeam_loom)","--check-cfg","cfg(crossbeam_sanitize)","--cfg","feature=\"alloc\"","--cfg","feature=\"std\"","--check-cfg","cfg(docsrs,test)","--check-cfg","cfg(feature, values(\"alloc\", \"default\", \"loom\", \"loom-crate\", \"nightly\", \"std\"))","-C","metadata=e2bdc65d7d5bd61e","-C","extra-filename=-892602cd319115fb","--out-dir","/home/evidence-user/.local/state/evidence-campaign-20261002/receipts/manager/package-identity-979/current-source-011a7709-preparation/prepared-current-source/final-target/release/deps","-C","strip=debuginfo","-L","dependency=/home/evidence-user/.local/state/evidence-campaign-20261002/receipts/manager/package-identity-979/current-source-011a7709-preparation/prepared-current-source/final-target/release/deps","--extern","crossbeam_utils=/home/evidence-user/.local/state/evidence-campaign-20261002/receipts/manager/package-identity-979/current-source-011a7709-preparation/prepared-current-source/final-target/release/deps/libcrossbeam_utils-8ad3e5a58bc404ed.rmeta","--cap-lints","allow","--check-cfg","cfg(crossbeam_sanitize_thread)"],"attempt":"f85c980c15bbf1ee78ca475e42aebc68","capsule":"6ed1c73bb233f465150939b36d06bdf750c3bb5e3011bdaee780491f16252abd","compiler_unit":"76ca52aec429438491d2b63ec9a40a626760acb2626c0de2cf6220cf180ef8e2","input_seal":"7b6793fe3c68c6e52c8aa7a3c0661789e92171e76a6c286085fc04359c78e8bf","package":"crossbeam-epoch@0.9.20:registry+https://github.com/rust-lang/crates.io-index","process":{"cmdline_sha256":"7dc0df41d6c6054afc798023c094784417e2bb890d7dae7e922ce89b80652658","pid":835678,"start":"87573805"},"products":["/home/evidence-user/.local/state/evidence-campaign-20261002/receipts/manager/package-identity-979/current-source-011a7709-preparation/prepared-current-source/final-target/release/deps/libcrossbeam_epoch-892602cd319115fb.rlib","/home/evidence-user/.local/state/evidence-campaign-20261002/receipts/manager/package-identity-979/current-source-011a7709-preparation/prepared-current-source/final-target/release/deps/libcrossbeam_epoch-892602cd319115fb.rmeta"],"role":"4cf0f4cb818de5a116ea8f62ef76cc3bcfb5d50e7e64cbd56aaa596b17a75ff1","schema":"memra-active-producer-v1","seal":"dc9515c2de04943cedda0b0099fb0f039f1f07c38247800bef29486bb9d566d2"}
