{"argv":["/home/evidence-user/.rustup/toolchains/1.97.1-x86_64-unknown-linux-gnu/bin/rustc","--crate-name","build_script_build","--edition=2021","/home/evidence-user/.local/state/evidence-campaign-20261002/receipts/manager/package-identity-979/current-source-011a7709-preparation/prepared-current-source/package/vendor/getrandom-0.3.4/build.rs","--error-format=json","--json=diagnostic-rendered-ansi,artifacts,future-incompat","--crate-type","bin","--emit=dep-info,link","-C","embed-bitcode=no","--warn=unexpected_cfgs","--check-cfg","cfg(getrandom_backend, values(\"custom\", \"efi_rng\", \"rdrand\", \"rndr\", \"linux_getrandom\", \"linux_raw\", \"wasm_js\", \"windows_legacy\", \"unsupported\"))","--check-cfg","cfg(getrandom_msan)","--check-cfg","cfg(getrandom_test_linux_fallback)","--check-cfg","cfg(getrandom_test_linux_without_fallback)","--check-cfg","cfg(getrandom_test_netbsd_fallback)","--check-cfg","cfg(target_os, values(\"cygwin\"))","-C","debug-assertions=off","--check-cfg","cfg(docsrs,test)","--check-cfg","cfg(feature, values(\"std\", \"wasm_js\"))","-C","metadata=1b8028e61bf1d68e","-C","extra-filename=-376a4cdde6cade2a","--out-dir","/home/evidence-user/.local/state/evidence-campaign-20261002/receipts/manager/package-identity-979/current-source-011a7709-preparation/prepared-current-source/final-target/release/build/getrandom-376a4cdde6cade2a","-C","strip=debuginfo","-L","dependency=/home/evidence-user/.local/state/evidence-campaign-20261002/receipts/manager/package-identity-979/current-source-011a7709-preparation/prepared-current-source/final-target/release/deps","--cap-lints","allow"],"attempt":"e428a88df590c384f434ec033dde3380","capsule":"6ed1c73bb233f465150939b36d06bdf750c3bb5e3011bdaee780491f16252abd","compiler_unit":"6f7097f8320ac1a476c1f2ea6c8eac2c76b38246ad5749f5265b4e895051b8b9","input_seal":"2ab87cda9156675eb1fc181fb0453b218eaf8f0465df588bbbe48fe821e2325a","package":"getrandom@0.3.4:registry+https://github.com/rust-lang/crates.io-index","process":{"cmdline_sha256":"aed0653d53e48a7c1c3469283bcfafe38431f536c784fdb589e08595ea0635db","pid":807519,"start":"87557573"},"products":["/home/evidence-user/.local/state/evidence-campaign-20261002/receipts/manager/package-identity-979/current-source-011a7709-preparation/prepared-current-source/final-target/release/build/getrandom-376a4cdde6cade2a/build_script_build-376a4cdde6cade2a"],"role":"911f58dbb352c43429ab5a1bdcaa7e04c015d40a5acc82591f419b0b37e7e4e3","schema":"memra-active-producer-v1","seal":"140d85a3808c87448749f884964542df99a5359f2c3df9de13886d557f108f61"}
