{"argv":["/home/evidence-user/.rustup/toolchains/1.97.1-x86_64-unknown-linux-gnu/bin/rustc","--crate-name","miniz_oxide","--edition=2021","/home/evidence-user/.local/state/evidence-campaign-20261002/receipts/manager/package-identity-979/current-source-011a7709-preparation/prepared-current-source/package/vendor/miniz_oxide-0.8.9/src/lib.rs","--error-format=json","--json=diagnostic-rendered-ansi,artifacts,future-incompat","--crate-type","lib","--emit=dep-info,metadata,link","-C","opt-level=3","-C","embed-bitcode=no","--warn=unexpected_cfgs","--check-cfg","cfg(fuzzing)","--cfg","feature=\"default\"","--cfg","feature=\"simd\"","--cfg","feature=\"simd-adler32\"","--cfg","feature=\"with-alloc\"","--check-cfg","cfg(docsrs,test)","--check-cfg","cfg(feature, values(\"alloc\", \"block-boundary\", \"core\", \"default\", \"rustc-dep-of-std\", \"serde\", \"simd\", \"simd-adler32\", \"std\", \"with-alloc\"))","-C","metadata=96f2ee04ae13e456","-C","extra-filename=-2bc29a1bc337290f","--out-dir","/home/evidence-user/.local/state/evidence-campaign-20261002/receipts/manager/package-identity-979/current-source-011a7709-preparation/prepared-current-source/final-target/release/deps","-C","strip=debuginfo","-L","dependency=/home/evidence-user/.local/state/evidence-campaign-20261002/receipts/manager/package-identity-979/current-source-011a7709-preparation/prepared-current-source/final-target/release/deps","--extern","adler2=/home/evidence-user/.local/state/evidence-campaign-20261002/receipts/manager/package-identity-979/current-source-011a7709-preparation/prepared-current-source/final-target/release/deps/libadler2-fde75724943c94b8.rmeta","--extern","simd_adler32=/home/evidence-user/.local/state/evidence-campaign-20261002/receipts/manager/package-identity-979/current-source-011a7709-preparation/prepared-current-source/final-target/release/deps/libsimd_adler32-a70bb882b549688c.rmeta","--cap-lints","allow"],"attempt":"a2e32991ca0a445e1b921ec1960bfb7f","capsule":"6ed1c73bb233f465150939b36d06bdf750c3bb5e3011bdaee780491f16252abd","compiler_unit":"f66a568b5c55361cb45509c8d5ae0534e3a85b12ff6a404b7679043c8a82d5b4","input_seal":"4a02b6bded3c4a382c46ab6fda441b41c0cf64acb1330fa08bbb25121a491c6f","package":"miniz_oxide@0.8.9:registry+https://github.com/rust-lang/crates.io-index","process":{"cmdline_sha256":"8cf5732cd7ef6b31f72e637a0d6c117cc7c3b73565019668ab8d846348e60cef","pid":832876,"start":"87571250"},"products":["/home/evidence-user/.local/state/evidence-campaign-20261002/receipts/manager/package-identity-979/current-source-011a7709-preparation/prepared-current-source/final-target/release/deps/libminiz_oxide-2bc29a1bc337290f.rlib","/home/evidence-user/.local/state/evidence-campaign-20261002/receipts/manager/package-identity-979/current-source-011a7709-preparation/prepared-current-source/final-target/release/deps/libminiz_oxide-2bc29a1bc337290f.rmeta"],"role":"d6cd4c66d577fd16bfed4657b9c1ad446b7b29d0c1d685dfef875c0159bc1084","schema":"memra-active-producer-v1","seal":"df633c9dda82568ddc4de69e674447247c80046715e96ea26706941a7384bd1b"}
