{"argv":["/home/evidence-user/.rustup/toolchains/1.97.1-x86_64-unknown-linux-gnu/bin/rustc","--crate-name","futures_channel","--edition=2018","/home/evidence-user/.local/state/evidence-campaign-20261002/receipts/manager/package-identity-979/current-source-011a7709-preparation/prepared-current-source/package/vendor/futures-channel-0.3.32/src/lib.rs","--error-format=json","--json=diagnostic-rendered-ansi,artifacts,future-incompat","--crate-type","lib","--emit=dep-info,metadata,link","-C","opt-level=3","-C","embed-bitcode=no","--warn=unreachable_pub","--warn=unexpected_cfgs","--warn=single_use_lifetimes","--warn=rust_2018_idioms","--warn=missing_debug_implementations","--check-cfg","cfg(futures_sanitizer)","--cfg","feature=\"alloc\"","--cfg","feature=\"default\"","--cfg","feature=\"std\"","--check-cfg","cfg(docsrs,test)","--check-cfg","cfg(feature, values(\"alloc\", \"cfg-target-has-atomic\", \"default\", \"futures-sink\", \"sink\", \"std\", \"unstable\"))","-C","metadata=2939aafea88247e0","-C","extra-filename=-8846b447569ec507","--out-dir","/home/evidence-user/.local/state/evidence-campaign-20261002/receipts/manager/package-identity-979/current-source-011a7709-preparation/prepared-current-source/final-target/release/deps","-C","strip=debuginfo","-L","dependency=/home/evidence-user/.local/state/evidence-campaign-20261002/receipts/manager/package-identity-979/current-source-011a7709-preparation/prepared-current-source/final-target/release/deps","--extern","futures_core=/home/evidence-user/.local/state/evidence-campaign-20261002/receipts/manager/package-identity-979/current-source-011a7709-preparation/prepared-current-source/final-target/release/deps/libfutures_core-31d290d2b3f04591.rmeta","--cap-lints","allow"],"attempt":"d43672cb79912020266222dbff916b05","capsule":"6ed1c73bb233f465150939b36d06bdf750c3bb5e3011bdaee780491f16252abd","compiler_unit":"98806aa55f41e514b8a7eec9aa9dda290a2e0bc41c2ca8e701e1518d6cadedbe","input_seal":"862967a37dfef3b6a7b7061e8bc2610a7156a92e7b1b092587345258c45598cc","package":"futures-channel@0.3.32:registry+https://github.com/rust-lang/crates.io-index","process":{"cmdline_sha256":"daaaeb46937d4200ea1d7c9f15b54bee9b9cce46028d4c0684df4f02dd49df95","pid":823074,"start":"87565372"},"products":["/home/evidence-user/.local/state/evidence-campaign-20261002/receipts/manager/package-identity-979/current-source-011a7709-preparation/prepared-current-source/final-target/release/deps/libfutures_channel-8846b447569ec507.rlib","/home/evidence-user/.local/state/evidence-campaign-20261002/receipts/manager/package-identity-979/current-source-011a7709-preparation/prepared-current-source/final-target/release/deps/libfutures_channel-8846b447569ec507.rmeta"],"role":"9d3bcdb1fb794e655da88a26a775a10edd945082cfece495d11ae3dcd0af1f65","schema":"memra-active-producer-v1","seal":"9722ed964a2a2c13f78da409fe5cef8472a625468a9ab18f14b444e21943f934"}
