{"argv":["/home/evidence-user/.rustup/toolchains/1.97.1-x86_64-unknown-linux-gnu/bin/rustc","--crate-name","parking_lot","--edition=2021","/home/evidence-user/.local/state/evidence-campaign-20261002/receipts/manager/package-identity-979/current-source-011a7709-preparation/prepared-current-source/package/vendor/parking_lot-0.12.5/src/lib.rs","--error-format=json","--json=diagnostic-rendered-ansi,artifacts,future-incompat","--crate-type","lib","--emit=dep-info,metadata,link","-C","opt-level=3","-C","embed-bitcode=no","--cfg","feature=\"default\"","--check-cfg","cfg(docsrs,test)","--check-cfg","cfg(feature, values(\"arc_lock\", \"deadlock_detection\", \"default\", \"hardware-lock-elision\", \"nightly\", \"owning_ref\", \"send_guard\", \"serde\"))","-C","metadata=d801d2d74d47b37a","-C","extra-filename=-3fe6ae49a5a05793","--out-dir","/home/evidence-user/.local/state/evidence-campaign-20261002/receipts/manager/package-identity-979/current-source-011a7709-preparation/prepared-current-source/final-target/release/deps","-C","strip=debuginfo","-L","dependency=/home/evidence-user/.local/state/evidence-campaign-20261002/receipts/manager/package-identity-979/current-source-011a7709-preparation/prepared-current-source/final-target/release/deps","--extern","lock_api=/home/evidence-user/.local/state/evidence-campaign-20261002/receipts/manager/package-identity-979/current-source-011a7709-preparation/prepared-current-source/final-target/release/deps/liblock_api-d477b53f124e61bb.rmeta","--extern","parking_lot_core=/home/evidence-user/.local/state/evidence-campaign-20261002/receipts/manager/package-identity-979/current-source-011a7709-preparation/prepared-current-source/final-target/release/deps/libparking_lot_core-255471b9db9a364a.rmeta","--cap-lints","allow"],"attempt":"7136e40d596d342f5398c7b2e88ac56b","capsule":"6ed1c73bb233f465150939b36d06bdf750c3bb5e3011bdaee780491f16252abd","compiler_unit":"6c6da7282541f679e0005e5d59a147f7c2f75fb5f0850f37ad6bad7ba6911f65","input_seal":"f9c34cadb7583ae0936fd2aa8a0836294935c2954dee157e2a10de4b5b1137a9","package":"parking_lot@0.12.5:registry+https://github.com/rust-lang/crates.io-index","process":{"cmdline_sha256":"5a516d7bf9947665d35317d104c636c991ad830a4ec7bb3787c1fc5e7211f918","pid":862739,"start":"87592946"},"products":["/home/evidence-user/.local/state/evidence-campaign-20261002/receipts/manager/package-identity-979/current-source-011a7709-preparation/prepared-current-source/final-target/release/deps/libparking_lot-3fe6ae49a5a05793.rlib","/home/evidence-user/.local/state/evidence-campaign-20261002/receipts/manager/package-identity-979/current-source-011a7709-preparation/prepared-current-source/final-target/release/deps/libparking_lot-3fe6ae49a5a05793.rmeta"],"role":"ce131d5a2d7022399a102dd4bb1c9acec2fd9ea59b207d87387c01ff6902324c","schema":"memra-active-producer-v1","seal":"1fabc362eea90403d188722ee622646e77f3ef531ea876aaa09113cacae41798"}
