{"argv":["/home/evidence-user/.rustup/toolchains/1.97.1-x86_64-unknown-linux-gnu/bin/rustc","--crate-name","indexmap","--edition=2024","/home/evidence-user/.local/state/evidence-campaign-20261002/receipts/manager/package-identity-979/current-source-011a7709-preparation/prepared-current-source/package/vendor/indexmap-2.14.0/src/lib.rs","--error-format=json","--json=diagnostic-rendered-ansi,artifacts,future-incompat","--crate-type","lib","--emit=dep-info,metadata,link","-C","embed-bitcode=no","--deny=unsafe-code","--deny=unreachable-pub","--deny=unnameable-types","--allow=clippy::style","--warn=rust-2018-idioms","--deny=private-interfaces","--deny=private-bounds","-C","debug-assertions=off","--cfg","feature=\"default\"","--cfg","feature=\"std\"","--check-cfg","cfg(docsrs,test)","--check-cfg","cfg(feature, values(\"arbitrary\", \"borsh\", \"default\", \"quickcheck\", \"rayon\", \"serde\", \"std\", \"sval\", \"test_debug\"))","-C","metadata=fdfd2fd99cf1c219","-C","extra-filename=-674700623c5c82e9","--out-dir","/home/evidence-user/.local/state/evidence-campaign-20261002/receipts/manager/package-identity-979/current-source-011a7709-preparation/prepared-current-source/final-target/release/deps","-C","strip=debuginfo","-L","dependency=/home/evidence-user/.local/state/evidence-campaign-20261002/receipts/manager/package-identity-979/current-source-011a7709-preparation/prepared-current-source/final-target/release/deps","--extern","equivalent=/home/evidence-user/.local/state/evidence-campaign-20261002/receipts/manager/package-identity-979/current-source-011a7709-preparation/prepared-current-source/final-target/release/deps/libequivalent-32b5525b369d87bf.rmeta","--extern","hashbrown=/home/evidence-user/.local/state/evidence-campaign-20261002/receipts/manager/package-identity-979/current-source-011a7709-preparation/prepared-current-source/final-target/release/deps/libhashbrown-86451a594333a288.rmeta","--cap-lints","allow"],"attempt":"24de05601500b4d4060978bf834158e6","capsule":"6ed1c73bb233f465150939b36d06bdf750c3bb5e3011bdaee780491f16252abd","compiler_unit":"9dfe8cf80093df9dd375974b8f7bab18805368c63526cbf620ddf1566a25d843","input_seal":"2809416c5da131134a0ca20832cad9f165e96529b2a9c38f25e068f4ddf1b431","package":"indexmap@2.14.0:registry+https://github.com/rust-lang/crates.io-index","process":{"cmdline_sha256":"4ef340aede224a5072cd68940134ac3fd34c91f9e69f302353bdce92321cfcd1","pid":811073,"start":"87560046"},"products":["/home/evidence-user/.local/state/evidence-campaign-20261002/receipts/manager/package-identity-979/current-source-011a7709-preparation/prepared-current-source/final-target/release/deps/libindexmap-674700623c5c82e9.rlib","/home/evidence-user/.local/state/evidence-campaign-20261002/receipts/manager/package-identity-979/current-source-011a7709-preparation/prepared-current-source/final-target/release/deps/libindexmap-674700623c5c82e9.rmeta"],"role":"a51df9d94e64a9c614ad1515b73c83498bd5b13008db5f4d127e1292575983aa","schema":"memra-active-producer-v1","seal":"3b2410059951f067286cdf8829e835abd78dbfe9f5d68df66348a7957f818760"}
