{"argv":["/home/evidence-user/.rustup/toolchains/1.97.1-x86_64-unknown-linux-gnu/bin/rustc","--crate-name","zerocopy","--edition=2021","/home/evidence-user/.local/state/evidence-campaign-20261002/receipts/manager/package-identity-979/current-source-011a7709-preparation/prepared-current-source/package/vendor/zerocopy-0.8.55/src/lib.rs","--error-format=json","--json=diagnostic-rendered-ansi,artifacts,future-incompat","--crate-type","lib","--emit=dep-info,metadata,link","-C","opt-level=3","-C","embed-bitcode=no","--cfg","feature=\"simd\"","--check-cfg","cfg(docsrs,test)","--check-cfg","cfg(feature, values(\"__internal_use_only_features_that_work_on_stable\", \"alloc\", \"derive\", \"float-nightly\", \"simd\", \"simd-nightly\", \"std\", \"zerocopy-derive\"))","-C","metadata=0a80a1e6c9fdbc08","-C","extra-filename=-bd96da140a3d42ba","--out-dir","/home/evidence-user/.local/state/evidence-campaign-20261002/receipts/manager/package-identity-979/current-source-011a7709-preparation/prepared-current-source/final-target/release/deps","-C","strip=debuginfo","-L","dependency=/home/evidence-user/.local/state/evidence-campaign-20261002/receipts/manager/package-identity-979/current-source-011a7709-preparation/prepared-current-source/final-target/release/deps","--cap-lints","allow","--check-cfg","cfg(no_zerocopy_simd_x86_avx12_1_89_0)","--check-cfg","cfg(rust, values(\"1.89.0\"))","--check-cfg","cfg(no_zerocopy_core_error_1_81_0)","--check-cfg","cfg(rust, values(\"1.81.0\"))","--check-cfg","cfg(no_zerocopy_diagnostic_on_unimplemented_1_78_0)","--check-cfg","cfg(rust, values(\"1.78.0\"))","--check-cfg","cfg(no_zerocopy_generic_bounds_in_const_fn_1_61_0)","--check-cfg","cfg(rust, values(\"1.61.0\"))","--check-cfg","cfg(no_zerocopy_target_has_atomics_1_60_0)","--check-cfg","cfg(rust, values(\"1.60.0\"))","--check-cfg","cfg(no_zerocopy_aarch64_simd_1_59_0)","--check-cfg","cfg(rust, values(\"1.59.0\"))","--check-cfg","cfg(no_zerocopy_aarch64_simd_be_1_87_0)","--check-cfg","cfg(rust, values(\"1.87.0\"))","--check-cfg","cfg(no_zerocopy_panic_in_const_and_vec_try_reserve_1_57_0)","--check-cfg","cfg(rust, values(\"1.57.0\"))","--check-cfg","cfg(doc_cfg)","--check-cfg","cfg(kani)","--check-cfg","cfg(__ZEROCOPY_INTERNAL_USE_ONLY_NIGHTLY_FEATURES_IN_TESTS)","--check-cfg","cfg(__ZEROCOPY_INTERNAL_USE_ONLY_DEV_MODE)","--check-cfg","cfg(coverage_nightly)","--check-cfg","cfg(zerocopy_inline_always)","--check-cfg","cfg(zerocopy_unstable_ptr)","--check-cfg","cfg(zerocopy_unstable_linux)","--check-cfg","cfg(no_fp_fmt_parse)"],"attempt":"146ac9a56fed79122df16faf3b33283a","capsule":"6ed1c73bb233f465150939b36d06bdf750c3bb5e3011bdaee780491f16252abd","compiler_unit":"998b4560188ca0850919fa079f6828147b73209e61e9612f87ef164c731e0ccf","input_seal":"c2e38701604f535e693fefe29a0c02a78818f48f9c3427c2a1cb96d75da901b9","package":"zerocopy@0.8.55:registry+https://github.com/rust-lang/crates.io-index","process":{"cmdline_sha256":"b5190bc9e5c5021b451ee8f7044170f652e0b729fb24ec8c45a31164bb8897fc","pid":836553,"start":"87574740"},"products":["/home/evidence-user/.local/state/evidence-campaign-20261002/receipts/manager/package-identity-979/current-source-011a7709-preparation/prepared-current-source/final-target/release/deps/libzerocopy-bd96da140a3d42ba.rlib","/home/evidence-user/.local/state/evidence-campaign-20261002/receipts/manager/package-identity-979/current-source-011a7709-preparation/prepared-current-source/final-target/release/deps/libzerocopy-bd96da140a3d42ba.rmeta"],"role":"480c9501843201cdd873c55262ff0f9ce1b99a688bde0777171b296ac45cab58","schema":"memra-active-producer-v1","seal":"7ad7f1271c56f002d4a9f552d009913943f17ee8829354bb33b7479dabc587c7"}
