{"argv":["/home/evidence-user/.rustup/toolchains/1.97.1-x86_64-unknown-linux-gnu/bin/rustc","--crate-name","cfg_if","--edition=2018","/home/evidence-user/.local/state/evidence-campaign-20261002/receipts/manager/package-identity-979/current-source-011a7709-preparation/prepared-current-source/package/vendor/cfg-if-1.0.4/src/lib.rs","--error-format=json","--json=diagnostic-rendered-ansi,artifacts,future-incompat","--crate-type","lib","--emit=dep-info,metadata,link","-C","opt-level=3","-C","embed-bitcode=no","--check-cfg","cfg(docsrs,test)","--check-cfg","cfg(feature, values(\"core\", \"rustc-dep-of-std\"))","-C","metadata=eb8dd1783c9782ce","-C","extra-filename=-e0048ef2e6fafb0c","--out-dir","/home/evidence-user/.local/state/evidence-campaign-20261002/receipts/manager/package-identity-979/current-source-011a7709-preparation/prepared-current-source/final-target/release/deps","-C","strip=debuginfo","-L","dependency=/home/evidence-user/.local/state/evidence-campaign-20261002/receipts/manager/package-identity-979/current-source-011a7709-preparation/prepared-current-source/final-target/release/deps","--cap-lints","allow"],"attempt":"85c52b0298b10053c8acce74ea435207","capsule":"6ed1c73bb233f465150939b36d06bdf750c3bb5e3011bdaee780491f16252abd","compiler_unit":"a513a55af72f0bf03551d7fd7c43fcfdd8668661d476da2921ab7a0b9029b632","input_seal":"c882b615ef923c0e2d16dca85a1fb90f338199ded83ab3a9760c57e32171f374","package":"cfg-if@1.0.4:registry+https://github.com/rust-lang/crates.io-index","process":{"cmdline_sha256":"8466be9c95a022208b188a936ea4efa5bf8ce9c1ce73d0923bb4d4c5db7de26c","pid":769338,"start":"87529490"},"products":["/home/evidence-user/.local/state/evidence-campaign-20261002/receipts/manager/package-identity-979/current-source-011a7709-preparation/prepared-current-source/final-target/release/deps/libcfg_if-e0048ef2e6fafb0c.rlib","/home/evidence-user/.local/state/evidence-campaign-20261002/receipts/manager/package-identity-979/current-source-011a7709-preparation/prepared-current-source/final-target/release/deps/libcfg_if-e0048ef2e6fafb0c.rmeta"],"role":"56a7fca33c5ff9bcc07e163da477f5d0aee5a6ebe2d14bd2cec2412c971ad807","schema":"memra-active-producer-v1","seal":"cf9550f8c32a9070574903f7775097dfc04f0d595c55ae75f4680d0de4153422"}
