{"argv":["/home/evidence-user/.rustup/toolchains/1.97.1-x86_64-unknown-linux-gnu/bin/rustc","--crate-name","try_lock","--edition=2015","/home/evidence-user/.local/state/evidence-campaign-20261002/receipts/manager/package-identity-979/current-source-011a7709-preparation/prepared-current-source/package/vendor/try-lock-0.2.5/src/lib.rs","--error-format=json","--json=diagnostic-rendered-ansi,artifacts,future-incompat","--crate-type","lib","--emit=dep-info,metadata,link","-C","opt-level=3","-C","embed-bitcode=no","--check-cfg","cfg(docsrs,test)","--check-cfg","cfg(feature, values())","-C","metadata=2062d0ac2978a5e2","-C","extra-filename=-a6963ffa0e3dec3d","--out-dir","/home/evidence-user/.local/state/evidence-campaign-20261002/receipts/manager/package-identity-979/current-source-011a7709-preparation/prepared-current-source/final-target/release/deps","-C","strip=debuginfo","-L","dependency=/home/evidence-user/.local/state/evidence-campaign-20261002/receipts/manager/package-identity-979/current-source-011a7709-preparation/prepared-current-source/final-target/release/deps","--cap-lints","allow"],"attempt":"d67d9d4d1a465099c2d36069e5b541b4","capsule":"6ed1c73bb233f465150939b36d06bdf750c3bb5e3011bdaee780491f16252abd","compiler_unit":"d99dffc6cd887b5f36d702a706ee14bc637d507f893f090dfdbccd1b18c6ce8b","input_seal":"d15079675dd89c197ffd7affb785f7b36aeebda2972330ea03cae0827b2b8858","package":"try-lock@0.2.5:registry+https://github.com/rust-lang/crates.io-index","process":{"cmdline_sha256":"0fa04096a606a9881d305d4849a5c4326243989ea5801f86edb8420c3619d6ba","pid":805992,"start":"87556579"},"products":["/home/evidence-user/.local/state/evidence-campaign-20261002/receipts/manager/package-identity-979/current-source-011a7709-preparation/prepared-current-source/final-target/release/deps/libtry_lock-a6963ffa0e3dec3d.rlib","/home/evidence-user/.local/state/evidence-campaign-20261002/receipts/manager/package-identity-979/current-source-011a7709-preparation/prepared-current-source/final-target/release/deps/libtry_lock-a6963ffa0e3dec3d.rmeta"],"role":"bddfec628f1881a575a43225dfe78cfb20362232b28ec93a51a6da1a2552557d","schema":"memra-active-producer-v1","seal":"d79d6f221d967256ea57d302fdbc36609b576cdeff49876f50f79561c6d2614f"}
