{"argv":["/home/evidence-user/.rustup/toolchains/1.97.1-x86_64-unknown-linux-gnu/bin/rustc","--crate-name","async_stream","--edition=2021","/home/evidence-user/.local/state/evidence-campaign-20261002/receipts/manager/package-identity-979/current-source-011a7709-preparation/prepared-current-source/package/vendor/async-stream-0.3.6/src/lib.rs","--error-format=json","--json=diagnostic-rendered-ansi,artifacts,future-incompat","--crate-type","lib","--emit=dep-info,metadata,link","-C","opt-level=3","-C","embed-bitcode=no","--check-cfg","cfg(docsrs,test)","--check-cfg","cfg(feature, values())","-C","metadata=b50fdc08e045f3d8","-C","extra-filename=-4c697bdfebfa76e8","--out-dir","/home/evidence-user/.local/state/evidence-campaign-20261002/receipts/manager/package-identity-979/current-source-011a7709-preparation/prepared-current-source/final-target/release/deps","-C","strip=debuginfo","-L","dependency=/home/evidence-user/.local/state/evidence-campaign-20261002/receipts/manager/package-identity-979/current-source-011a7709-preparation/prepared-current-source/final-target/release/deps","--extern","async_stream_impl=/home/evidence-user/.local/state/evidence-campaign-20261002/receipts/manager/package-identity-979/current-source-011a7709-preparation/prepared-current-source/final-target/release/deps/libasync_stream_impl-f91278819d066fa5.so","--extern","futures_core=/home/evidence-user/.local/state/evidence-campaign-20261002/receipts/manager/package-identity-979/current-source-011a7709-preparation/prepared-current-source/final-target/release/deps/libfutures_core-31d290d2b3f04591.rmeta","--extern","pin_project_lite=/home/evidence-user/.local/state/evidence-campaign-20261002/receipts/manager/package-identity-979/current-source-011a7709-preparation/prepared-current-source/final-target/release/deps/libpin_project_lite-8708f2f82bb68f5f.rmeta","--cap-lints","allow"],"attempt":"9dd8c933c4291e01d2b6913ad66bb973","capsule":"6ed1c73bb233f465150939b36d06bdf750c3bb5e3011bdaee780491f16252abd","compiler_unit":"d8a2521d48a5910698fa82e1e0bfab5e189cc090ec81a6dd914c948a8dc15ce8","input_seal":"85a4bff68e75be1895f9eeac3dcc0160a86a0e08a577314244fa2fd9004409eb","package":"async-stream@0.3.6:registry+https://github.com/rust-lang/crates.io-index","process":{"cmdline_sha256":"bd83bc4570283e34ab96b8d8efdac38de3bf7315e1c46d344a8a4b73067cb9f8","pid":920070,"start":"87613039"},"products":["/home/evidence-user/.local/state/evidence-campaign-20261002/receipts/manager/package-identity-979/current-source-011a7709-preparation/prepared-current-source/final-target/release/deps/libasync_stream-4c697bdfebfa76e8.rlib","/home/evidence-user/.local/state/evidence-campaign-20261002/receipts/manager/package-identity-979/current-source-011a7709-preparation/prepared-current-source/final-target/release/deps/libasync_stream-4c697bdfebfa76e8.rmeta"],"role":"8d4c49821496b7f069abc71d35378ce093eac25a7888411d33f533a889cfec7b","schema":"memra-active-producer-v1","seal":"e07537a23232af3c4be4029fd40f83414ab8a995c202c87dcab647e19b6e7987"}
