{"argv":["/home/evidence-user/.rustup/toolchains/1.97.1-x86_64-unknown-linux-gnu/bin/rustc","--crate-name","icu_normalizer_data","--edition=2024","/home/evidence-user/.local/state/evidence-campaign-20261002/receipts/manager/package-identity-979/current-source-011a7709-preparation/prepared-current-source/package/vendor/icu_normalizer_data-2.3.0/src/lib.rs","--error-format=json","--json=diagnostic-rendered-ansi,artifacts,future-incompat","--crate-type","lib","--emit=dep-info,metadata,link","-C","opt-level=3","-C","embed-bitcode=no","--warn=unexpected_cfgs","--check-cfg","cfg(icu4x_custom_data)","--check-cfg","cfg(docsrs,test)","--check-cfg","cfg(feature, values())","-C","metadata=dac102404d6d3033","-C","extra-filename=-517b6c9acf45efd5","--out-dir","/home/evidence-user/.local/state/evidence-campaign-20261002/receipts/manager/package-identity-979/current-source-011a7709-preparation/prepared-current-source/final-target/release/deps","-C","strip=debuginfo","-L","dependency=/home/evidence-user/.local/state/evidence-campaign-20261002/receipts/manager/package-identity-979/current-source-011a7709-preparation/prepared-current-source/final-target/release/deps","--cap-lints","allow","--check-cfg","cfg(icu4c_enable_renaming)"],"attempt":"266000c3932b311011011bfdbccee3c4","capsule":"6ed1c73bb233f465150939b36d06bdf750c3bb5e3011bdaee780491f16252abd","compiler_unit":"0d69ebbe63c95e6edf4ef40463011fbe20912809ece031b63cf0ecf266f3bce8","input_seal":"1c8eee839e026b3711570dfd6291b5e698eb28bf0721f59b81bc898fa76b44b5","package":"icu_normalizer_data@2.3.0:registry+https://github.com/rust-lang/crates.io-index","process":{"cmdline_sha256":"7b16042df991ae3100cf85403c2950f25deae7f06c2c84710c12f7ab5e39b98a","pid":804752,"start":"87555575"},"products":["/home/evidence-user/.local/state/evidence-campaign-20261002/receipts/manager/package-identity-979/current-source-011a7709-preparation/prepared-current-source/final-target/release/deps/libicu_normalizer_data-517b6c9acf45efd5.rlib","/home/evidence-user/.local/state/evidence-campaign-20261002/receipts/manager/package-identity-979/current-source-011a7709-preparation/prepared-current-source/final-target/release/deps/libicu_normalizer_data-517b6c9acf45efd5.rmeta"],"role":"bcc17bceed25a55846a70a589388a53a8687da18bd506de02d09f2be09e254fa","schema":"memra-active-producer-v1","seal":"a070c4b118fbb5772e05cd0e06a2fc640a1d7d5b7be25a2584b834e03fb7b8fc"}
