{"argv":["/home/evidence-user/.rustup/toolchains/1.97.1-x86_64-unknown-linux-gnu/bin/rustc","--crate-name","futures_util","--edition=2018","/home/evidence-user/.local/state/evidence-campaign-20261002/receipts/manager/package-identity-979/current-source-011a7709-preparation/prepared-current-source/package/vendor/futures-util-0.3.34/src/lib.rs","--error-format=json","--json=diagnostic-rendered-ansi,artifacts,future-incompat","--crate-type","lib","--emit=dep-info,metadata,link","-C","opt-level=3","-C","embed-bitcode=no","--warn=unreachable_pub","--warn=unexpected_cfgs","--warn=single_use_lifetimes","--warn=rust_2018_idioms","--warn=missing_debug_implementations","--check-cfg","cfg(futures_sanitizer)","--cfg","feature=\"alloc\"","--cfg","feature=\"async-await\"","--cfg","feature=\"slab\"","--cfg","feature=\"std\"","--check-cfg","cfg(docsrs,test)","--check-cfg","cfg(feature, values(\"alloc\", \"async-await\", \"async-await-macro\", \"bilock\", \"cfg-target-has-atomic\", \"channel\", \"compat\", \"default\", \"futures-channel\", \"futures-io\", \"futures-macro\", \"futures-sink\", \"futures_01\", \"io\", \"io-compat\", \"libc\", \"memchr\", \"portable-atomic\", \"portable-atomic-alloc\", \"portable-atomic-util\", \"portable_atomic_crate\", \"sink\", \"slab\", \"spin\", \"std\", \"tokio-io\", \"unstable\", \"write-all-vectored\"))","-C","metadata=3e4d0459621f5009","-C","extra-filename=-250b9bad48833936","--out-dir","/home/evidence-user/.local/state/evidence-campaign-20261002/receipts/manager/package-identity-979/current-source-011a7709-preparation/prepared-current-source/final-target/release/deps","-C","strip=debuginfo","-L","dependency=/home/evidence-user/.local/state/evidence-campaign-20261002/receipts/manager/package-identity-979/current-source-011a7709-preparation/prepared-current-source/final-target/release/deps","--extern","futures_core=/home/evidence-user/.local/state/evidence-campaign-20261002/receipts/manager/package-identity-979/current-source-011a7709-preparation/prepared-current-source/final-target/release/deps/libfutures_core-31d290d2b3f04591.rmeta","--extern","futures_task=/home/evidence-user/.local/state/evidence-campaign-20261002/receipts/manager/package-identity-979/current-source-011a7709-preparation/prepared-current-source/final-target/release/deps/libfutures_task-fc93f4e7548a0bfb.rmeta","--extern","pin_project_lite=/home/evidence-user/.local/state/evidence-campaign-20261002/receipts/manager/package-identity-979/current-source-011a7709-preparation/prepared-current-source/final-target/release/deps/libpin_project_lite-8708f2f82bb68f5f.rmeta","--extern","slab=/home/evidence-user/.local/state/evidence-campaign-20261002/receipts/manager/package-identity-979/current-source-011a7709-preparation/prepared-current-source/final-target/release/deps/libslab-41953251c1c8b155.rmeta","--cap-lints","allow"],"attempt":"a05519c13fcff003ebd2aad814e52369","capsule":"6ed1c73bb233f465150939b36d06bdf750c3bb5e3011bdaee780491f16252abd","compiler_unit":"e457657d5dcbc779de9c6887156c70f4a6e2921a18105421aa708993100b721e","input_seal":"89f77a6cc39837709ebd18962c71cb3aeb602ca1e10a9cbf944cd6f993580dcd","package":"futures-util@0.3.34:registry+https://github.com/rust-lang/crates.io-index","process":{"cmdline_sha256":"5c528882c29aa353e94c199fdfa636be7ec773b07ac54caba98fa18bf0a8b620","pid":798286,"start":"87551680"},"products":["/home/evidence-user/.local/state/evidence-campaign-20261002/receipts/manager/package-identity-979/current-source-011a7709-preparation/prepared-current-source/final-target/release/deps/libfutures_util-250b9bad48833936.rlib","/home/evidence-user/.local/state/evidence-campaign-20261002/receipts/manager/package-identity-979/current-source-011a7709-preparation/prepared-current-source/final-target/release/deps/libfutures_util-250b9bad48833936.rmeta"],"role":"68a80da08d5a75ecb774ac378630050acb0239f6c3eba271287d8f677cd293b4","schema":"memra-active-producer-v1","seal":"442c69fbcf335a0f161bf29e27fb5eb1e0a12cdf1d670761f2b7604cffe32f6e"}
