format_version=2
source=/workspace/ministral/nvfp4
revision=local
family=ministral3
support=NativeReference
checkpoint_atol=0.005
checkpoint_rtol=0.005
checkpoint_require_argmax=true
config_sha256=8c35abc33b251dd04dcb4c4a97b4360f16d08be35a39af4e122ce7550b08a343
census_sha256=1654acc8c7182dde6ea798d1e9c2ce2cb1b5dc630e2dbf71da79017187fdd1a9
plan_sha256=35ba7b66e365485f43a4dfd35debd5aeeca668332506276b3a7b4c4c135ffb47
rewrite_manifest_sha256=9f2d78c69d0207a10aaba3e3ffdc4ca7191a4f7d40ffb9a5bfff7822e32595b3
binding=passed
tokenizer=passed
tokenizer_source=TokenizerJson
tokenizer_sha256=99cf274236c60277fcfad861a5a1007518687ad06ba8938760f50b55ffa0b1ef
template_sha256=74eeb55fd3341286ec3fd44e902b7120721acc81cd394e96b431f85e93a1ea56
tensor_count=309
shard=model.safetensors
