format_version=2
source=/data/ai-ml/hf-models/qwen35-9b-nvfp4-gguf/Qwen3.5-9B-NVFP4-MTP-GGUF.gguf
revision=local
family=qwen35
support=NativeReference
checkpoint_atol=0.005
checkpoint_rtol=0.005
checkpoint_require_argmax=true
config_sha256=084e1829b3ecaddc53aa5d87de53ff464e806b3032a7ae8233180eee99015b81
census_sha256=d1ab5a3e193a6d82c6f631b86e24661b20eaa4f6ca25fae30bff2ba3daa05fda
plan_sha256=402f51bbe73b9b5131a397b1db54f8964e0f2f71f6b261068d43f98e569d5741
rewrite_manifest_sha256=d99f35f76fa04d9f6c2cb9cff2e354af7cf054c4226527bd323bfb81a46ac83e
binding=passed
tokenizer=passed
tokenizer_source=GgufMetadata
tokenizer_sha256=a59cf61736d323e802a33675dede48da27e7f7db92f595ae410001613669878e
template_sha256=a4aee8afcf2e0711942cf848899be66016f8d14a889ff9ede07bca099c28f715
tensor_count=668
shard=/data/ai-ml/hf-models/qwen35-9b-nvfp4-gguf/Qwen3.5-9B-NVFP4-MTP-GGUF.gguf
